# Generated by conda-lock.
# platform: osx-arm64
# input_hash: 5f1fd4340a8a3a1eb925bfe77efcbd232f22b52abdba59fd6a6b4ef754229cce
@EXPLICIT
https://repo.anaconda.com/pkgs/main/osx-arm64/aws-c-common-0.11.1-h80987f9_0.conda#be3a3dbc348036216de0f0465e33645d
https://repo.anaconda.com/pkgs/main/osx-arm64/blas-1.0-openblas.conda#082557147829a904fa986cb86dd1e45a
https://repo.anaconda.com/pkgs/main/osx-arm64/bzip2-1.0.8-h80987f9_6.conda#27a1ffbd30ff6427c112a733410e2f57
https://repo.anaconda.com/pkgs/main/osx-arm64/c-ares-1.19.1-h80987f9_0.conda#0c6c92129aee2de12bf560f896f1e682
https://repo.anaconda.com/pkgs/main/osx-arm64/ca-certificates-2025.11.4-hca03da5_0.conda#019b1f15d967aab6fc2f79e2e8b808e8
https://repo.anaconda.com/pkgs/main/osx-arm64/libbrotlicommon-1.0.9-h80987f9_9.conda#b54dd6d9ba7a4fd707601a9abd23c754
https://repo.anaconda.com/pkgs/main/osx-arm64/libcxx-17.0.6-he5c5206_4.conda#314284caf93ef46528ece4abf8421cb7
https://repo.anaconda.com/pkgs/main/osx-arm64/libev-4.33-h1a28f6b_1.conda#00cac99189c361c3b2cbf506ae6cc718
https://repo.anaconda.com/pkgs/main/osx-arm64/libiconv-1.16-h80987f9_3.conda#24d4c203eea2edc73ed37b3521b02ef6
https://repo.anaconda.com/pkgs/main/osx-arm64/libsodium-1.0.18-h1a28f6b_0.conda#c3872d57624b5db1397b5381fa26743b
https://repo.anaconda.com/pkgs/main/osx-arm64/llvm-openmp-17.0.6-h2f17746_0.conda#5e958eb1ab7c5b410f1a26a207d15916
https://repo.anaconda.com/pkgs/main/osx-arm64/python_abi-3.11-1_cp311.conda#877d71fd44bb170111af3c73d1fc6bb2
https://repo.anaconda.com/pkgs/main/noarch/tzdata-2025b-h04d1e81_0.conda#1d027393db3427ab22a02aa44a56f143
https://repo.anaconda.com/pkgs/main/osx-arm64/utf8proc-2.6.1-h80987f9_1.conda#5f09e26f39ec8531953913f9194cedbb
https://repo.anaconda.com/pkgs/main/osx-arm64/yaml-0.2.5-h1a28f6b_0.conda#23a9bda10db68f27fac5c379466c98b7
https://repo.anaconda.com/pkgs/main/osx-arm64/aws-c-cal-0.8.5-h80987f9_0.conda#72049d961156403d3d827459f3d5adfb
https://repo.anaconda.com/pkgs/main/osx-arm64/aws-c-compression-0.3.1-h80987f9_0.conda#5a34a978bea8c516498f85905867646c
https://repo.anaconda.com/pkgs/main/osx-arm64/aws-c-sdkutils-0.2.3-h80987f9_0.conda#4870dee3527378191be0c161fc25c512
https://repo.anaconda.com/pkgs/main/osx-arm64/aws-checksums-0.2.3-h80987f9_0.conda#8a5ed17a09ec2478d55fdfc83805ec2d
https://repo.anaconda.com/pkgs/main/osx-arm64/gflags-2.2.2-h313beb8_1.conda#8b7ebeae53d1e665baebba713bb18b3b
https://repo.anaconda.com/pkgs/main/osx-arm64/icu-73.1-h313beb8_0.conda#0549586b2838067c209114998ed312ed
https://repo.anaconda.com/pkgs/main/osx-arm64/libabseil-20250127.0-cxx17_h313beb8_0.conda#0a09259c8b12682e6c220c60b33c6a86
https://repo.anaconda.com/pkgs/main/osx-arm64/libbrotlidec-1.0.9-h80987f9_9.conda#041a5ffdd9ae30008c21f5d526dd7a6e
https://repo.anaconda.com/pkgs/main/osx-arm64/libbrotlienc-1.0.9-h80987f9_9.conda#225b727fd5900708b032b94d484ab166
https://conda.anaconda.org/conda-forge/osx-arm64/libexpat-2.7.3-haf25636_0.conda#b79875dbb5b1db9a4a22a4520f918e1a
https://conda.anaconda.org/conda-forge/osx-arm64/libffi-3.5.2-he5f378a_0.conda#411ff7cd5d1472bba0f55c0faf04453b
https://repo.anaconda.com/pkgs/main/osx-arm64/libgfortran5-15.2.0-hb654fa1_1.conda#f8c6fe3676f16600a1f4a3acd37d9380
https://conda.anaconda.org/conda-forge/osx-arm64/liblzma-5.8.1-h39f12f2_2.conda#d6df911d4564d77c4374b02552cb17d1
https://conda.anaconda.org/conda-forge/osx-arm64/libzlib-1.3.1-h8359307_2.conda#369964e85dc26bfe78f41399b366c435
https://repo.anaconda.com/pkgs/main/osx-arm64/lz4-c-1.9.4-h313beb8_1.conda#82202ff2e94bc301fd9c790556506bb7
https://conda.anaconda.org/conda-forge/osx-arm64/ncurses-6.5-h5e97a16_3.conda#068d497125e4bf8a66bf707254fff5ae
https://conda.anaconda.org/conda-forge/osx-arm64/openssl-3.6.0-h5503f6c_0.conda#b34dc4172653c13dcf453862f251af2b
https://repo.anaconda.com/pkgs/main/osx-arm64/snappy-1.2.1-h313beb8_0.conda#ac3d5430c8827ef7ad2e58e205f58bc7
https://repo.anaconda.com/pkgs/main/osx-arm64/zeromq-4.3.5-h313beb8_0.conda#27bba9d479bd0a5ac0555ff2f2076245
https://repo.anaconda.com/pkgs/main/osx-arm64/aws-c-io-0.17.0-h80987f9_0.conda#9ff092f66aea8c23f610205cb42da70a
https://repo.anaconda.com/pkgs/main/osx-arm64/glog-0.5.0-h313beb8_1.conda#1d731ea9977124fe77fd304b20b6c437
https://repo.anaconda.com/pkgs/main/osx-arm64/libedit-3.1.20230828-h80987f9_0.conda#18a06026af4782b6557d4ff94d1a7177
https://repo.anaconda.com/pkgs/main/osx-arm64/libevent-2.1.12-h02f6b3c_1.conda#95a45e0c0f91f61832d6dee0566b4277
https://conda.anaconda.org/conda-forge/osx-arm64/liblzma-devel-5.8.1-h39f12f2_2.conda#1201137f1a5ec9556032ffc04dcdde8d
https://repo.anaconda.com/pkgs/main/osx-arm64/libopenblas-0.3.29-hea593b9_0.conda#5ad0ecf0ac48d1453e16ab8fe1b42925
https://repo.anaconda.com/pkgs/main/osx-arm64/libre2-11-2024.07.02-h313beb8_0.conda#eaa53666cf7bc8ebb12f027148474d6c
https://conda.anaconda.org/conda-forge/osx-arm64/libsqlite-3.51.0-h9a5124b_0.conda#07ad12e3c79ada758de06548b9a2d329
https://repo.anaconda.com/pkgs/main/osx-arm64/readline-8.2-h1a28f6b_0.conda#8e3d8eb62e32065d41fad9a83a901254
https://conda.anaconda.org/conda-forge/osx-arm64/xz-gpl-tools-5.8.1-h9a6d368_2.conda#09b1442c1d49ac7c5f758c44695e77d1
https://conda.anaconda.org/conda-forge/osx-arm64/xz-tools-5.8.1-h39f12f2_2.conda#37996935aa33138fca43e4b4563b6a28
https://conda.anaconda.org/conda-forge/osx-arm64/zlib-1.3.1-h8359307_2.conda#e3170d898ca6cb48f1bb567afb92f775
https://repo.anaconda.com/pkgs/main/osx-arm64/aws-c-event-stream-0.5.4-h313beb8_0.conda#81d56b4809acf38177f0c293689b44bc
https://repo.anaconda.com/pkgs/main/osx-arm64/aws-c-http-0.9.3-h80987f9_0.conda#4dbd92fc2e6420637e94f99f33d2d52a
https://repo.anaconda.com/pkgs/main/osx-arm64/krb5-1.21.3-hf3e1bf2_0.conda#e0f9b0cd473603ab79a64a6c9c7931f5
https://repo.anaconda.com/pkgs/main/osx-arm64/libnghttp2-1.57.0-h62f6fdd_0.conda#32eac5d9a166c3cbce9b6dfef765b138
https://repo.anaconda.com/pkgs/main/osx-arm64/libprotobuf-5.29.3-h14f15fd_1.conda#e8243b37ee36d21afb88c96dc9096cfc
https://repo.anaconda.com/pkgs/main/osx-arm64/libssh2-1.11.1-h3e2b118_0.conda#b5aa2854a5872c57538743b4a85a731d
https://repo.anaconda.com/pkgs/main/osx-arm64/re2-2024.07.02-h48ca7d4_0.conda#aed3f34a2787a82a696d3db37362e91a
https://repo.anaconda.com/pkgs/main/osx-arm64/tk-8.6.14-h6ba3021_1.conda#3dd6d73dac5c9b446c0784c68942b6f6
https://conda.anaconda.org/conda-forge/osx-arm64/xz-5.8.1-h9a6d368_2.conda#39435c82e5a007ef64cbb153ecc40cfd
https://repo.anaconda.com/pkgs/main/osx-arm64/aws-c-auth-0.8.5-h80987f9_0.conda#7ef6a112f7ac73a130defacf1eb5f5ba
https://repo.anaconda.com/pkgs/main/osx-arm64/aws-c-mqtt-0.12.2-h80987f9_0.conda#3d67c05363bfc36eee4966d8c8e33a1f
https://repo.anaconda.com/pkgs/main/osx-arm64/libgrpc-1.71.0-h62f6fdd_0.conda#f99b047e39b219c524efcdd6b17ca598
https://conda.anaconda.org/conda-forge/osx-arm64/python-3.11.14-h18782d2_2_cpython.conda#da948e6cd735249ab4cfbb3fdede785e
https://repo.anaconda.com/pkgs/main/osx-arm64/zstd-1.5.6-hfb09047_0.conda#94c4de9ee706e85c3558444bd8516f76
https://repo.anaconda.com/pkgs/main/osx-arm64/annotated-types-0.6.0-py311hca03da5_1.conda#b172c6d809dbf9bf326dec0272e5d072
https://repo.anaconda.com/pkgs/main/noarch/appdirs-1.4.4-pyhd3eb1b0_0.conda#5673d98d06171cb6eed03a6736845c4d
https://repo.anaconda.com/pkgs/main/osx-arm64/appnope-0.1.4-py311hca03da5_0.conda#ad758fa5dec993fd0b1e9ffb36e7ed73
https://repo.anaconda.com/pkgs/main/osx-arm64/asttokens-3.0.0-py311hca03da5_0.conda#df82847465c290f7c426a5f85df86956
https://repo.anaconda.com/pkgs/main/osx-arm64/attrs-25.4.0-py311hca03da5_2.conda#79c278cd85446be0f90c6dec482de5db
https://repo.anaconda.com/pkgs/main/osx-arm64/aws-c-s3-0.7.11-h80987f9_0.conda#7fea21fa66de5c7003caab43c40515c3
https://repo.anaconda.com/pkgs/main/osx-arm64/backports.tarfile-1.2.0-py311hca03da5_0.conda#42133bded456e641ee29affa2bcb6b89
https://repo.anaconda.com/pkgs/main/osx-arm64/boltons-25.0.0-py311hca03da5_0.conda#fe864fdb7fcabed74aa74d5181c9b504
https://repo.anaconda.com/pkgs/main/osx-arm64/certifi-2025.11.12-py311hca03da5_0.conda#47bb940f854ffed37837c6750341cf83
https://repo.anaconda.com/pkgs/main/osx-arm64/charset-normalizer-3.4.4-py311hca03da5_0.conda#54e0c13e949caf6ce80c1887a2d40547
https://repo.anaconda.com/pkgs/main/osx-arm64/click-8.2.1-py311hca03da5_0.conda#ab756e853535dff3959f67d150fb1924
https://repo.anaconda.com/pkgs/main/osx-arm64/comm-0.2.3-py311hca03da5_0.conda#aee2c584edb78b9e0faa4f679d0ca63e
https://repo.anaconda.com/pkgs/main/osx-arm64/crashtest-0.4.1-py311hca03da5_1.conda#94476f191020b2e0b35cbd7a832e20cf
https://repo.anaconda.com/pkgs/main/osx-arm64/debugpy-1.8.11-py311h313beb8_0.conda#09b942fa91cc6942547a978dadc9de63
https://repo.anaconda.com/pkgs/main/osx-arm64/decorator-5.2.1-py311hca03da5_0.conda#1e08d2f25ecf4d110500224f709326bf
https://repo.anaconda.com/pkgs/main/osx-arm64/distlib-0.3.8-py311hca03da5_0.conda#c07561c4b6f4b51c2c736fd217cdb1fe
https://repo.anaconda.com/pkgs/main/osx-arm64/executing-2.2.1-py311hca03da5_0.conda#6c97e253fe75c408e709beeba156e640
https://repo.anaconda.com/pkgs/main/osx-arm64/filelock-3.20.0-py311hca03da5_0.conda#f35d133e5e129d1b058c8cda2e6e81ff
https://repo.anaconda.com/pkgs/main/osx-arm64/idna-3.11-py311hca03da5_0.conda#c5888839c406b9a21dab92ec7af819e3
https://repo.anaconda.com/pkgs/main/osx-arm64/jupyterlab_widgets-3.0.15-py311hca03da5_0.conda#6741070ad9f0c0de9e695af8e5c112b5
https://repo.anaconda.com/pkgs/main/osx-arm64/libboost-1.82.0-h0bc93f9_2.conda#c9a933ae1ee5eef10ab5076cacb99b73
https://repo.anaconda.com/pkgs/main/osx-arm64/libcurl-8.14.1-hb586df2_0.conda#71c37bfebee69f25abfb693f774f0d52
https://repo.anaconda.com/pkgs/main/osx-arm64/markupsafe-3.0.2-py311h80987f9_0.conda#8be2d9af857523700d3301d341d26ee0
https://repo.anaconda.com/pkgs/main/osx-arm64/more-itertools-10.8.0-py311hca03da5_0.conda#a81e2b325499e294e1d126587ad5ba0c
https://repo.anaconda.com/pkgs/main/osx-arm64/msgpack-python-1.1.1-py311h313beb8_0.conda#139cdeb323610cebe82fd7fc91acddd0
https://repo.anaconda.com/pkgs/main/osx-arm64/narwhals-2.7.0-py311hca03da5_0.conda#07d282951cc44cd0967fcbe5942c6ddb
https://repo.anaconda.com/pkgs/main/osx-arm64/nest-asyncio-1.6.0-py311hca03da5_0.conda#dedd85eec07b9cfa3a05293ffd930295
https://repo.anaconda.com/pkgs/main/osx-arm64/numpy-base-2.3.1-py311he1c501e_0.conda#1866a61a1b1e815066902d25786a833d
https://repo.anaconda.com/pkgs/main/osx-arm64/orc-2.1.1-h55d209b_0.conda#3cb4ecfe88022930d07d33c0433041e1
https://repo.anaconda.com/pkgs/main/osx-arm64/packaging-25.0-py311hca03da5_1.conda#ab6d5da7a740bdb4fd888585eec26b21
https://repo.anaconda.com/pkgs/main/osx-arm64/parso-0.8.5-py311hca03da5_0.conda#471417079e8bcfdaae1c3fd70032340f
https://repo.anaconda.com/pkgs/main/osx-arm64/pkginfo-1.12.0-py311hca03da5_0.conda#2352425c06790f8511dfddb53f1341b6
https://repo.anaconda.com/pkgs/main/osx-arm64/platformdirs-4.5.0-py311hca03da5_0.conda#f00d69716b4e3f10f40270971086ca54
https://repo.anaconda.com/pkgs/main/osx-arm64/psutil-5.9.0-py311h80987f9_1.conda#d7961b99eaa13d117e838991330fdd5c
https://repo.anaconda.com/pkgs/main/noarch/ptyprocess-0.7.0-pyhd3eb1b0_3.conda#f50f8c0bccb614213191c4aaa854e76f
https://repo.anaconda.com/pkgs/main/osx-arm64/pure_eval-0.2.3-py311hca03da5_0.conda#f557cb54ab4f07ac0d76468daa374436
https://repo.anaconda.com/pkgs/main/osx-arm64/pycparser-2.23-py311hca03da5_0.conda#c0c1981a81ed4e32436e15d5a891bc59
https://repo.anaconda.com/pkgs/main/osx-arm64/pygments-2.19.2-py311hca03da5_0.conda#29910a63dc90774eb47924bcf31b0453
https://repo.anaconda.com/pkgs/main/osx-arm64/pyproject_hooks-1.2.0-py311hca03da5_1.conda#d1cd7e410452ea7ae1e47cdaeac5293e
https://repo.anaconda.com/pkgs/main/osx-arm64/pysocks-1.7.1-py311hca03da5_1.conda#b5cabe5d19484bdebec20c79bd98ca3b
https://repo.anaconda.com/pkgs/main/osx-arm64/python-fastjsonschema-2.21.2-py311hca03da5_0.conda#d747daae25154f6d3aeafdb6d095d273
https://repo.anaconda.com/pkgs/main/noarch/python-installer-0.7.0-pyhd3eb1b0_1.conda#e6e9eebc3f5a566edd993f3de7f21e01
https://repo.anaconda.com/pkgs/main/noarch/python-tzdata-2025.2-pyhd3eb1b0_0.conda#5ac858f05dbf9d3cdb04d53516901247
https://repo.anaconda.com/pkgs/main/osx-arm64/pytz-2025.2-py311hca03da5_0.conda#b681d292c7e67b8f8a14392d5427e455
https://repo.anaconda.com/pkgs/main/osx-arm64/pyyaml-6.0.2-py311h80987f9_0.conda#316e3dbcc0b05e62241a7c983580c7a7
https://repo.anaconda.com/pkgs/main/osx-arm64/pyzmq-26.2.0-py311h313beb8_0.conda#f388b3a6a8f30eb6a67b4a53dd13c3fb
https://repo.anaconda.com/pkgs/main/osx-arm64/rpds-py-0.22.3-py311h2aea54e_0.conda#9ebc7946da948095f02e6372fbc6b1e5
https://repo.anaconda.com/pkgs/main/osx-arm64/ruamel.yaml.clib-0.2.12-py311h80987f9_0.conda#17ab5a39c08cb45cd627c28300c3ca7b
https://repo.anaconda.com/pkgs/main/osx-arm64/semver-3.0.4-py311hca03da5_0.conda#51f2e1a4d81e66149d757a3cca1ad7fd
https://repo.anaconda.com/pkgs/main/osx-arm64/setuptools-72.1.0-py311hca03da5_0.conda#1c4b97a22c987ee64774969521f79e13
https://repo.anaconda.com/pkgs/main/osx-arm64/shellingham-1.5.4-py311hca03da5_0.conda#5052838c38f968c321ef7afebb5647e5
https://repo.anaconda.com/pkgs/main/osx-arm64/six-1.17.0-py311hca03da5_0.conda#9a9f426f95cdb690b2226ee3f418d2da
https://repo.anaconda.com/pkgs/main/osx-arm64/smmap-5.0.2-py311hca03da5_0.conda#95f3ec5e0478bd8d7041d3795c4fa0a4
https://repo.anaconda.com/pkgs/main/osx-arm64/tomlkit-0.13.3-py311hca03da5_0.conda#c54ab15748dc2fb12a626268fafe875f
https://repo.anaconda.com/pkgs/main/osx-arm64/tornado-6.5.1-py311h80987f9_0.conda#d68213987d18a6e6bc33c58f264db130
https://repo.anaconda.com/pkgs/main/osx-arm64/traitlets-5.14.3-py311hca03da5_0.conda#cf2663611375c7bc300da50a76bfc5d6
https://repo.anaconda.com/pkgs/main/osx-arm64/trove-classifiers-2025.5.9.12-py311hca03da5_0.conda#021c2eb01a9037d8f3826eb8eccdab01
https://repo.anaconda.com/pkgs/main/osx-arm64/typing_extensions-4.15.0-py311hca03da5_0.conda#f213b9f0544e6a8e376f0e587a2fcde5
https://conda.anaconda.org/conda-forge/osx-arm64/vl-convert-python-1.8.0-py311h9408147_1.conda#513bd2e51cafc0fa6c48e8438dae5b52
https://repo.anaconda.com/pkgs/main/osx-arm64/wcwidth-0.2.13-py311hca03da5_0.conda#701fa672201c943cdfbbe07cfab7465b
https://repo.anaconda.com/pkgs/main/osx-arm64/wheel-0.45.1-py311hca03da5_0.conda#4470de7e3f40c084457285b0c6c4f2de
https://repo.anaconda.com/pkgs/main/osx-arm64/widgetsnbextension-4.0.14-py311hca03da5_0.conda#9bb97370fbedfbe664e6f1331c82a38d
https://repo.anaconda.com/pkgs/main/osx-arm64/wrapt-1.17.0-py311h80987f9_0.conda#434365a91ea12a884c5ec9cc9c2004dc
https://repo.anaconda.com/pkgs/main/osx-arm64/xyzservices-2025.4.0-py311hca03da5_0.conda#5ebb9e68c6e5e1fe212a22e144ccf751
https://repo.anaconda.com/pkgs/main/osx-arm64/zipp-3.23.0-py311hca03da5_0.conda#7dc4f06fb9e8a9c16da1fde58b9da21b
https://conda.anaconda.org/conda-forge/osx-arm64/arro3-core-0.6.5-py311h0f0954d_0.conda#bb44fbdefee504537f3add7c6561c95a
https://repo.anaconda.com/pkgs/main/osx-arm64/aws-crt-cpp-0.31.0-h313beb8_0.conda#5d215612987d9ef4c8e083a8c82763eb
https://repo.anaconda.com/pkgs/main/osx-arm64/boost-cpp-1.82.0-h48ca7d4_2.conda#46e51d0bbbdf5da6b626c50f5c983c90
https://repo.anaconda.com/pkgs/main/osx-arm64/cffi-1.17.1-py311h3eb5a62_1.conda#465c6c0165c002cff43ec45aba4f0509
https://repo.anaconda.com/pkgs/main/osx-arm64/click-default-group-1.2.2-py311hca03da5_0.conda#b0847d8131caa758aa4d66bff5fb4340
https://repo.anaconda.com/pkgs/main/osx-arm64/gitdb-4.0.12-py311hca03da5_0.conda#e28dffd276e61bb9ba38d433c9391d7d
https://repo.anaconda.com/pkgs/main/osx-arm64/importlib-metadata-8.7.0-py311hca03da5_0.conda#16c1f79f1d4f6c703e50f042d7fcfebb
https://repo.anaconda.com/pkgs/main/osx-arm64/ipython_pygments_lexers-1.1.1-py311hca03da5_0.conda#12e99af1459cd9ba8765e7c5d89f2c7a
https://repo.anaconda.com/pkgs/main/osx-arm64/jaraco.classes-3.4.0-py311hca03da5_0.conda#63547488ee3a80cef98418052cbf1ba0
https://repo.anaconda.com/pkgs/main/osx-arm64/jaraco.context-6.0.0-py311hca03da5_0.conda#12c5eac024a100d1c3766c6cf13a616d
https://repo.anaconda.com/pkgs/main/osx-arm64/jaraco.functools-4.1.0-py311hca03da5_0.conda#0af90454c940f47a01be19c6b9c7ef03
https://repo.anaconda.com/pkgs/main/osx-arm64/jedi-0.19.2-py311hca03da5_0.conda#269ef41c8ed393ba00f1260516375167
https://repo.anaconda.com/pkgs/main/osx-arm64/jinja2-3.1.6-py311hca03da5_0.conda#7bb5fcd3a947436c286ca14858bc0cd4
https://repo.anaconda.com/pkgs/main/osx-arm64/jupyter_core-5.8.1-py311hca03da5_0.conda#454a05c914913376a966f0b8a440fe1e
https://repo.anaconda.com/pkgs/main/osx-arm64/matplotlib-inline-0.2.1-py311hca03da5_0.conda#e6c6455fed67791d6df30e6b768cbc66
https://conda.anaconda.org/conda-forge/noarch/mercantile-1.2.1-pyhd8ed1ab_1.conda#9820756deea38bd213240fd0556d44b8
https://repo.anaconda.com/pkgs/main/osx-arm64/numpy-2.3.1-py311hc3f7a0e_0.conda#1820c167a2cc6b58c8c35aa7d5243b7c
https://repo.anaconda.com/pkgs/main/osx-arm64/pexpect-4.9.0-py311hca03da5_1.conda#369d581f8db766faa6237dcde247301b
https://repo.anaconda.com/pkgs/main/noarch/pip-25.3-pyhc872135_0.conda#f713912a259ec613b3832c3bc842e9d4
https://repo.anaconda.com/pkgs/main/osx-arm64/prompt-toolkit-3.0.52-py311hca03da5_1.conda#f6e3cb49fe120687406dea55cad1bcdf
https://repo.anaconda.com/pkgs/main/osx-arm64/psygnal-0.12.0-py311hca03da5_0.conda#bccac63f51a627ca1a4be70185de9bc3
https://repo.anaconda.com/pkgs/main/osx-arm64/python-build-1.3.0-py311hca03da5_1.conda#38418d935f9c1183b2688d342b9162ce
https://repo.anaconda.com/pkgs/main/osx-arm64/python-dateutil-2.9.0post0-py311hca03da5_2.conda#6c2442c523b62b964ab1b701912e0c53
https://repo.anaconda.com/pkgs/main/osx-arm64/referencing-0.37.0-py311hca03da5_0.conda#ce95ac952b02a69eea414b79fc6ee6a6
https://repo.anaconda.com/pkgs/main/osx-arm64/ruamel.yaml-0.18.10-py311h80987f9_0.conda#ea4c7fb39ecddd9f92ceae420b1b027d
https://repo.anaconda.com/pkgs/main/osx-arm64/stack_data-0.6.3-py311hca03da5_0.conda#e316054681f817b94c7bb193d711f2b0
https://repo.anaconda.com/pkgs/main/osx-arm64/typing-extensions-4.15.0-py311hca03da5_0.conda#9c9457e1d3a76fea3b85a3cd1d56cc05
https://repo.anaconda.com/pkgs/main/osx-arm64/typing-inspection-0.4.2-py311hca03da5_0.conda#aaab8309c1c52b9626b4619949bf688e
https://repo.anaconda.com/pkgs/main/osx-arm64/virtualenv-20.28.0-py311hca03da5_0.conda#dddc4fbfd9fe920430ceef2a3f162d75
https://repo.anaconda.com/pkgs/main/osx-arm64/aws-sdk-cpp-1.11.528-hdd7fb2f_0.conda#a475471a16fcbf69d96b8fb88eafabaa
https://repo.anaconda.com/pkgs/main/osx-arm64/bottleneck-1.4.2-py311hb9f6ed7_0.conda#ac02242c794d79ce0b046ed4114ceca8
https://repo.anaconda.com/pkgs/main/osx-arm64/brotlicffi-1.0.9.2-py311h313beb8_1.conda#3d05cf79f010f5cfea3570cb24ca9834
https://repo.anaconda.com/pkgs/main/osx-arm64/gitpython-3.1.45-py311hca03da5_0.conda#5d75b99a703f7f7c73c3fb91d128b593
https://repo.anaconda.com/pkgs/main/osx-arm64/jsonschema-specifications-2025.9.1-py311hca03da5_0.conda#578cfa37cee05cdff1b4c53a1a0b34b9
https://repo.anaconda.com/pkgs/main/osx-arm64/jupyter_client-8.6.3-py311hca03da5_1.conda#8a518e4300b0e993985f0210047e186c
https://repo.anaconda.com/pkgs/main/osx-arm64/keyring-25.7.0-py311hca03da5_0.conda#cbeea699107168628a91104f197744a8
https://repo.anaconda.com/pkgs/main/osx-arm64/libthrift-0.15.0-h73c2103_2.conda#b04849737ad70780a050bbbecf1ca361
https://repo.anaconda.com/pkgs/main/osx-arm64/numexpr-2.10.1-py311h5d9532f_0.conda#8007db8cf94c36f5c50620c9a6aac687
https://repo.anaconda.com/pkgs/main/noarch/prompt_toolkit-3.0.52-hd3eb1b0_1.conda#446203e5c534c79b7f50c217c76dd460
https://conda.anaconda.org/conda-forge/osx-arm64/pydantic-core-2.41.5-py311h71babbd_1.conda#1cde74932ed3f0472c89406f1b8df631
https://conda.anaconda.org/conda-forge/osx-arm64/vegafusion-2.0.2-py311hce63ec1_1.conda#86d809bb98e397cca8db45ef237de017
https://repo.anaconda.com/pkgs/main/osx-arm64/xattr-1.1.4-py311h80987f9_0.conda#d954d7f28db0dfaecf78979d4c222d0f
https://repo.anaconda.com/pkgs/main/osx-arm64/zstandard-0.23.0-py311h1a4646a_1.conda#30cd79c3825bc35d32164a776f76b313
https://repo.anaconda.com/pkgs/main/osx-arm64/arrow-cpp-19.0.0-h49da57b_3.conda#2363a4183d77aeee6afc73d1f9bac002
https://repo.anaconda.com/pkgs/main/osx-arm64/ipython-9.7.0-py311hca03da5_0.conda#adf146cf4ad2c967c32ed7a818421115
https://repo.anaconda.com/pkgs/main/osx-arm64/jsonschema-4.25.0-py311hca03da5_1.conda#78cc23d13379823e6f15b91d5704edc3
https://repo.anaconda.com/pkgs/main/osx-arm64/pandas-2.2.3-py311hcf29cfe_0.conda#433bf720c9b5422e65ec49840727bfa9
https://repo.anaconda.com/pkgs/main/osx-arm64/pydantic-2.12.4-py311hca03da5_0.conda#6d5234a70ba9e16ad5bea10d95bc4924
https://repo.anaconda.com/pkgs/main/osx-arm64/urllib3-2.5.0-py311hca03da5_0.conda#19f27a1de999e2ecca17bb2852a9eb1d
https://conda.anaconda.org/conda-forge/noarch/altair-5.5.0-pyhd8ed1ab_1.conda#e54e67e5aea7288ba110cf685252f599
https://repo.anaconda.com/pkgs/main/osx-arm64/dulwich-0.22.7-py311h2aea54e_0.conda#bc948981ba0e7042a4f91207a2a04fb9
https://repo.anaconda.com/pkgs/main/osx-arm64/ipykernel-6.31.0-py311h7eb115d_0.conda#57819ac4821cd937d5e3160900b29da2
https://repo.anaconda.com/pkgs/main/osx-arm64/ipywidgets-8.1.7-py311hca03da5_0.conda#709fbaecfe1cc556a16b80f0a3159cb6
https://repo.anaconda.com/pkgs/main/osx-arm64/pyarrow-19.0.0-py311h313beb8_1.conda#9774df92b10d1755d12b85675763a797
https://repo.anaconda.com/pkgs/main/osx-arm64/requests-2.32.5-py311hca03da5_1.conda#74259910f61d768a120f839b0fc31498
https://conda.anaconda.org/conda-forge/noarch/altair_tiles-0.4.0-pyhd8ed1ab_0.conda#591c8aed9f840a2a17202f2b9f93329b
https://repo.anaconda.com/pkgs/main/osx-arm64/anywidget-0.9.18-py311hca03da5_0.conda#147eefd92fa9c2fce8642b8b4edaa44a
https://repo.anaconda.com/pkgs/main/osx-arm64/cachecontrol-0.14.3-py311hca03da5_0.conda#1c416d482f4c361bf9c4c11334210e2c
https://repo.anaconda.com/pkgs/main/osx-arm64/ensureconda-1.4.7-py311hca03da5_0.conda#d0b9bbf673101dce93da296712b2eb76
https://repo.anaconda.com/pkgs/main/osx-arm64/requests-toolbelt-1.0.0-py311hca03da5_0.conda#ddabcd008194ed8e6244bae8664eda62
https://conda.anaconda.org/conda-forge/noarch/altair-all-5.5.0-pyhd8ed1ab_1.conda#d73d86467c972d96696fe122aff9e418
https://repo.anaconda.com/pkgs/main/osx-arm64/cachecontrol-with-filecache-0.14.3-py311hca03da5_0.conda#46375ea2512beb753e9cad46943cea4e
https://repo.anaconda.com/pkgs/main/osx-arm64/conda-lock-3.0.4-py311hca03da5_0.conda#26ac6cf5d1537b101e3fccf1176b5f09
