# Generated by conda-lock.
# platform: osx-64
# input_hash: 29c8f71dd2de3154cb27f3271bcfa2d2e05cdd06b6d11ec7c59415dd4d643fd7
@EXPLICIT
https://repo.anaconda.com/pkgs/main/osx-64/bzip2-1.0.8-h6c40b1e_6.conda#96224786021d0765ce05818fa3c59bdb
https://repo.anaconda.com/pkgs/main/osx-64/ca-certificates-2025.7.15-hecd8cb5_0.conda#ea4972f40e8b15965ef0cea7f9bdfd06
https://repo.anaconda.com/pkgs/main/osx-64/libev-4.33-h9ed2024_1.conda#ffb0ee08779a6ccb4706b72523712cb7
https://repo.anaconda.com/pkgs/main/osx-64/libmpdec-4.0.0-h46256e1_0.conda#0dd8a0c2be2e6ae5fdad8e45992bd86b
https://conda.anaconda.org/conda-forge/osx-64/libopentelemetry-cpp-headers-1.21.0-h694c41f_1.conda#62636543478d53b28c1fc5efce346622
https://repo.anaconda.com/pkgs/main/osx-64/libsodium-1.0.18-h1de35cc_0.conda#dc65d21181274fa72d5eea2ba9cc1c35
https://repo.anaconda.com/pkgs/main/osx-64/nlohmann_json-3.11.2-hcec6c5f_0.conda#db1d89ad80df127978e96dd7936ce89f
https://repo.anaconda.com/pkgs/main/osx-64/python_abi-3.14-0_cp314.conda#ce3672820777659f221c205e0dc33eab
https://repo.anaconda.com/pkgs/main/noarch/tzdata-2025b-h04d1e81_0.conda#1d027393db3427ab22a02aa44a56f143
https://repo.anaconda.com/pkgs/main/osx-64/yaml-0.2.5-haf1e3a3_0.conda#73628ed86f99adf6a0cb81dd20e426cd
https://conda.anaconda.org/conda-forge/osx-64/aws-c-common-0.12.5-h8616949_1.conda#305811c179c589d43cd2cfc9c79e5614
https://conda.anaconda.org/conda-forge/osx-64/c-ares-1.34.5-hf13058a_0.conda#eafe5d9f1a8c514afe41e6e833f66dfd
https://conda.anaconda.org/conda-forge/osx-64/libbrotlicommon-1.2.0-h8616949_1.conda#f157c098841474579569c85a60ece586
https://repo.anaconda.com/pkgs/main/osx-64/libcxx-19.1.7-haebbb44_3.conda#8a120c6c6b14e22156e66d72da61f59e
https://conda.anaconda.org/conda-forge/osx-64/libexpat-2.7.3-heffb93a_0.conda#222e0732a1d0780a622926265bee14ef
https://conda.anaconda.org/conda-forge/osx-64/libffi-3.5.2-h750e83c_0.conda#d214916b24c625bcc459b245d509f22e
https://conda.anaconda.org/conda-forge/osx-64/libiconv-1.18-h57a12c2_2.conda#210a85a1119f97ea7887188d176db135
https://conda.anaconda.org/conda-forge/osx-64/liblzma-5.8.1-hd471939_2.conda#8468beea04b9065b9807fc8b9cdc5894
https://conda.anaconda.org/conda-forge/osx-64/libutf8proc-2.11.2-h7983711_0.conda#e630b1baa02a5eeb0ef351c6125865c4
https://conda.anaconda.org/conda-forge/osx-64/libzlib-1.3.1-hd23fc13_2.conda#003a54a4e32b02f7355b50a837e699da
https://repo.anaconda.com/pkgs/main/osx-64/llvm-openmp-19.1.7-h5048363_2.conda#361bf9fcb8ace439b73b3e6c2cc78688
https://repo.anaconda.com/pkgs/main/osx-64/lmdb-0.9.31-hc8b0dd6_0.conda#d385f2b62ab0b1ff12fb70e9fbeda19b
https://repo.anaconda.com/pkgs/main/osx-64/ncurses-6.5-h923df54_0.conda#344eea75f2dc4bdbbe0ee4a263b4b103
https://conda.anaconda.org/conda-forge/osx-64/openssl-3.6.0-h230baf5_0.conda#3f50cdf9a97d0280655758b735781096
https://conda.anaconda.org/conda-forge/osx-64/_openmp_mutex-4.5-7_kmp_llvm.conda#eaac87c21aff3ed21ad9656697bb8326
https://conda.anaconda.org/conda-forge/osx-64/aws-c-cal-0.9.10-h6b06ba2_1.conda#dde787691f56ea7f38ef7a8320dbe443
https://conda.anaconda.org/conda-forge/osx-64/aws-c-compression-0.3.1-h7df70e9_8.conda#e80fc40b09b24a964df1a27d76162a4f
https://conda.anaconda.org/conda-forge/osx-64/aws-c-sdkutils-0.2.4-h7df70e9_3.conda#542b06622aa7982c2109b175bd97c20a
https://conda.anaconda.org/conda-forge/osx-64/aws-checksums-0.2.7-h7df70e9_4.conda#def63445d08ca87ffd5640123b1251a9
https://repo.anaconda.com/pkgs/main/osx-64/gflags-2.2.2-hcec6c5f_1.conda#808789755c4f147aa08c1dc8d2ca593e
https://conda.anaconda.org/conda-forge/osx-64/libabseil-20250512.1-cxx17_hfc00f1c_0.conda#ddf1acaed2276c7eb9d3c76b49699a11
https://conda.anaconda.org/conda-forge/osx-64/libbrotlidec-1.2.0-h8616949_1.conda#63186ac7a8a24b3528b4b14f21c03f54
https://conda.anaconda.org/conda-forge/osx-64/libbrotlienc-1.2.0-h8616949_1.conda#12a58fd3fc285ce20cf20edf21a0ff8f
https://repo.anaconda.com/pkgs/main/osx-64/libcrc32c-1.1.2-he9d5cce_0.conda#83dc7c88128d082a1c6347c49d2c638b
https://repo.anaconda.com/pkgs/main/osx-64/libedit-3.1.20230828-h6c40b1e_0.conda#070b9559ecd59f80047f463320068ed0
https://repo.anaconda.com/pkgs/main/osx-64/libevent-2.1.12-h04015c4_1.conda#aa178244433bbd0888fa04ff98b4e43b
https://repo.anaconda.com/pkgs/main/osx-64/libkrb5-1.21.3-h54be378_4.conda#7539e9b8250e5d0b389465f56522f8a7
https://conda.anaconda.org/conda-forge/osx-64/libnghttp2-1.67.0-h3338091_0.conda#e7630cef881b1174d40f3e69a883e55f
https://conda.anaconda.org/conda-forge/osx-64/libsqlite-3.51.0-h86bffb9_0.conda#1ee9b74571acd6dd87e6a0f783989426
https://conda.anaconda.org/conda-forge/osx-64/libssh2-1.11.1-hed3591d_0.conda#a6cb15db1c2dc4d3a5f6cf3772e09e81
https://conda.anaconda.org/conda-forge/osx-64/libxml2-16-2.15.1-h0ad03eb_0.conda#8487998051f3d300fef701a49c27f282
https://conda.anaconda.org/conda-forge/osx-64/lz4-c-1.10.0-h240833e_1.conda#d6b9bd7e356abd7e3a633d59b753495a
https://repo.anaconda.com/pkgs/main/osx-64/readline-8.3-h49f2429_0.conda#9cfeec293fac7385d9f79a7706fec481
https://conda.anaconda.org/conda-forge/osx-64/snappy-1.2.2-h01f5ddf_1.conda#2e993292ec18af5cd480932d448598cf
https://conda.anaconda.org/conda-forge/osx-64/tk-8.6.13-hf689a15_3.conda#bd9f1de651dbd80b51281c694827f78f
https://repo.anaconda.com/pkgs/main/osx-64/zeromq-4.3.5-hcec6c5f_0.conda#038bded6857444ac8cfca24348a5a665
https://conda.anaconda.org/conda-forge/osx-64/zlib-1.3.1-hd23fc13_2.conda#c989e0295dcbdc08106fe5d9e935f0b9
https://conda.anaconda.org/conda-forge/osx-64/zstd-1.5.7-h8210216_2.conda#cd60a4a5a8d6a476b30d8aa4bb49251a
https://conda.anaconda.org/conda-forge/osx-64/aws-c-io-0.23.3-h37ca1a1_3.conda#306fbfbaccbcc783414b021605c8d44b
https://conda.anaconda.org/conda-forge/osx-64/glog-0.7.1-h2790a97_0.conda#06cf91665775b0da395229cd4331b27d
https://repo.anaconda.com/pkgs/main/osx-64/krb5-1.21.3-h04e8229_4.conda#3ed01b275bbd099b7b7c0236b1b78a4d
https://conda.anaconda.org/conda-forge/osx-64/libgcc-15.2.0-h08519bb_13.conda#f763dc1bb85de2672ad049fbec68a92b
https://conda.anaconda.org/conda-forge/osx-64/libprotobuf-6.31.1-h03562ea_2.conda#39b7711c03a0d0533e832e734641e56e
https://conda.anaconda.org/conda-forge/osx-64/libre2-11-2025.11.05-h554ac88_0.conda#a0237623ed85308cb816c3dcced23db2
https://conda.anaconda.org/conda-forge/osx-64/libthrift-0.22.0-h687e942_1.conda#69251ed374b31a5664bf5ba58626f3b7
https://conda.anaconda.org/conda-forge/osx-64/libxml2-2.15.1-h23bb396_0.conda#65dd26de1eea407dda59f0da170aed22
https://conda.anaconda.org/conda-forge/osx-64/python-3.14.0-hf88997e_102_cp314.conda#7917d1205eed3e72366a3397dca8a2af
https://conda.anaconda.org/conda-forge/noarch/appnope-0.1.4-pyhd8ed1ab_1.conda#54898d0f524c9dee622d44bbb081a8ab
https://conda.anaconda.org/conda-forge/osx-64/arro3-core-0.6.5-py314hc9c287a_0.conda#969a427dfed182feb8375a74f8fd337e
https://conda.anaconda.org/conda-forge/noarch/attrs-25.4.0-pyh71513ae_0.conda#c7944d55af26b6d2d7629e27e9a972c1
https://conda.anaconda.org/conda-forge/osx-64/aws-c-event-stream-0.5.6-he1d6026_6.conda#e2d5374184db6eaf7a8674c9a752683b
https://conda.anaconda.org/conda-forge/osx-64/aws-c-http-0.10.7-hae1f1d1_4.conda#244da078812a3c36052903b54765ada5
https://repo.anaconda.com/pkgs/main/noarch/cached-property-1.5.2-py_0.conda#32deb173c271fa2d09744446024a6340
https://repo.anaconda.com/pkgs/main/noarch/certifi-2020.6.20-pyhd3eb1b0_3.conda#32bb6146e083af30d8570ca1c84e826c
https://repo.anaconda.com/pkgs/main/noarch/charset-normalizer-3.3.2-pyhd3eb1b0_0.conda#c6fea3691e85cf7f568b0618ec29fc4f
https://repo.anaconda.com/pkgs/main/noarch/click-8.0.3-pyhd3eb1b0_0.conda#af3d1a11abddaf3b40c2a0a04e1699ed
https://conda.anaconda.org/conda-forge/noarch/comm-0.2.3-pyhe01879c_0.conda#2da13f2b299d8e1995bafbbe9689a2f7
https://conda.anaconda.org/conda-forge/noarch/cpython-3.14.0-py314hd8ed1ab_102.conda#ff3061d315c4a988fa1c29c543800780
https://conda.anaconda.org/conda-forge/osx-64/debugpy-1.8.17-py314h93774dc_0.conda#e4570bb5cd55142c4cf5be8d60a02a6a
https://repo.anaconda.com/pkgs/main/noarch/decorator-5.1.1-pyhd3eb1b0_0.conda#4d969aac32a0faf84af90c797bfc7fec
https://repo.anaconda.com/pkgs/main/noarch/defusedxml-0.7.1-pyhd3eb1b0_0.conda#d912068b0729930972adcaac338882c0
https://repo.anaconda.com/pkgs/main/noarch/executing-0.8.3-pyhd3eb1b0_0.conda#7be61d1c3c555fb37682b28d7a53d622
https://conda.anaconda.org/conda-forge/noarch/hpack-4.1.0-pyhd8ed1ab_0.conda#0a802cb9888dd14eeefc611f05c40b6e
https://conda.anaconda.org/conda-forge/noarch/hyperframe-6.1.0-pyhd8ed1ab_0.conda#8e6923fc12f1fe8f8c4e5c9f343256ac
https://repo.anaconda.com/pkgs/main/noarch/idna-3.3-pyhd3eb1b0_0.conda#8f43a528cf83b43af38a4d142fa38b8a
https://repo.anaconda.com/pkgs/main/noarch/json5-0.9.6-pyhd3eb1b0_0.conda#4e721ee2dbfa20069719d2ee19185031
https://repo.anaconda.com/pkgs/main/noarch/jsonpointer-2.1-pyhd3eb1b0_0.conda#298ff809e733cb04366e4e629c65aa8d
https://repo.anaconda.com/pkgs/main/noarch/jupyterlab_widgets-1.0.0-pyhd3eb1b0_1.conda#9b1fcf8e060e6f4b05dce4b172259168
https://conda.anaconda.org/conda-forge/noarch/lark-1.3.1-pyhd8ed1ab_0.conda#9b965c999135d43a3d0f7bd7d024e26a
https://conda.anaconda.org/conda-forge/osx-64/libcurl-8.17.0-h7dd4100_0.conda#b3985ef7ca4cd2db59756bae2963283a
https://conda.anaconda.org/conda-forge/osx-64/libgfortran5-15.2.0-hd16e46c_13.conda#3ef49513ad37475b455c936f7531baa4
https://conda.anaconda.org/conda-forge/noarch/markupsafe-3.0.3-pyh7db6752_0.conda#fab1be106a50e20f10fe5228fd1d1651
https://conda.anaconda.org/conda-forge/noarch/narwhals-2.12.0-pyhcf101f3_0.conda#02cab382663872083b7e8675f09d9c21
https://repo.anaconda.com/pkgs/main/noarch/nest-asyncio-1.5.1-pyhd3eb1b0_0.conda#de1248e84dd58965e5199beff21adedd
https://conda.anaconda.org/conda-forge/osx-64/orc-2.2.1-hd1b02dc_0.conda#b4646b6ddcbcb3b10e9879900c66ed48
https://conda.anaconda.org/conda-forge/noarch/packaging-25.0-pyh29332c3_1.conda#58335b26c38bf4a20f399384c33cbcf9
https://repo.anaconda.com/pkgs/main/noarch/pandocfilters-1.5.0-pyhd3eb1b0_0.conda#5547ced9e3bb4c513405998957b52c7b
https://repo.anaconda.com/pkgs/main/noarch/parso-0.8.3-pyhd3eb1b0_0.conda#c6f0f6219bf5ce2b510ef4b75cbc3e01
https://repo.anaconda.com/pkgs/main/noarch/pickleshare-0.7.5-pyhd3eb1b0_1003.conda#4a6363fd8dda664b95f99f7c5aa95abc
https://repo.anaconda.com/pkgs/main/noarch/pip-25.3-pyh0d26453_0.conda#bcd0668c475baeaf14927f9fd79e88d2
https://conda.anaconda.org/conda-forge/noarch/platformdirs-4.5.0-pyhcf101f3_0.conda#5c7a868f8241e64e1cf5fdf4962f23e2
https://repo.anaconda.com/pkgs/main/noarch/prometheus_client-0.13.1-pyhd3eb1b0_0.conda#05275f89084c4ce7f9b0bc1e258b3e9e
https://conda.anaconda.org/conda-forge/osx-64/psutil-7.1.3-py314hd1e8ddb_0.conda#3156552ec761b34da86aeb273e725a25
https://repo.anaconda.com/pkgs/main/noarch/ptyprocess-0.7.0-pyhd3eb1b0_3.conda#f50f8c0bccb614213191c4aaa854e76f
https://repo.anaconda.com/pkgs/main/noarch/pure_eval-0.2.2-pyhd3eb1b0_0.conda#a87d6d9827e5dff68d34d69971f8a9b1
https://repo.anaconda.com/pkgs/main/noarch/pycparser-2.21-pyhd3eb1b0_0.conda#135a72ff2a31150a3a3ff0b1edd41ca9
https://repo.anaconda.com/pkgs/main/noarch/pygments-2.11.2-pyhd3eb1b0_0.conda#eff55c770961f459a734cf86768aac98
https://conda.anaconda.org/conda-forge/noarch/pysocks-1.7.1-pyha55dd90_7.conda#461219d1a5bd61342293efa2c0c90eac
https://repo.anaconda.com/pkgs/main/noarch/python-fastjsonschema-2.15.1-pyhd3eb1b0_0.conda#ad1b2f7b33a45d0d68979ca2ad84b6a9
https://repo.anaconda.com/pkgs/main/noarch/python-gil-3.14.0-py314h13117d0_101.conda#b02cf42e8fe64612c64b9e6fae22855e
https://conda.anaconda.org/conda-forge/noarch/python-json-logger-2.0.7-pyhd8ed1ab_0.conda#a61bf9ec79426938ff785eb69dbb1960
https://repo.anaconda.com/pkgs/main/noarch/python-tzdata-2025.2-pyhd3eb1b0_0.conda#5ac858f05dbf9d3cdb04d53516901247
https://repo.anaconda.com/pkgs/main/noarch/pytz-2021.3-pyhd3eb1b0_0.conda#76415b791ffd2007687ac5f0665aa7af
https://conda.anaconda.org/conda-forge/noarch/pyyaml-6.0.3-pyh7db6752_0.conda#b12f41c0d7fb5ab81709fcc86579688f
https://conda.anaconda.org/conda-forge/osx-64/re2-2025.11.05-h7df6414_0.conda#13dc8eedbaa30b753546e3d716f51816
https://conda.anaconda.org/conda-forge/noarch/rfc3986-validator-0.1.1-pyh9f0ad1d_0.tar.bz2#912a71cc01012ee38e6b90ddd561e36f
https://conda.anaconda.org/conda-forge/osx-64/rpds-py-0.29.0-py314ha7b6dee_0.conda#cc966c380befc9f771b9a1d613f103f8
https://conda.anaconda.org/conda-forge/noarch/setuptools-80.9.0-pyhff2d567_0.conda#4de79c071274a53dcaf2a8c749d1499e
https://repo.anaconda.com/pkgs/main/noarch/six-1.16.0-pyhd3eb1b0_1.conda#34586824d411d36af2fa40e799c172d0
https://conda.anaconda.org/conda-forge/noarch/sniffio-1.3.1-pyhd8ed1ab_2.conda#03fe290994c5e4ec17293cfb6bdce520
https://repo.anaconda.com/pkgs/main/noarch/soupsieve-2.3.1-pyhd3eb1b0_0.conda#4794d40136a3432a241ff1454d2ac99c
https://repo.anaconda.com/pkgs/main/noarch/tomli-1.2.2-pyhd3eb1b0_0.conda#8fa7bbbcaeed916ec190614d21b7a9ce
https://conda.anaconda.org/conda-forge/osx-64/tornado-6.5.2-py314h6482030_2.conda#d97f0d30ffb1b03fa8d09ef8ba0fdd7c
https://conda.anaconda.org/conda-forge/noarch/traitlets-5.14.3-pyhd8ed1ab_1.conda#019a7385be9af33791c989871317e1ed
https://conda.anaconda.org/conda-forge/noarch/typing_extensions-4.15.0-pyhcf101f3_0.conda#0caa1af407ecff61170c9437a808404d
https://conda.anaconda.org/conda-forge/noarch/typing_utils-0.1.0-pyhd8ed1ab_1.conda#f6d7aa696c67756a650e91e15e88223c
https://conda.anaconda.org/conda-forge/noarch/uri-template-1.3.0-pyhd8ed1ab_1.conda#e7cb0f5745e4c5035a460248334af7eb
https://conda.anaconda.org/conda-forge/osx-64/vl-convert-python-1.8.0-py314h6482030_1.conda#fa54b6d8321b39b5967440ba743b4917
https://repo.anaconda.com/pkgs/main/noarch/wcwidth-0.2.5-pyhd3eb1b0_0.conda#ffa649340272c3f6466ba01da254c3b0
https://conda.anaconda.org/conda-forge/noarch/webcolors-25.10.0-pyhd8ed1ab_0.conda#6639b6b0d8b5a284f027a2003669aa65
https://conda.anaconda.org/conda-forge/noarch/webencodings-0.5.1-pyhd8ed1ab_3.conda#2841eb5bfc75ce15e9a0054b98dcd64d
https://conda.anaconda.org/conda-forge/noarch/websocket-client-1.9.0-pyhd8ed1ab_0.conda#2f1ed718fcd829c184a6d4f0f2e07409
https://conda.anaconda.org/conda-forge/osx-64/wrapt-2.0.1-py314h6482030_1.conda#73ae738c4ab12ab0840f4db8dbe853f3
https://conda.anaconda.org/conda-forge/noarch/xyzservices-2025.11.0-pyhd8ed1ab_0.conda#16933322051fa260285f1a44aae91dd6
https://conda.anaconda.org/conda-forge/noarch/zipp-3.23.0-pyhd8ed1ab_0.conda#df5e78d904988eb55042c0c97446079f
https://conda.anaconda.org/conda-forge/noarch/_python_abi3_support-1.0-hd8ed1ab_2.conda#aaa2a381ccc56eac91d63b6c1240312f
https://repo.anaconda.com/pkgs/main/noarch/asttokens-2.0.5-pyhd3eb1b0_0.conda#140486e2ce4f3931b44aa5f7ff8d88da
https://conda.anaconda.org/conda-forge/noarch/async-lru-2.0.5-pyh29332c3_0.conda#d9d0f99095a9bb7e3641bca8c6ad2ac7
https://conda.anaconda.org/conda-forge/osx-64/aws-c-auth-0.9.1-hc522490_7.conda#107b6aa58d0e1ec75dc2928766d40e10
https://conda.anaconda.org/conda-forge/osx-64/aws-c-mqtt-0.13.3-h8520d3f_10.conda#9ff1c2a0c57938d1e9d3d6638654a260
https://conda.anaconda.org/conda-forge/osx-64/azure-core-cpp-1.16.1-he2a98a9_0.conda#9f39c22aad61e76bfb73bb7d4114efac
https://conda.anaconda.org/conda-forge/noarch/babel-2.17.0-pyhd8ed1ab_0.conda#0a01c169f0ab0f91b26e77a3301fbfe4
https://conda.anaconda.org/conda-forge/noarch/bleach-6.3.0-pyhcf101f3_0.conda#b1a27250d70881943cca0dd6b4ba0956
https://conda.anaconda.org/conda-forge/osx-64/cffi-2.0.0-py314h8ca4d5a_1.conda#71c2caaa13f50fe0ebad0f961aee8073
https://conda.anaconda.org/conda-forge/noarch/exceptiongroup-1.3.1-pyhd8ed1ab_0.conda#8e662bd460bda79b1ea39194e3c4c9ab
https://conda.anaconda.org/conda-forge/noarch/fqdn-1.5.1-pyhd8ed1ab_1.conda#d3549fd50d450b6d9e7dddff25dd2110
https://conda.anaconda.org/conda-forge/noarch/h11-0.16.0-pyhd8ed1ab_0.conda#4b69232755285701bc86a5afe4d9933a
https://conda.anaconda.org/conda-forge/noarch/h2-4.3.0-pyhcf101f3_0.conda#164fc43f0b53b6e3a7bc7dce5e4f1dc9
https://conda.anaconda.org/conda-forge/noarch/importlib-metadata-8.7.0-pyhe01879c_1.conda#63ccfdc3a3ce25b027b8767eb722fca8
https://repo.anaconda.com/pkgs/main/noarch/importlib_resources-5.2.0-pyhd3eb1b0_1.conda#3e7caf9dbd3b4771e9b951ffc7cdad80
https://conda.anaconda.org/conda-forge/noarch/ipython_pygments_lexers-1.1.1-pyhd8ed1ab_0.conda#bd80ba060603cc228d9d81c257093119
https://conda.anaconda.org/conda-forge/noarch/jedi-0.19.2-pyhd8ed1ab_1.conda#a4f4c5dc9b80bc50e0d3dc4e6e8f1bd9
https://repo.anaconda.com/pkgs/main/noarch/jinja2-3.0.3-pyhd3eb1b0_0.conda#a5b0429ead9704cd1ad0b044c97e728f
https://conda.anaconda.org/conda-forge/noarch/jupyter_core-5.9.1-pyhc90fa1f_0.conda#b38fe4e78ee75def7e599843ef4c1ab0
https://repo.anaconda.com/pkgs/main/noarch/jupyterlab_pygments-0.1.2-py_0.conda#af46aff4922ca45df6ba19b313df6070
https://conda.anaconda.org/conda-forge/osx-64/libgfortran-15.2.0-h7e5c614_13.conda#d4724ff9aac86ab75bf6013351430478
https://conda.anaconda.org/conda-forge/osx-64/libgrpc-1.73.1-h451496d_1.conda#d6ea2acfae86b523b54938c6bc30e378
https://repo.anaconda.com/pkgs/main/noarch/matplotlib-inline-0.1.2-pyhd3eb1b0_2.conda#47e865f8b884de7c5d516349e83457a7
https://conda.anaconda.org/conda-forge/noarch/mercantile-1.2.1-pyhd8ed1ab_1.conda#9820756deea38bd213240fd0556d44b8
https://conda.anaconda.org/conda-forge/noarch/mistune-3.1.4-pyhcf101f3_0.conda#f5a4d548d1d3bdd517260409fc21e205
https://conda.anaconda.org/conda-forge/noarch/overrides-7.7.0-pyhd8ed1ab_1.conda#e51f1e4089cad105b6cac64bd8166587
https://repo.anaconda.com/pkgs/main/noarch/pexpect-4.8.0-pyhd3eb1b0_3.conda#765b2562d6cdd14bb6d44fc170a04331
https://conda.anaconda.org/conda-forge/osx-64/prometheus-cpp-1.3.0-h7802330_0.conda#f36107fa2557e63421a46676371c4226
https://conda.anaconda.org/conda-forge/noarch/prompt-toolkit-3.0.52-pyha770c72_0.conda#edb16f14d920fb3faf17f5ce582942d6
https://conda.anaconda.org/conda-forge/noarch/psygnal-0.15.0-pyhd8ed1ab_0.conda#ef00b893b0d58072a34915459b2309d6
https://conda.anaconda.org/conda-forge/osx-64/pyobjc-core-12.1-py314h681fd4f_0.conda#eea444aa695378a47d13a974a31c893d
https://repo.anaconda.com/pkgs/main/noarch/python-dateutil-2.8.2-pyhd3eb1b0_0.conda#211ee00320b08a1ac9fea6677649f6c9
https://conda.anaconda.org/conda-forge/noarch/referencing-0.37.0-pyhcf101f3_0.conda#870293df500ca7e18bedefa5838a22ab
https://conda.anaconda.org/conda-forge/noarch/rfc3339-validator-0.1.4-pyhd8ed1ab_1.conda#36de09a8d3e5d5e6f4ee63af49e59706
https://conda.anaconda.org/conda-forge/noarch/rfc3987-syntax-1.1.0-pyhe01879c_1.conda#7234f99325263a5af6d4cd195035e8f2
https://conda.anaconda.org/conda-forge/noarch/terminado-0.18.1-pyh31c8845_0.conda#00b54981b923f5aefcd5e8547de056d5
https://conda.anaconda.org/conda-forge/noarch/tinycss2-1.5.0-pyhcf101f3_0.conda#2caf483992d5d92b232451f843bdc8af
https://conda.anaconda.org/conda-forge/noarch/typing-extensions-4.15.0-h396c80c_0.conda#edd329d7d3a4ab45dcf905899a7a6115
https://conda.anaconda.org/conda-forge/osx-64/vegafusion-2.0.3-py314h6f16124_0.conda#46fd2bc5d17cb2a62bd65c2addf7209f
https://conda.anaconda.org/conda-forge/noarch/anyio-4.11.0-pyhcf101f3_0.conda#814472b61da9792fae28156cb9ee54f5
https://conda.anaconda.org/conda-forge/osx-64/argon2-cffi-bindings-25.1.0-py314h6482030_2.conda#64f7576ac6bb5308bd930e35016758db
https://repo.anaconda.com/pkgs/main/noarch/arrow-1.2.2-pyhd3eb1b0_0.conda#c7f20697755bb80bbd4736e3f322ae0b
https://conda.anaconda.org/conda-forge/osx-64/aws-c-s3-0.10.1-h302669f_2.conda#ef205910128590c1376eba06e30fb319
https://conda.anaconda.org/conda-forge/osx-64/azure-identity-cpp-1.13.2-h0e8e1c8_1.conda#32eb613f88ae1530ca78481bdce41cdd
https://conda.anaconda.org/conda-forge/osx-64/azure-storage-common-cpp-12.11.0-h56a711b_1.conda#278ccb9a3616d4342731130287c3ba79
https://conda.anaconda.org/conda-forge/noarch/beautifulsoup4-4.14.2-pyha770c72_0.conda#749ebebabc2cae99b2e5b3edd04c6ca2
https://conda.anaconda.org/conda-forge/noarch/bleach-with-css-6.3.0-h5f6438b_0.conda#08a03378bc5293c6f97637323802f480
https://conda.anaconda.org/conda-forge/osx-64/brotlipy-0.7.0-py314h03d016b_1008.conda#35b4187471d842befee72751e67682c1
https://conda.anaconda.org/conda-forge/osx-64/cryptography-46.0.3-py314h61e53f1_0.conda#908e396d03a0cb232f96113c4cd0fc79
https://conda.anaconda.org/conda-forge/noarch/jsonschema-specifications-2025.9.1-pyhcf101f3_0.conda#439cd0f567d697b20a8f45cb70a1005a
https://conda.anaconda.org/conda-forge/noarch/jupyter_server_terminals-0.5.3-pyhd8ed1ab_1.conda#2d983ff1b82a1ccb6f2e9d8784bdd6bd
https://conda.anaconda.org/conda-forge/osx-64/libgoogle-cloud-2.39.0-hed66dea_0.conda#06564befaabd2760dfa742e47074bad2
https://conda.anaconda.org/conda-forge/osx-64/libopenblas-0.3.30-openmp_h6006d49_4.conda#9241a65e6e9605e4581a2a8005d7f789
https://conda.anaconda.org/conda-forge/osx-64/libopentelemetry-cpp-1.21.0-h7d3f41d_1.conda#952dd64cff4a72cadf5e81572a7a81c8
https://conda.anaconda.org/conda-forge/osx-64/pyobjc-framework-cocoa-12.1-py314h9720295_0.conda#992ab0e7362326773eb8c2afa5c28a71
https://conda.anaconda.org/conda-forge/osx-64/pyzmq-27.1.0-py312hb7d603e_0.conda#81511d0be03be793c622c408c909d6f9
https://repo.anaconda.com/pkgs/main/noarch/stack_data-0.2.0-pyhd3eb1b0_0.conda#6212968e73726f6da42e5ffcd2bea92d
https://repo.anaconda.com/pkgs/main/noarch/argon2-cffi-21.3.0-pyhd3eb1b0_0.conda#f00b851bc61b4c313903d31c7daecb09
https://conda.anaconda.org/conda-forge/osx-64/aws-crt-cpp-0.35.2-h8562d08_4.conda#b9385591455648399945db84870b89eb
https://conda.anaconda.org/conda-forge/osx-64/azure-storage-blobs-cpp-12.15.0-h388f2e7_1.conda#6b5f36e610295f4f859dd9cf680bbf7d
https://conda.anaconda.org/conda-forge/noarch/httpcore-1.0.9-pyh29332c3_0.conda#4f14640d58e2cc0aa0819d9d8ba125bb
https://conda.anaconda.org/conda-forge/noarch/ipython-9.6.0-pyhfa0c392_0.conda#ad6641ef96dd7872acbb802fa3fcb8d1
https://conda.anaconda.org/conda-forge/noarch/isoduration-20.11.0-pyhd8ed1ab_1.conda#0b0154421989637d424ccf0f104be51a
https://conda.anaconda.org/conda-forge/noarch/jsonschema-4.25.1-pyhe01879c_0.conda#341fd940c242cf33e832c0402face56f
https://conda.anaconda.org/conda-forge/noarch/jupyter_client-8.6.3-pyhd8ed1ab_1.conda#4ebae00eae9705b0c3d6d1018a81d047
https://conda.anaconda.org/conda-forge/osx-64/libblas-3.11.0-2_he492b99_openblas.conda#1c8b502902eacae5a3df66477e61a636
https://conda.anaconda.org/conda-forge/osx-64/libgoogle-cloud-storage-2.39.0-h8ac052b_0.conda#7600fb1377c8eb5a161e4a2520933daa
https://repo.anaconda.com/pkgs/main/noarch/pyopenssl-22.0.0-pyhd3eb1b0_0.conda#1dbbf9422269cd62c7094960d9b43f36
https://conda.anaconda.org/conda-forge/noarch/send2trash-1.8.3-pyh31c8845_1.conda#e67b1b1fa7a79ff9e8e326d0caf55854
https://conda.anaconda.org/conda-forge/noarch/altair-6.0.0-pyhd8ed1ab_1.conda#36a31df7e76e845fb87f8d0a2c8c5ebf
https://conda.anaconda.org/conda-forge/osx-64/aws-sdk-cpp-1.11.606-hb13558a_7.conda#db747b33e5da0e875a5e78201c94e1e7
https://conda.anaconda.org/conda-forge/osx-64/azure-storage-files-datalake-cpp-12.13.0-h1984e67_1.conda#ef5701f2da108d432e7872d58e8ac64e
https://conda.anaconda.org/conda-forge/noarch/httpx-0.28.1-pyhd8ed1ab_0.conda#d6989ead454181f4f9bc987d3dc4e285
https://conda.anaconda.org/conda-forge/noarch/ipykernel-7.1.0-pyh5552912_0.conda#1849eec35b60082d2bd66b4e36dec2b6
https://conda.anaconda.org/conda-forge/noarch/jsonschema-with-format-nongpl-4.25.1-he01879c_0.conda#13e31c573c884962318a738405ca3487
https://conda.anaconda.org/conda-forge/osx-64/libcblas-3.11.0-2_h9b27e0a_openblas.conda#4340614c0af5534339786cfd3b79211f
https://conda.anaconda.org/conda-forge/osx-64/liblapack-3.11.0-2_h859234e_openblas.conda#8db178ce18ce1a024920967144b9f0b8
https://conda.anaconda.org/conda-forge/noarch/nbformat-5.10.4-pyhd8ed1ab_1.conda#bbe1963f1e47f594070ffe87cdf612ea
https://repo.anaconda.com/pkgs/main/noarch/urllib3-1.26.8-pyhd3eb1b0_0.conda#444a13f96600b3ce17e947e2d8f51cbd
https://conda.anaconda.org/conda-forge/noarch/altair_tiles-0.4.0-pyhd8ed1ab_0.conda#591c8aed9f840a2a17202f2b9f93329b
https://conda.anaconda.org/conda-forge/noarch/jupyter_events-0.12.0-pyh29332c3_0.conda#f56000b36f09ab7533877e695e4e8cb0
https://conda.anaconda.org/conda-forge/osx-64/libarrow-22.0.0-hd1700fa_4_cpu.conda#9c95de09ac58d37d8cfbaa54b7174ee5
https://repo.anaconda.com/pkgs/main/noarch/nbclient-0.5.11-pyhd3eb1b0_0.conda#a0e5f7f5e50f73ab06a47f870fa31605
https://conda.anaconda.org/conda-forge/osx-64/numpy-2.3.5-py314hf08249b_0.conda#5c9e4bc0c170115fd3602d7377c9e8da
https://conda.anaconda.org/conda-forge/noarch/requests-2.32.5-pyhd8ed1ab_0.conda#db0c6b99149880c8ba515cf4abe93ee4
https://conda.anaconda.org/conda-forge/osx-64/libarrow-compute-22.0.0-h7751554_4_cpu.conda#673d1c37cbbf9a99235337cbb6969dff
https://conda.anaconda.org/conda-forge/osx-64/libparquet-22.0.0-habb56ca_4_cpu.conda#67ff6ca0e1fdec92bdc20fa593390ba1
https://conda.anaconda.org/conda-forge/noarch/nbconvert-core-7.16.6-pyhcf101f3_1.conda#cfc86ccc3b1de35d36ccaae4c50391f5
https://conda.anaconda.org/conda-forge/osx-64/pandas-2.3.3-py314hc4308db_1.conda#21a858b49f91ac1f5a7b8d0ab61f8e7d
https://conda.anaconda.org/conda-forge/noarch/jupyter_server-2.17.0-pyhcf101f3_0.conda#d79a87dcfa726bcea8e61275feed6f83
https://conda.anaconda.org/conda-forge/osx-64/libarrow-acero-22.0.0-h2db2d7d_4_cpu.conda#f9e754e716ed279c88f25d17fc6b5764
https://conda.anaconda.org/conda-forge/osx-64/pyarrow-core-22.0.0-py314h35e0213_0_cpu.conda#d46aeaef96eb344a170c178dc7f40a2d
https://conda.anaconda.org/conda-forge/noarch/jupyter-lsp-2.3.0-pyhcf101f3_0.conda#62b7c96c6cd77f8173cc5cada6a9acaa
https://conda.anaconda.org/conda-forge/noarch/jupyterlab_server-2.28.0-pyhcf101f3_0.conda#a63877cb23de826b1620d3adfccc4014
https://conda.anaconda.org/conda-forge/osx-64/libarrow-dataset-22.0.0-h2db2d7d_4_cpu.conda#64d5722c982b89dabf848feb7edf97f9
https://conda.anaconda.org/conda-forge/noarch/notebook-shim-0.2.4-pyhd8ed1ab_1.conda#e7f89ea5f7ea9401642758ff50a2d9c1
https://conda.anaconda.org/conda-forge/noarch/jupyterlab-4.5.0-pyhd8ed1ab_0.conda#e6dc3d6bf1591f0ebe8e77959e950660
https://conda.anaconda.org/conda-forge/osx-64/libarrow-substrait-22.0.0-h4653b8a_4_cpu.conda#c2f7a8fec7db2ce12d5aaabeed2cedea
https://conda.anaconda.org/conda-forge/noarch/notebook-7.5.0-pyhcf101f3_0.conda#3cf7402eb77b6434e830b6863a0e6118
https://conda.anaconda.org/conda-forge/osx-64/pyarrow-22.0.0-py314hee6578b_0.conda#13fdbf20848018c21129b27b696c4e90
https://conda.anaconda.org/conda-forge/noarch/widgetsnbextension-3.5.1-pyh9f0ad1d_3.tar.bz2#54a817def76d202564aefb53a4767328
https://repo.anaconda.com/pkgs/main/noarch/ipywidgets-7.6.5-pyhd3eb1b0_1.conda#caaa1ad3338bde18078f88b08d7b3e3b
https://conda.anaconda.org/conda-forge/noarch/anywidget-0.9.21-pyhd8ed1ab_0.conda#57f60e533706612b69fe7db6980aec67
https://conda.anaconda.org/conda-forge/noarch/altair-all-6.0.0-pyhd8ed1ab_1.conda#db4632b92abbe3a64580dc7887898356
