# Generated by conda-lock.
# platform: linux-64
# input_hash: 18d08a9f42a657c5548ea07c79b33c6dbeeb5b9da95bcce232950cbc06262244
@EXPLICIT
https://repo.anaconda.com/pkgs/main/linux-64/_libgcc_mutex-0.1-main.conda#c3473ff8bdb3d124ed5ff11ec380d6f9
https://repo.anaconda.com/pkgs/main/linux-64/blas-1.0-openblas.conda#9ddfcaef10d79366c90128f5dc444be8
https://repo.anaconda.com/pkgs/main/linux-64/ca-certificates-2025.11.4-h06a4308_0.conda#f04cd5aa67216b77e8f664bb4c7098a4
https://conda.anaconda.org/conda-forge/linux-64/libopentelemetry-cpp-headers-1.21.0-ha770c72_1.conda#9e298d76f543deb06eb0f3413675e13a
https://repo.anaconda.com/pkgs/main/linux-64/nlohmann_json-3.11.2-h6a678d5_0.conda#36890f7abd98066b607211b1773e6343
https://repo.anaconda.com/pkgs/main/linux-64/python_abi-3.14-2_cp314.conda#2941eafd164ef71a6b90f0b2c37afe0b
https://repo.anaconda.com/pkgs/main/noarch/tzdata-2025b-h04d1e81_0.conda#1d027393db3427ab22a02aa44a56f143
https://repo.anaconda.com/pkgs/main/linux-64/ld_impl_linux-64-2.44-h153f514_2.conda#dffdc9a0e09d04051d4bd758e104f4b3
https://repo.anaconda.com/pkgs/main/linux-64/libgomp-15.2.0-h4751f2c_7.conda#82025ed6da944bd419d42d9b1ff116aa
https://repo.anaconda.com/pkgs/main/linux-64/_openmp_mutex-5.1-1_gnu.conda#71d281e9c2192cb3fa425655a8defb85
https://repo.anaconda.com/pkgs/main/linux-64/libgcc-15.2.0-h69a1729_7.conda#01fb1b8725fc7f66312b9d409758917a
https://conda.anaconda.org/conda-forge/linux-64/aws-c-common-0.12.5-hb03c661_1.conda#f1d45413e1c41a7eff162bf702c02cea
https://repo.anaconda.com/pkgs/main/linux-64/libgcc-ng-15.2.0-h166f726_7.conda#2783efb2502b9caa7f08e25fd54df899
https://repo.anaconda.com/pkgs/main/linux-64/libgfortran5-15.2.0-hc633d37_7.conda#78b0f996039e81b01b72b06005bcf4d5
https://conda.anaconda.org/conda-forge/linux-64/libiconv-1.18-h3b78370_2.conda#915f5995e94f60e9a4826e0b0920ee88
https://conda.anaconda.org/conda-forge/linux-64/liblzma-5.8.1-hb9d3cd8_2.conda#1a580f7796c7bf6393fddb8bbbde58dc
https://repo.anaconda.com/pkgs/main/linux-64/libstdcxx-15.2.0-h39759b7_7.conda#7dc7ec61ceea5de17f3e2c4c5f442fc6
https://conda.anaconda.org/conda-forge/linux-64/openssl-3.6.0-h26f9b46_0.conda#9ee58d5c534af06558933af3c845a780
https://conda.anaconda.org/conda-forge/linux-64/aws-c-cal-0.9.10-h346e085_1.conda#7e6b378cfb6ad918a5fa52bd7741ab20
https://conda.anaconda.org/conda-forge/linux-64/aws-c-compression-0.3.1-h7e655bb_8.conda#1baf55dfcc138d98d437309e9aba2635
https://conda.anaconda.org/conda-forge/linux-64/aws-c-sdkutils-0.2.4-h7e655bb_3.conda#70e83d2429b7edb595355316927dfbea
https://conda.anaconda.org/conda-forge/linux-64/aws-checksums-0.2.7-h7e655bb_4.conda#83a6e0fc73a7f18a8024fc89455da81c
https://repo.anaconda.com/pkgs/main/linux-64/bzip2-1.0.8-h5eee18b_6.conda#f21a3ff51c1b271977f53ce956a69297
https://conda.anaconda.org/conda-forge/linux-64/libabseil-20250512.1-cxx17_hba17884_0.conda#83b160d4da3e1e847bf044997621ed63
https://repo.anaconda.com/pkgs/main/linux-64/libbrotlicommon-1.2.0-h32cd6e7_0.conda#cdc0bbfec0c99b30d435b22341a716b0
https://repo.anaconda.com/pkgs/main/linux-64/libev-4.33-h7f8727e_1.conda#5065620db4393fb549f30114a33897d1
https://repo.anaconda.com/pkgs/main/linux-64/libevent-2.1.12-hdbd6064_1.conda#99312bf9d90f1ea14534b40afb61ce63
https://repo.anaconda.com/pkgs/main/linux-64/libgfortran-15.2.0-h166f726_7.conda#52c23eb64400224f6a46c7439bbbddce
https://conda.anaconda.org/conda-forge/linux-64/liblzma-devel-5.8.1-hb9d3cd8_2.conda#f61edadbb301530bd65a32646bd81552
https://repo.anaconda.com/pkgs/main/linux-64/libmpdec-4.0.0-h5eee18b_0.conda#feb10f42b1a7b523acbf85461be41a3e
https://repo.anaconda.com/pkgs/main/linux-64/libsodium-1.0.20-heac8642_0.conda#fc677dc4b0fa21d20589f8b2a2943ea5
https://repo.anaconda.com/pkgs/main/linux-64/libstdcxx-ng-15.2.0-hc03a8fd_7.conda#cf200522c0b13d64bf81035358d05f5b
https://repo.anaconda.com/pkgs/main/linux-64/libutf8proc-2.11.0-hf5730eb_0.conda#9faf75b88aa40632dac8ecda03358518
https://repo.anaconda.com/pkgs/main/linux-64/libuuid-1.41.5-h5eee18b_0.conda#4a6a2354414c9080327274aa514e5299
https://repo.anaconda.com/pkgs/main/linux-64/libzlib-1.3.1-hb25bd0a_0.conda#338ee51e19ee211b7fc994d4ba88c631
https://repo.anaconda.com/pkgs/main/linux-64/lmdb-0.9.31-hb25bd0a_0.conda#1468bc20414b0fa8eb1b18d3a916039f
https://conda.anaconda.org/conda-forge/linux-64/lz4-c-1.10.0-h5888daf_1.conda#9de5350a85c4a20c685259b889aa6393
https://repo.anaconda.com/pkgs/main/linux-64/ncurses-6.5-h7934f7d_0.conda#0abfc090299da4bb031b84c64309757b
https://repo.anaconda.com/pkgs/main/linux-64/pthread-stubs-0.3-h0ce48e5_1.conda#973a642312d2a28927aaf5b477c67250
https://conda.anaconda.org/conda-forge/linux-64/s2n-1.6.0-h8399546_1.conda#8dbc626b1b11e7feb40a14498567b954
https://conda.anaconda.org/conda-forge/linux-64/snappy-1.2.2-h03e3b7b_1.conda#98b6c9dc80eb87b2519b97bcf7e578dd
https://repo.anaconda.com/pkgs/main/linux-64/xorg-libxau-1.0.12-h9b100fa_0.conda#a8005a9f6eb903e113cd5363e8a11459
https://repo.anaconda.com/pkgs/main/linux-64/xorg-libxdmcp-1.1.5-h9b100fa_0.conda#c284a09ddfba81d9c4e740110f09ea06
https://repo.anaconda.com/pkgs/main/linux-64/xorg-xorgproto-2024.1-h5eee18b_1.conda#412a0d97a7a51d23326e57226189da92
https://conda.anaconda.org/conda-forge/linux-64/xz-gpl-tools-5.8.1-hbcc6ac9_2.conda#bf627c16aa26231720af037a2709ab09
https://conda.anaconda.org/conda-forge/linux-64/xz-tools-5.8.1-hb9d3cd8_2.conda#1bad2995c8f1c8075c6c331bf96e46fb
https://repo.anaconda.com/pkgs/main/linux-64/yaml-0.2.5-h7b6447c_0.conda#39fdbf4db769e494ffb06d95680c83d8
https://conda.anaconda.org/conda-forge/linux-64/aws-c-io-0.23.3-ha76f1cc_3.conda#14d9fc6b1c7a823fca6cf65f595ff70d
https://repo.anaconda.com/pkgs/main/linux-64/c-ares-1.34.5-hef5626c_0.conda#4a0059c416e26b3c5e8a8fdf11dfa811
https://repo.anaconda.com/pkgs/main/linux-64/expat-2.7.3-h3385a95_0.conda#105822d24b4de9055e705a7d76549416
https://repo.anaconda.com/pkgs/main/linux-64/gflags-2.2.2-h6a678d5_1.conda#934362bfb503ed169413b0a209959fe7
https://repo.anaconda.com/pkgs/main/linux-64/libbrotlidec-1.2.0-ha2c5f68_0.conda#7cad8348df1c96bf2f0a697806d1b3b5
https://repo.anaconda.com/pkgs/main/linux-64/libbrotlienc-1.2.0-h2e96acb_0.conda#854af1d6af8b3565fa8c7edb2141a2de
https://repo.anaconda.com/pkgs/main/linux-64/libcrc32c-1.1.2-h6a678d5_0.conda#daf778296b4ada0649ecad5e5e320cd0
https://repo.anaconda.com/pkgs/main/linux-64/libedit-3.1.20230828-h5eee18b_0.conda#850eb5a9d2d7d3c66cce12e84406ca08
https://repo.anaconda.com/pkgs/main/linux-64/libffi-3.4.4-h6a678d5_1.conda#70646cc713f0c43926cfdcfe9b695fe0
https://repo.anaconda.com/pkgs/main/linux-64/libgfortran-ng-15.2.0-h166f726_7.conda#7ec53b6e26052cbd81a768da1c037c0e
https://repo.anaconda.com/pkgs/main/linux-64/libkrb5-1.21.3-h520c7b4_4.conda#2beb165b5a6637a9d3ad5738a5e4eea5
https://conda.anaconda.org/conda-forge/linux-64/libprotobuf-6.31.1-h49aed37_2.conda#94cb88daa0892171457d9fdc69f43eca
https://conda.anaconda.org/conda-forge/linux-64/libre2-11-2025.11.05-h7b12aa8_0.conda#a30848ebf39327ea078cf26d114cff53
https://repo.anaconda.com/pkgs/main/linux-64/libxcb-1.17.0-h9b100fa_0.conda#fdf0d380fa3809a301e2dbc0d5183883
https://conda.anaconda.org/conda-forge/linux-64/libxml2-16-2.15.1-hf2a90c1_0.conda#23720d17346b21efb08d68c2255c8431
https://repo.anaconda.com/pkgs/main/linux-64/readline-8.3-hc2a1206_0.conda#8578e006d4ef5cb98a6cda232b3490f6
https://conda.anaconda.org/conda-forge/linux-64/xz-5.8.1-hbcc6ac9_2.conda#68eae977d7d1196d32b636a026dc015d
https://repo.anaconda.com/pkgs/main/linux-64/zeromq-4.3.5-hb0a5e54_1.conda#5ed4ea876122e1fdf315791f2afdd9cd
https://repo.anaconda.com/pkgs/main/linux-64/zlib-1.3.1-hb25bd0a_0.conda#9f3a877e5e0fa0fb39253a59ff824861
https://conda.anaconda.org/conda-forge/linux-64/zstd-1.5.7-hb8e6e7a_2.conda#6432cb5d4ac0046c3ac0a8a0f95842f9
https://conda.anaconda.org/conda-forge/linux-64/aws-c-event-stream-0.5.6-h3cb25bf_6.conda#874d910adf3debe908b1e8e5847e0014
https://conda.anaconda.org/conda-forge/linux-64/aws-c-http-0.10.7-hc5c8343_4.conda#b6fdadda34f2a60870980607ef469e39
https://conda.anaconda.org/conda-forge/linux-64/glog-0.7.1-hbabe93e_0.conda#ff862eebdfeb2fd048ae9dc92510baca
https://repo.anaconda.com/pkgs/main/linux-64/krb5-1.21.3-h723845a_4.conda#27bcc6857e26ed9735429413e038fc46
https://conda.anaconda.org/conda-forge/linux-64/libnghttp2-1.67.0-had1ee68_0.conda#b499ce4b026493a13774bcf0f4c33849
https://repo.anaconda.com/pkgs/main/linux-64/libopenblas-0.3.30-h46f56fc_2.conda#d034d1566a03e464b350eea50a39fe40
https://repo.anaconda.com/pkgs/main/linux-64/libssh2-1.11.1-h251f7ec_0.conda#dd68c24355431c0543339dda1404129d
https://repo.anaconda.com/pkgs/main/linux-64/libthrift-0.22.0-hd8eb582_0.conda#230b081e8a4505b02834777e94bff7f2
https://conda.anaconda.org/conda-forge/linux-64/libxml2-2.15.1-h031cc0b_0.conda#a67cd8f7b0369bbf2c40411f05a62f3b
https://conda.anaconda.org/conda-forge/linux-64/orc-2.2.1-hd747db4_0.conda#ddab8b2af55b88d63469c040377bd37e
https://conda.anaconda.org/conda-forge/linux-64/re2-2025.11.05-h5301d42_0.conda#0227d04521bc3d28c7995c7e1f99a721
https://repo.anaconda.com/pkgs/main/linux-64/sqlite-3.51.0-h2a70700_0.conda#99a4278be9c6901ee6989b24fd213240
https://repo.anaconda.com/pkgs/main/linux-64/xorg-libx11-1.8.12-h9b100fa_1.conda#6298b27afae6f49f03765b2a03df2fcb
https://conda.anaconda.org/conda-forge/linux-64/aws-c-auth-0.9.1-h7ca4310_7.conda#6e91a9182506f6715c25c3ab80990653
https://conda.anaconda.org/conda-forge/linux-64/aws-c-mqtt-0.13.3-h3a25ec9_10.conda#f329cc15f3b4559cab20646245c3fc9b
https://conda.anaconda.org/conda-forge/linux-64/libcurl-8.17.0-h4e3cde8_0.conda#01e149d4a53185622dc2e788281961f2
https://conda.anaconda.org/conda-forge/linux-64/libgrpc-1.73.1-h3288cfb_1.conda#ff63bb12ac31c176ff257e3289f20770
https://repo.anaconda.com/pkgs/main/linux-64/tk-8.6.15-h54e0aa7_0.conda#1fa91e0c4fc9c9435eda3f1a25a676fd
https://conda.anaconda.org/conda-forge/linux-64/aws-c-s3-0.10.1-hcb69869_2.conda#3bcec65152e70e02e8d17d296c056a82
https://conda.anaconda.org/conda-forge/linux-64/azure-core-cpp-1.16.1-h3a458e0_0.conda#1d4e0d37da5f3c22ecd44033f673feba
https://conda.anaconda.org/conda-forge/linux-64/libgoogle-cloud-2.39.0-hdb79228_0.conda#a2e30ccd49f753fd30de0d30b1569789
https://conda.anaconda.org/conda-forge/linux-64/prometheus-cpp-1.3.0-ha5d0236_0.conda#a83f6a2fdc079e643237887a37460668
https://repo.anaconda.com/pkgs/main/linux-64/python-3.14.0-h3fc5862_101_cp314.conda#a837f4ee2469b31e0e9a25df33a83c4b
https://conda.anaconda.org/conda-forge/linux-64/arro3-core-0.6.5-py314ha5689aa_0.conda#844f12ddbf87353a7499322ec1e53ba5
https://repo.anaconda.com/pkgs/main/linux-64/asttokens-3.0.0-py314h06a4308_0.conda#32f9999213ffd7279a9be0f07e8d7066
https://repo.anaconda.com/pkgs/main/linux-64/async-lru-2.0.5-py314h06a4308_0.conda#3432dc6e28f71fb83a7917fe074f8cff
https://repo.anaconda.com/pkgs/main/linux-64/attrs-25.4.0-py314h06a4308_2.conda#3e77ed461c71aa09c6ab469549290c3e
https://conda.anaconda.org/conda-forge/linux-64/aws-crt-cpp-0.35.2-h2ceb62e_4.conda#363b3e12e49cecf931338d10114945e9
https://conda.anaconda.org/conda-forge/linux-64/azure-identity-cpp-1.13.2-h3a5f585_1.conda#4e921d9c85e6559c60215497978b3cdb
https://conda.anaconda.org/conda-forge/linux-64/azure-storage-common-cpp-12.11.0-h3d7a050_1.conda#89985ba2a3742f34be6aafd6a8f3af8c
https://repo.anaconda.com/pkgs/main/linux-64/babel-2.17.0-py314h06a4308_0.conda#c5d3b7a9bc9b1a35d0d37bf8652f8e4d
https://repo.anaconda.com/pkgs/main/linux-64/cached-property-2.0.1-py314h06a4308_0.conda#e6ee3e745f0c03cb31a2086d401b919a
https://repo.anaconda.com/pkgs/main/linux-64/certifi-2025.11.12-py314h06a4308_0.conda#95ce4cc19bfe94b88b500378758e1e90
https://repo.anaconda.com/pkgs/main/linux-64/charset-normalizer-3.4.4-py314h06a4308_0.conda#beab5238cc470bba45674be2ab311d05
https://repo.anaconda.com/pkgs/main/linux-64/click-8.2.1-py314h06a4308_0.conda#eaa30e30303809a79e588499c8a805e8
https://repo.anaconda.com/pkgs/main/linux-64/comm-0.2.3-py314h06a4308_0.conda#e58fba67be434f20e0e012d4b09b4397
https://repo.anaconda.com/pkgs/main/linux-64/debugpy-1.8.16-py314hbdd6827_1.conda#f48567a65d0194736c2d2b6df6db25c6
https://repo.anaconda.com/pkgs/main/linux-64/decorator-5.2.1-py314h06a4308_0.conda#5121dbe42f58142e6fac867af6d1c375
https://repo.anaconda.com/pkgs/main/noarch/defusedxml-0.7.1-pyhd3eb1b0_0.conda#d912068b0729930972adcaac338882c0
https://repo.anaconda.com/pkgs/main/linux-64/executing-2.2.1-py314h06a4308_0.conda#0746a605a4d597d1dc5216d1b6bd2ebb
https://repo.anaconda.com/pkgs/main/linux-64/h11-0.16.0-py314h06a4308_1.conda#e8995c69d66d7ec1ec46fb14af9d032e
https://repo.anaconda.com/pkgs/main/linux-64/idna-3.11-py314h06a4308_0.conda#9eeafcbb5545e590a48bbfed70bc4428
https://repo.anaconda.com/pkgs/main/linux-64/importlib_resources-6.5.2-py314h06a4308_0.conda#3d0929569d6dcb6332d7c8ab13d583bb
https://repo.anaconda.com/pkgs/main/linux-64/json5-0.12.1-py314h06a4308_0.conda#9ae7b586631d1ec71660579046d5886d
https://repo.anaconda.com/pkgs/main/linux-64/jsonpointer-3.0.0-py314h06a4308_0.conda#b8c71a23e6be126bb452f7625cf1037e
https://repo.anaconda.com/pkgs/main/noarch/jupyterlab_widgets-1.0.0-pyhd3eb1b0_1.conda#9b1fcf8e060e6f4b05dce4b172259168
https://conda.anaconda.org/conda-forge/noarch/lark-1.3.1-pyhd8ed1ab_0.conda#9b965c999135d43a3d0f7bd7d024e26a
https://conda.anaconda.org/conda-forge/linux-64/libgoogle-cloud-storage-2.39.0-hdbdcf42_0.conda#bd21962ff8a9d1ce4720d42a35a4af40
https://conda.anaconda.org/conda-forge/linux-64/libopentelemetry-cpp-1.21.0-hb9b0907_1.conda#1c0320794855f457dea27d35c4c71e23
https://repo.anaconda.com/pkgs/main/linux-64/markupsafe-3.0.2-py314h5eee18b_0.conda#58923f26c1bf0ee534a71ed473ceb1dc
https://repo.anaconda.com/pkgs/main/linux-64/mistune-3.1.2-py314h06a4308_0.conda#1d37c0e08cbc12bafe0fed5776375b0d
https://repo.anaconda.com/pkgs/main/linux-64/narwhals-2.7.0-py314h06a4308_0.conda#a3fd6b26ac4cdece1768f81f7f60cfaf
https://repo.anaconda.com/pkgs/main/noarch/nest-asyncio-1.5.1-pyhd3eb1b0_0.conda#de1248e84dd58965e5199beff21adedd
https://repo.anaconda.com/pkgs/main/linux-64/numpy-base-2.3.5-py314h5cadfd5_0.conda#7a081aad1c2576bfd7a86c4281148e0a
https://repo.anaconda.com/pkgs/main/linux-64/overrides-7.7.0-py314h06a4308_0.conda#5a119318d45cefb3e40e438ca606fc38
https://repo.anaconda.com/pkgs/main/linux-64/packaging-25.0-py314h06a4308_1.conda#dfa73a8a13f81c60f4eaed1f226d248d
https://repo.anaconda.com/pkgs/main/linux-64/pandocfilters-1.5.1-py314h06a4308_0.conda#fa8c5dec4cc9b9f65e8a500890aa131b
https://repo.anaconda.com/pkgs/main/linux-64/parso-0.8.5-py314h06a4308_0.conda#50b3a66a2f8e0118644ec09629fd417a
https://repo.anaconda.com/pkgs/main/noarch/pip-25.3-pyh0d26453_0.conda#bcd0668c475baeaf14927f9fd79e88d2
https://repo.anaconda.com/pkgs/main/linux-64/platformdirs-4.5.0-py314h06a4308_0.conda#0f8a86aa9be4be3270bec45ccdc4bb07
https://repo.anaconda.com/pkgs/main/linux-64/prometheus_client-0.21.1-py314h06a4308_0.conda#a250cbf19eed5fba4823332058421242
https://repo.anaconda.com/pkgs/main/linux-64/psutil-7.0.0-py314hee96239_1.conda#b0b9cb465aae0b87b169dbb0d5394b67
https://repo.anaconda.com/pkgs/main/noarch/ptyprocess-0.7.0-pyhd3eb1b0_3.conda#f50f8c0bccb614213191c4aaa854e76f
https://repo.anaconda.com/pkgs/main/linux-64/pure_eval-0.2.3-py314h06a4308_0.conda#5690b270d309d1d6b44a213647ebc1b5
https://repo.anaconda.com/pkgs/main/noarch/pycparser-2.21-pyhd3eb1b0_0.conda#135a72ff2a31150a3a3ff0b1edd41ca9
https://repo.anaconda.com/pkgs/main/linux-64/pygments-2.19.2-py314h06a4308_0.conda#bdad3bfb5e821883710e113344b860e0
https://repo.anaconda.com/pkgs/main/linux-64/pysocks-1.7.1-py314h06a4308_1.conda#84847c5b7287e0baa6b31aa8e17a1317
https://repo.anaconda.com/pkgs/main/linux-64/python-fastjsonschema-2.21.2-py314h06a4308_0.conda#7725d98d41e22f7a1f572f70889a857b
https://repo.anaconda.com/pkgs/main/linux-64/python-json-logger-3.2.1-py314h06a4308_0.conda#e367fa1fa5dd7fb68140d4d62a9cf99c
https://repo.anaconda.com/pkgs/main/noarch/python-tzdata-2025.2-pyhd3eb1b0_0.conda#5ac858f05dbf9d3cdb04d53516901247
https://repo.anaconda.com/pkgs/main/linux-64/pytz-2025.2-py314h06a4308_0.conda#100607cbd6d743f672bb98d292f06298
https://repo.anaconda.com/pkgs/main/linux-64/pyyaml-6.0.3-py314h591646f_0.conda#5b8da7e272da442aad3c8e9755ad93c5
https://repo.anaconda.com/pkgs/main/linux-64/pyzmq-27.1.0-py314hcf8288c_1.conda#3561bb64e3c44744b5896b60fac3778c
https://repo.anaconda.com/pkgs/main/linux-64/rfc3986-validator-0.1.1-py314h06a4308_0.conda#169e6ec8586ed42e7be50408fcf7a967
https://repo.anaconda.com/pkgs/main/linux-64/rpds-py-0.28.0-py314h498d7c9_0.conda#6c68aee8ee67a20931dd91b866fc3c81
https://repo.anaconda.com/pkgs/main/linux-64/send2trash-1.8.2-py314h06a4308_1.conda#7267b5ebf2e0ef002ed7f07d946dab77
https://repo.anaconda.com/pkgs/main/linux-64/setuptools-80.9.0-py314h06a4308_0.conda#54c5326d8b8677483634ca64eb3586fb
https://repo.anaconda.com/pkgs/main/linux-64/six-1.17.0-py314h06a4308_0.conda#4ec614b671e36e14565a682d54135e37
https://repo.anaconda.com/pkgs/main/linux-64/sniffio-1.3.0-py314h06a4308_0.conda#ab3f55794ef93998a0bcc16f560cbd75
https://repo.anaconda.com/pkgs/main/linux-64/soupsieve-2.5-py314h06a4308_0.conda#ba7eae5018c4ff5ada9c94d42f4a1414
https://repo.anaconda.com/pkgs/main/linux-64/tomli-2.2.1-py314h06a4308_0.conda#2b2c057358b4cc0a4ae77cbde81b680d
https://repo.anaconda.com/pkgs/main/linux-64/tornado-6.5.1-py314h5eee18b_0.conda#2fa1880cd838dfad5c3c1c012d26eef8
https://repo.anaconda.com/pkgs/main/linux-64/traitlets-5.14.3-py314h06a4308_0.conda#e5158022dc6328621ae0328460888d33
https://repo.anaconda.com/pkgs/main/linux-64/typing_extensions-4.15.0-py314h06a4308_0.conda#28d01e3937267abb388b0b8e515029df
https://conda.anaconda.org/conda-forge/noarch/uri-template-1.3.0-pyhd8ed1ab_1.conda#e7cb0f5745e4c5035a460248334af7eb
https://conda.anaconda.org/conda-forge/linux-64/vl-convert-python-1.8.0-py314h5bd0f2a_1.conda#727f66601d4e2974c1e1321c9b04e4eb
https://repo.anaconda.com/pkgs/main/linux-64/wcwidth-0.2.13-py314h06a4308_0.conda#559fc35a94d2394ae64df7e6e4756afc
https://conda.anaconda.org/conda-forge/noarch/webcolors-25.10.0-pyhd8ed1ab_0.conda#6639b6b0d8b5a284f027a2003669aa65
https://repo.anaconda.com/pkgs/main/linux-64/webencodings-0.5.1-py314h06a4308_2.conda#027e8abdfc95438bd6e65dffe8a94be3
https://repo.anaconda.com/pkgs/main/linux-64/websocket-client-1.8.0-py314h06a4308_0.conda#06b6ad470b9a22009c562fdb6a2a83b5
https://repo.anaconda.com/pkgs/main/linux-64/wrapt-1.17.0-py314h5eee18b_0.conda#8e065fd65ebc7d178d291b4c5a2b5d2f
https://repo.anaconda.com/pkgs/main/linux-64/xyzservices-2025.4.0-py314h06a4308_0.conda#297c71051e44e1e5918cf0ee171327f5
https://repo.anaconda.com/pkgs/main/linux-64/zipp-3.23.0-py314h06a4308_0.conda#95ba5610e3795a5902d22f1a9c113aeb
https://repo.anaconda.com/pkgs/main/linux-64/anyio-4.10.0-py314h06a4308_0.conda#01077d201633dd8a07c4629e3bc56f47
https://conda.anaconda.org/conda-forge/linux-64/aws-sdk-cpp-1.11.606-hd6e39bc_7.conda#0f7a1d2e2c6cdfc3864c4c0b16ade511
https://conda.anaconda.org/conda-forge/linux-64/azure-storage-blobs-cpp-12.15.0-h2a74896_1.conda#ffd553ff98ce5d74d3d89ac269153149
https://conda.anaconda.org/conda-forge/noarch/bleach-6.3.0-pyhcf101f3_0.conda#b1a27250d70881943cca0dd6b4ba0956
https://repo.anaconda.com/pkgs/main/linux-64/cffi-2.0.0-py314h4eded50_1.conda#267c40b584c16b6011b5f801ba2ff28f
https://conda.anaconda.org/conda-forge/noarch/fqdn-1.5.1-pyhd8ed1ab_1.conda#d3549fd50d450b6d9e7dddff25dd2110
https://repo.anaconda.com/pkgs/main/linux-64/httpcore-1.0.9-py314h06a4308_0.conda#46dd8025026f9e1442f3a1568ee59fa1
https://repo.anaconda.com/pkgs/main/linux-64/importlib-metadata-8.7.0-py314h06a4308_0.conda#de970ef57e3637d60418e8a5dc3c9542
https://repo.anaconda.com/pkgs/main/linux-64/ipython_pygments_lexers-1.1.1-py314h06a4308_0.conda#06275458c235f707108468f039f864bd
https://repo.anaconda.com/pkgs/main/linux-64/jedi-0.19.2-py314h06a4308_0.conda#ac2c1c9e2d83e71d4c69ff48654f9a8b
https://repo.anaconda.com/pkgs/main/linux-64/jinja2-3.1.6-py314h06a4308_0.conda#15aa0d077e4666cfc95bf2ac36fb3f35
https://repo.anaconda.com/pkgs/main/linux-64/jupyter_core-5.8.1-py314h06a4308_0.conda#170f3615f606f46afec737f8a80ddc43
https://repo.anaconda.com/pkgs/main/linux-64/jupyterlab_pygments-0.3.0-py314h06a4308_0.conda#18089d44b5b40372855fee8c6cb7fc6b
https://repo.anaconda.com/pkgs/main/linux-64/matplotlib-inline-0.2.1-py314h06a4308_0.conda#da7db3870014f4cecb300dc2f5a3830c
https://conda.anaconda.org/conda-forge/noarch/mercantile-1.2.1-pyhd8ed1ab_1.conda#9820756deea38bd213240fd0556d44b8
https://repo.anaconda.com/pkgs/main/linux-64/numpy-2.3.5-py314hda7dee8_0.conda#53c448170f0b70289b2990efdc4a02a3
https://repo.anaconda.com/pkgs/main/linux-64/pexpect-4.9.0-py314h06a4308_1.conda#c48a94b8bcd8585d1746ad1d19419118
https://repo.anaconda.com/pkgs/main/linux-64/prompt-toolkit-3.0.52-py314h06a4308_1.conda#b46392610814ea31b63c30226787c916
https://repo.anaconda.com/pkgs/main/linux-64/psygnal-0.12.0-py314h06a4308_0.conda#5fb7ef0891fc960355d5b871818ecbd1
https://repo.anaconda.com/pkgs/main/linux-64/python-dateutil-2.9.0post0-py314h06a4308_2.conda#a0ce45e2bb33c7d3282db8f675701ec7
https://repo.anaconda.com/pkgs/main/linux-64/referencing-0.37.0-py314h06a4308_0.conda#01c9008edd8d6d3d7ddf0c4cd93e6a7c
https://conda.anaconda.org/conda-forge/noarch/rfc3339-validator-0.1.4-pyhd8ed1ab_1.conda#36de09a8d3e5d5e6f4ee63af49e59706
https://conda.anaconda.org/conda-forge/noarch/rfc3987-syntax-1.1.0-pyhe01879c_1.conda#7234f99325263a5af6d4cd195035e8f2
https://repo.anaconda.com/pkgs/main/linux-64/stack_data-0.6.3-py314h06a4308_0.conda#6d3554097c084a4e59a6967ba151a9a5
https://repo.anaconda.com/pkgs/main/linux-64/terminado-0.18.1-py314h06a4308_0.conda#ea0b1f298e0f6441be0635cd00b51515
https://repo.anaconda.com/pkgs/main/linux-64/tinycss2-1.4.0-py314h06a4308_0.conda#1a3d8df241417a7ddbf4c3578a2de79c
https://repo.anaconda.com/pkgs/main/linux-64/typing-extensions-4.15.0-py314h06a4308_0.conda#db3412ea91c6fb3cda203cde35d6c2d5
https://conda.anaconda.org/conda-forge/linux-64/vegafusion-2.0.3-py314h5f69981_0.conda#13e0e37379d2c48e7127cfad6ba69d9a
https://repo.anaconda.com/pkgs/main/linux-64/argon2-cffi-bindings-25.1.0-py314hee96239_0.conda#86ee5e1157fafbd1ed0839d8780259cc
https://repo.anaconda.com/pkgs/main/linux-64/arrow-1.4.0-py314h06a4308_0.conda#b9705a8b9044b3169da113ce7f9d80aa
https://conda.anaconda.org/conda-forge/linux-64/azure-storage-files-datalake-cpp-12.13.0-hf38f1be_1.conda#f10b9303c7239fbce3580a60a92bcf97
https://repo.anaconda.com/pkgs/main/linux-64/beautifulsoup4-4.14.2-py314h06a4308_0.conda#d823cf5f6ced5bd816a9b930b87d5bf6
https://conda.anaconda.org/conda-forge/noarch/bleach-with-css-6.3.0-h5f6438b_0.conda#08a03378bc5293c6f97637323802f480
https://repo.anaconda.com/pkgs/main/linux-64/bottleneck-1.4.2-py314h6a40391_1.conda#053f737db726b65c1205222de47f55ac
https://repo.anaconda.com/pkgs/main/linux-64/brotlicffi-1.1.0.0-py314hbdd6827_0.conda#474a1ca9a185465f7f50f7348d540fbe
https://repo.anaconda.com/pkgs/main/linux-64/httpx-0.28.1-py314h06a4308_1.conda#74bccf764a540fe0a8c9c3982eaebbfa
https://repo.anaconda.com/pkgs/main/linux-64/jsonschema-specifications-2025.9.1-py314h06a4308_0.conda#074ff47f048eef9e9f4849bf3bd2e2b4
https://repo.anaconda.com/pkgs/main/linux-64/jupyter_client-8.6.3-py314h06a4308_1.conda#4664be8e1887491e76bd0309e232b2c5
https://conda.anaconda.org/conda-forge/noarch/jupyter_server_terminals-0.5.3-pyhd8ed1ab_1.conda#2d983ff1b82a1ccb6f2e9d8784bdd6bd
https://repo.anaconda.com/pkgs/main/linux-64/numexpr-2.14.1-py314h4c79f44_0.conda#344917d6b1e0c6117a87b1d41e6da7ef
https://repo.anaconda.com/pkgs/main/noarch/prompt_toolkit-3.0.52-hd3eb1b0_1.conda#446203e5c534c79b7f50c217c76dd460
https://repo.anaconda.com/pkgs/main/noarch/argon2-cffi-21.3.0-pyhd3eb1b0_0.conda#f00b851bc61b4c313903d31c7daecb09
https://repo.anaconda.com/pkgs/main/linux-64/ipython-9.7.0-py314h06a4308_0.conda#a3db9423cb1dbd33d4ab88f8e8504516
https://conda.anaconda.org/conda-forge/noarch/isoduration-20.11.0-pyhd8ed1ab_1.conda#0b0154421989637d424ccf0f104be51a
https://repo.anaconda.com/pkgs/main/linux-64/jsonschema-4.25.0-py314h06a4308_1.conda#79c6c085a509c210fd3ee32fc6676a5b
https://conda.anaconda.org/conda-forge/linux-64/libarrow-22.0.0-h773bc41_4_cpu.conda#9d89be0b1ca8be7eedf821a365926338
https://repo.anaconda.com/pkgs/main/linux-64/pandas-2.3.3-py314hda4e5d8_1.conda#a3fc24fdb07b9508d1a7133b2f54d74a
https://repo.anaconda.com/pkgs/main/linux-64/urllib3-2.5.0-py314h06a4308_0.conda#63288b7db391d5d90d0d78b4e543c304
https://conda.anaconda.org/conda-forge/noarch/altair-6.0.0-pyhd8ed1ab_1.conda#36a31df7e76e845fb87f8d0a2c8c5ebf
https://repo.anaconda.com/pkgs/main/linux-64/ipykernel-6.31.0-py314h6fa48dc_0.conda#9278ffe4646a0aa669558694c4a7dae8
https://conda.anaconda.org/conda-forge/noarch/jsonschema-with-format-nongpl-4.25.0-he01879c_0.conda#f4c7afaf838ab5bb1c4e73eb3095fb26
https://conda.anaconda.org/conda-forge/linux-64/libarrow-compute-22.0.0-h8c2c5c3_4_cpu.conda#fdecd3d6168561098fa87d767de05171
https://conda.anaconda.org/conda-forge/linux-64/libparquet-22.0.0-h7376487_4_cpu.conda#5e9383b1d25179787aff71aaad8208aa
https://repo.anaconda.com/pkgs/main/linux-64/nbformat-5.10.4-py314h06a4308_0.conda#038a7c82f9a243223e7e8cbee2a4f337
https://repo.anaconda.com/pkgs/main/linux-64/requests-2.32.5-py314h06a4308_1.conda#a5709fdf5888dd16d9fea9df38e9d011
https://conda.anaconda.org/conda-forge/noarch/altair_tiles-0.4.0-pyhd8ed1ab_0.conda#591c8aed9f840a2a17202f2b9f93329b
https://conda.anaconda.org/conda-forge/noarch/jupyter_events-0.12.0-pyh29332c3_0.conda#f56000b36f09ab7533877e695e4e8cb0
https://conda.anaconda.org/conda-forge/linux-64/libarrow-acero-22.0.0-h635bf11_4_cpu.conda#20f1a4625bce6e9b41e01232895450d9
https://repo.anaconda.com/pkgs/main/linux-64/nbclient-0.10.2-py314h06a4308_0.conda#58846c90bd6217fb367a509d5202d520
https://conda.anaconda.org/conda-forge/linux-64/pyarrow-core-22.0.0-py314h52d6ec5_0_cpu.conda#3c690d2816c2fe6e8d02a0f60549a393
https://conda.anaconda.org/conda-forge/linux-64/libarrow-dataset-22.0.0-h635bf11_4_cpu.conda#6389644214f7707ab05f17f464863ed3
https://conda.anaconda.org/conda-forge/noarch/nbconvert-core-7.16.6-pyhcf101f3_1.conda#cfc86ccc3b1de35d36ccaae4c50391f5
https://conda.anaconda.org/conda-forge/noarch/jupyter_server-2.17.0-pyhcf101f3_0.conda#d79a87dcfa726bcea8e61275feed6f83
https://conda.anaconda.org/conda-forge/linux-64/libarrow-substrait-22.0.0-h3f74fd7_4_cpu.conda#6f07bf204431fb87d8f827807d752662
https://conda.anaconda.org/conda-forge/noarch/jupyter-lsp-2.3.0-pyhcf101f3_0.conda#62b7c96c6cd77f8173cc5cada6a9acaa
https://conda.anaconda.org/conda-forge/noarch/jupyterlab_server-2.28.0-pyhcf101f3_0.conda#a63877cb23de826b1620d3adfccc4014
https://conda.anaconda.org/conda-forge/noarch/notebook-shim-0.2.4-pyhd8ed1ab_1.conda#e7f89ea5f7ea9401642758ff50a2d9c1
https://conda.anaconda.org/conda-forge/linux-64/pyarrow-22.0.0-py314hdafbbf9_0.conda#ecb1085032bfa2bbd310807ca6c0c7f6
https://conda.anaconda.org/conda-forge/noarch/jupyterlab-4.5.0-pyhd8ed1ab_0.conda#e6dc3d6bf1591f0ebe8e77959e950660
https://conda.anaconda.org/conda-forge/noarch/notebook-7.5.0-pyhcf101f3_0.conda#3cf7402eb77b6434e830b6863a0e6118
https://conda.anaconda.org/conda-forge/noarch/widgetsnbextension-3.5.1-pyh9f0ad1d_3.tar.bz2#54a817def76d202564aefb53a4767328
https://repo.anaconda.com/pkgs/main/noarch/ipywidgets-7.6.5-pyhd3eb1b0_1.conda#caaa1ad3338bde18078f88b08d7b3e3b
https://conda.anaconda.org/conda-forge/noarch/anywidget-0.9.21-pyhd8ed1ab_0.conda#57f60e533706612b69fe7db6980aec67
https://conda.anaconda.org/conda-forge/noarch/altair-all-6.0.0-pyhd8ed1ab_1.conda#db4632b92abbe3a64580dc7887898356
