# Generated by conda-lock.
# platform: osx-arm64
# input_hash: a2dd8bdfb1845d4059090d1cc4871b0a8823331d8aa97a107f83ff9c148e57f7
@EXPLICIT
https://repo.anaconda.com/pkgs/main/osx-arm64/bzip2-1.0.8-h80987f9_6.conda#27a1ffbd30ff6427c112a733410e2f57
https://repo.anaconda.com/pkgs/main/osx-arm64/ca-certificates-2025.11.4-hca03da5_0.conda#019b1f15d967aab6fc2f79e2e8b808e8
https://repo.anaconda.com/pkgs/main/osx-arm64/libev-4.33-h1a28f6b_1.conda#00cac99189c361c3b2cbf506ae6cc718
https://repo.anaconda.com/pkgs/main/osx-arm64/libmpdec-4.0.0-h80987f9_0.conda#7b01d2d5e276a24dd44e7846406656ed
https://conda.anaconda.org/conda-forge/osx-arm64/libopentelemetry-cpp-headers-1.21.0-hce30654_1.conda#c7df4b2d612208f3a27486c113b6aefc
https://repo.anaconda.com/pkgs/main/osx-arm64/libsodium-1.0.18-h1a28f6b_0.conda#c3872d57624b5db1397b5381fa26743b
https://repo.anaconda.com/pkgs/main/osx-arm64/llvm-openmp-17.0.6-h2f17746_0.conda#5e958eb1ab7c5b410f1a26a207d15916
https://repo.anaconda.com/pkgs/main/osx-arm64/nlohmann_json-3.11.2-h313beb8_0.conda#5cc48a403acb53596382724e41f99a6b
https://repo.anaconda.com/pkgs/main/osx-arm64/python_abi-3.14-2_cp314.conda#763817a63ae71bf32da4e4ecc11d8081
https://repo.anaconda.com/pkgs/main/noarch/tzdata-2025b-h04d1e81_0.conda#1d027393db3427ab22a02aa44a56f143
https://repo.anaconda.com/pkgs/main/osx-arm64/yaml-0.2.5-h1a28f6b_0.conda#23a9bda10db68f27fac5c379466c98b7
https://conda.anaconda.org/conda-forge/osx-arm64/aws-c-common-0.12.5-hc919400_1.conda#7338b3d3f6308f375c94370728df10fc
https://conda.anaconda.org/conda-forge/osx-arm64/c-ares-1.34.5-h5505292_0.conda#f8cd1beb98240c7edb1a95883360ccfa
https://conda.anaconda.org/conda-forge/osx-arm64/icu-75.1-hfee45f7_0.conda#5eb22c1d7b3fc4abb50d92d621583137
https://conda.anaconda.org/conda-forge/osx-arm64/libbrotlicommon-1.2.0-hc919400_1.conda#006e7ddd8a110771134fcc4e1e3a6ffa
https://conda.anaconda.org/conda-forge/osx-arm64/libcxx-21.1.6-hf598326_0.conda#3ea79e55a64bff6c3cbd4588c89a527a
https://conda.anaconda.org/conda-forge/osx-arm64/libexpat-2.7.3-haf25636_0.conda#b79875dbb5b1db9a4a22a4520f918e1a
https://conda.anaconda.org/conda-forge/osx-arm64/libffi-3.5.2-he5f378a_0.conda#411ff7cd5d1472bba0f55c0faf04453b
https://repo.anaconda.com/pkgs/main/osx-arm64/libgfortran5-15.2.0-hb654fa1_1.conda#f8c6fe3676f16600a1f4a3acd37d9380
https://conda.anaconda.org/conda-forge/osx-arm64/libiconv-1.18-h23cfdf5_2.conda#4d5a7445f0b25b6a3ddbb56e790f5251
https://conda.anaconda.org/conda-forge/osx-arm64/liblzma-5.8.1-h39f12f2_2.conda#d6df911d4564d77c4374b02552cb17d1
https://conda.anaconda.org/conda-forge/osx-arm64/libutf8proc-2.11.2-hd2415e0_0.conda#1ae98806b064c48f184d7c6e0ac506b6
https://conda.anaconda.org/conda-forge/osx-arm64/libzlib-1.3.1-h8359307_2.conda#369964e85dc26bfe78f41399b366c435
https://conda.anaconda.org/conda-forge/osx-arm64/ncurses-6.5-h5e97a16_3.conda#068d497125e4bf8a66bf707254fff5ae
https://conda.anaconda.org/conda-forge/osx-arm64/openssl-3.6.0-h5503f6c_0.conda#b34dc4172653c13dcf453862f251af2b
https://conda.anaconda.org/conda-forge/osx-arm64/aws-c-cal-0.9.10-hca30140_1.conda#4fc87188540710b79f4e4837968aff6c
https://conda.anaconda.org/conda-forge/osx-arm64/aws-c-compression-0.3.1-h61d5560_8.conda#ea7a505949c1bf4a51b2cccc89f8120d
https://conda.anaconda.org/conda-forge/osx-arm64/aws-c-sdkutils-0.2.4-h61d5560_3.conda#2781d442c010c31abcad68703ebbc205
https://conda.anaconda.org/conda-forge/osx-arm64/aws-checksums-0.2.7-h61d5560_4.conda#4fca5f39d47042f0cb0542e0c1420875
https://repo.anaconda.com/pkgs/main/osx-arm64/gflags-2.2.2-h313beb8_1.conda#8b7ebeae53d1e665baebba713bb18b3b
https://conda.anaconda.org/conda-forge/osx-arm64/libabseil-20250512.1-cxx17_hd41c47c_0.conda#360dbb413ee2c170a0a684a33c4fc6b8
https://repo.anaconda.com/pkgs/main/osx-arm64/libblas-3.9.0-1_h9886b1c_netlib.conda#e22d347ae55c432570435b7252e13909
https://conda.anaconda.org/conda-forge/osx-arm64/libbrotlidec-1.2.0-hc919400_1.conda#079e88933963f3f149054eec2c487bc2
https://conda.anaconda.org/conda-forge/osx-arm64/libbrotlienc-1.2.0-hc919400_1.conda#b2b7c8288ca1a2d71ff97a8e6a1e8883
https://repo.anaconda.com/pkgs/main/osx-arm64/libcrc32c-1.1.2-hc377ac9_0.conda#d8ab04314ecd97e6de826f1c854ee11f
https://repo.anaconda.com/pkgs/main/osx-arm64/libedit-3.1.20230828-h80987f9_0.conda#18a06026af4782b6557d4ff94d1a7177
https://repo.anaconda.com/pkgs/main/osx-arm64/libevent-2.1.12-h02f6b3c_1.conda#95a45e0c0f91f61832d6dee0566b4277
https://conda.anaconda.org/conda-forge/osx-arm64/libnghttp2-1.67.0-hc438710_0.conda#a4b4dd73c67df470d091312ab87bf6ae
https://conda.anaconda.org/conda-forge/osx-arm64/libsqlite-3.51.0-h8adb53f_0.conda#5fb1945dbc6380e6fe7e939a62267772
https://conda.anaconda.org/conda-forge/osx-arm64/libxml2-16-2.15.1-h0ff4647_0.conda#438c97d1e9648dd7342f86049dd44638
https://conda.anaconda.org/conda-forge/osx-arm64/lz4-c-1.10.0-h286801f_1.conda#01511afc6cc1909c5303cf31be17b44f
https://repo.anaconda.com/pkgs/main/osx-arm64/readline-8.2-h1a28f6b_0.conda#8e3d8eb62e32065d41fad9a83a901254
https://conda.anaconda.org/conda-forge/osx-arm64/snappy-1.2.2-hada39a4_1.conda#fca4a2222994acd7f691e57f94b750c5
https://repo.anaconda.com/pkgs/main/osx-arm64/zeromq-4.3.5-h313beb8_0.conda#27bba9d479bd0a5ac0555ff2f2076245
https://conda.anaconda.org/conda-forge/osx-arm64/zlib-1.3.1-h8359307_2.conda#e3170d898ca6cb48f1bb567afb92f775
https://conda.anaconda.org/conda-forge/osx-arm64/zstd-1.5.7-h6491c7d_2.conda#e6f69c7bcccdefa417f056fa593b40f0
https://conda.anaconda.org/conda-forge/osx-arm64/aws-c-io-0.23.3-h9710c81_3.conda#7082548c604681cc9bafafab7fb5d3c1
https://conda.anaconda.org/conda-forge/osx-arm64/glog-0.7.1-heb240a5_0.conda#fef68d0a95aa5b84b5c1a4f6f3bf40e1
https://repo.anaconda.com/pkgs/main/osx-arm64/krb5-1.21.3-hf3e1bf2_0.conda#e0f9b0cd473603ab79a64a6c9c7931f5
https://repo.anaconda.com/pkgs/main/osx-arm64/libcblas-3.9.0-1_h9886b1c_netlib.conda#4bb33dd280ba1a03e4a2e97c4195a083
https://repo.anaconda.com/pkgs/main/osx-arm64/liblapack-3.9.0-1_h9886b1c_netlib.conda#88e2b40fb2f566e6c20e630db3715f19
https://conda.anaconda.org/conda-forge/osx-arm64/libprotobuf-6.31.1-h658db43_2.conda#155d3d17eaaf49ddddfe6c73842bc671
https://conda.anaconda.org/conda-forge/osx-arm64/libre2-11-2025.11.05-h91c62da_0.conda#060f099756e6baf2ed51b9065e44eda8
https://repo.anaconda.com/pkgs/main/osx-arm64/libssh2-1.11.1-h3e2b118_0.conda#b5aa2854a5872c57538743b4a85a731d
https://conda.anaconda.org/conda-forge/osx-arm64/libthrift-0.22.0-h14a376c_1.conda#3161023bb2f8c152e4c9aa59bdd40975
https://conda.anaconda.org/conda-forge/osx-arm64/libxml2-2.15.1-h9329255_0.conda#fb5ce61da27ee937751162f86beba6d1
https://repo.anaconda.com/pkgs/main/osx-arm64/tk-8.6.14-h6ba3021_1.conda#3dd6d73dac5c9b446c0784c68942b6f6
https://conda.anaconda.org/conda-forge/osx-arm64/aws-c-event-stream-0.5.6-h18584fc_6.conda#217309e051c2e6cbf035b5d203154d61
https://conda.anaconda.org/conda-forge/osx-arm64/aws-c-http-0.10.7-hcd69b29_4.conda#9f62f3d038641e5aaebe15e3aa0a81d2
https://conda.anaconda.org/conda-forge/osx-arm64/libcurl-8.17.0-hdece5d2_0.conda#791003efe92c17ed5949b309c61a5ab1
https://conda.anaconda.org/conda-forge/osx-arm64/orc-2.2.1-h4fd0076_0.conda#b5dea50c77ab3cc18df48bdc9994ac44
https://conda.anaconda.org/conda-forge/osx-arm64/python-3.14.0-h40d2674_102_cp314.conda#a9ff09231c555da7e30777747318321b
https://conda.anaconda.org/conda-forge/osx-arm64/re2-2025.11.05-h64b956e_0.conda#1b35e663ed321840af65e7c5cde419f2
https://repo.anaconda.com/pkgs/main/osx-arm64/appnope-0.1.4-py314hca03da5_0.conda#07c4215f0f5e2cb06e3fcb4a556a4f5d
https://conda.anaconda.org/conda-forge/osx-arm64/arro3-core-0.6.5-py314h8d4a433_0.conda#af115d242f891195e86e0efd6886e2fa
https://repo.anaconda.com/pkgs/main/osx-arm64/asttokens-3.0.0-py314hca03da5_0.conda#41f3c739e3befce058597df5ba98fc7a
https://repo.anaconda.com/pkgs/main/osx-arm64/async-lru-2.0.5-py314hca03da5_0.conda#9de165e04a2511291f940e2888bc8bb2
https://repo.anaconda.com/pkgs/main/osx-arm64/attrs-25.4.0-py314hca03da5_2.conda#cf11677cdd464334a759b0f16ddee4ad
https://conda.anaconda.org/conda-forge/osx-arm64/aws-c-auth-0.9.1-h8818502_7.conda#5911d3f258ad38448633e3cae7974dce
https://conda.anaconda.org/conda-forge/osx-arm64/aws-c-mqtt-0.13.3-ha255ef3_10.conda#9cd47db715a96fdfb8b4a73f1a5de587
https://conda.anaconda.org/conda-forge/osx-arm64/azure-core-cpp-1.16.1-h88fedcc_0.conda#fbe485a39b05090c0b5f8bb4febcd343
https://repo.anaconda.com/pkgs/main/osx-arm64/babel-2.17.0-py314hca03da5_0.conda#82fc4e6b52a931b2a229edbec8d6e184
https://repo.anaconda.com/pkgs/main/osx-arm64/cached-property-2.0.1-py314hca03da5_0.conda#56307e7032864285c5a95c81ce5e7bf9
https://repo.anaconda.com/pkgs/main/osx-arm64/certifi-2025.11.12-py314hca03da5_0.conda#b2f39692e99646eeb9e9948398afa48d
https://repo.anaconda.com/pkgs/main/osx-arm64/charset-normalizer-3.4.4-py314hca03da5_0.conda#a33e3af0150b329690667f25b903d616
https://repo.anaconda.com/pkgs/main/osx-arm64/click-8.2.1-py314hca03da5_0.conda#cb722d7f17491ec2d0f99f9970e6f668
https://repo.anaconda.com/pkgs/main/osx-arm64/comm-0.2.3-py314hca03da5_0.conda#78b8f726bf827f1b3c4e5e17909633a1
https://conda.anaconda.org/conda-forge/noarch/cpython-3.14.0-py314hd8ed1ab_102.conda#ff3061d315c4a988fa1c29c543800780
https://conda.anaconda.org/conda-forge/osx-arm64/debugpy-1.8.17-py314hac9ea21_0.conda#321942ce21d3c63cf061a9b83fc03b76
https://repo.anaconda.com/pkgs/main/osx-arm64/decorator-5.2.1-py314hca03da5_0.conda#8c3d97c5e6c412039c188480f2647f55
https://repo.anaconda.com/pkgs/main/noarch/defusedxml-0.7.1-pyhd3eb1b0_0.conda#d912068b0729930972adcaac338882c0
https://repo.anaconda.com/pkgs/main/osx-arm64/executing-2.2.1-py314hca03da5_0.conda#3eb9dbe9eb83f6d5560273422c644689
https://repo.anaconda.com/pkgs/main/osx-arm64/h11-0.16.0-py314hca03da5_1.conda#f95ebdfa6d168eb9155c28f422a1594f
https://repo.anaconda.com/pkgs/main/osx-arm64/idna-3.11-py314hca03da5_0.conda#ad53c9e476bd7481158b561a3f854f57
https://repo.anaconda.com/pkgs/main/osx-arm64/importlib_resources-6.5.2-py314hca03da5_0.conda#9230486665099a748699c3d7dbd7d229
https://repo.anaconda.com/pkgs/main/osx-arm64/json5-0.12.1-py314hca03da5_0.conda#8ab21bd552f61d43e41bd863b8d78dc4
https://repo.anaconda.com/pkgs/main/osx-arm64/jsonpointer-3.0.0-py314hca03da5_0.conda#698bb33f020afad852b2e5e4572c4c14
https://repo.anaconda.com/pkgs/main/noarch/jupyterlab_widgets-1.0.0-pyhd3eb1b0_1.conda#9b1fcf8e060e6f4b05dce4b172259168
https://conda.anaconda.org/conda-forge/noarch/lark-1.3.1-pyhd8ed1ab_0.conda#9b965c999135d43a3d0f7bd7d024e26a
https://conda.anaconda.org/conda-forge/osx-arm64/libgrpc-1.73.1-h3063b79_1.conda#f5856b3b9dae4463348a7ec23c1301f2
https://repo.anaconda.com/pkgs/main/osx-arm64/markupsafe-3.0.2-py314h75312c3_0.conda#7080b37ef10469823d8ecf6a92131e63
https://repo.anaconda.com/pkgs/main/osx-arm64/mistune-3.1.2-py314hca03da5_0.conda#8e88cdcb25522ef4aa09a63274fd34a2
https://repo.anaconda.com/pkgs/main/osx-arm64/narwhals-2.7.0-py314hca03da5_0.conda#81f4a2a5734459ff799abbf9e849edb1
https://repo.anaconda.com/pkgs/main/noarch/nest-asyncio-1.5.1-pyhd3eb1b0_0.conda#de1248e84dd58965e5199beff21adedd
https://conda.anaconda.org/conda-forge/osx-arm64/numpy-2.3.5-py314h5b5928d_0.conda#e126981f973ddc2510d7a249c5b69533
https://repo.anaconda.com/pkgs/main/osx-arm64/overrides-7.7.0-py314hca03da5_0.conda#7c587adfb2b6f769034206d84a907992
https://repo.anaconda.com/pkgs/main/osx-arm64/packaging-25.0-py314hca03da5_1.conda#c0d16e3dc470288dcf9deb739bc1c51f
https://repo.anaconda.com/pkgs/main/osx-arm64/pandocfilters-1.5.1-py314hca03da5_0.conda#33ffef942975139135d4667467607bc2
https://repo.anaconda.com/pkgs/main/osx-arm64/parso-0.8.5-py314hca03da5_0.conda#74e1b80066ff6cb4c7513f2763462f8d
https://repo.anaconda.com/pkgs/main/noarch/pip-25.3-pyh0d26453_0.conda#bcd0668c475baeaf14927f9fd79e88d2
https://repo.anaconda.com/pkgs/main/osx-arm64/platformdirs-4.5.0-py314hca03da5_0.conda#6fbce668bb86effb5a95af354e75f00e
https://conda.anaconda.org/conda-forge/osx-arm64/prometheus-cpp-1.3.0-h0967b3e_0.conda#7172339b49c94275ba42fec3eaeda34f
https://repo.anaconda.com/pkgs/main/osx-arm64/prometheus_client-0.21.1-py314hca03da5_0.conda#3815bcb510ff407f4137b8ac4d17c833
https://conda.anaconda.org/conda-forge/osx-arm64/psutil-7.1.3-py314h9d33bd4_0.conda#7259e501bb4288143582312017bb1e44
https://repo.anaconda.com/pkgs/main/noarch/ptyprocess-0.7.0-pyhd3eb1b0_3.conda#f50f8c0bccb614213191c4aaa854e76f
https://repo.anaconda.com/pkgs/main/osx-arm64/pure_eval-0.2.3-py314hca03da5_0.conda#0eeed0a8decda358d09c0941f8024df6
https://repo.anaconda.com/pkgs/main/osx-arm64/pycparser-2.23-py314hca03da5_0.conda#954c24db3c1e37dd2d7b428120ac160d
https://repo.anaconda.com/pkgs/main/osx-arm64/pygments-2.19.2-py314hca03da5_0.conda#8e323116ad5193887433247115e0ad4d
https://repo.anaconda.com/pkgs/main/osx-arm64/pysocks-1.7.1-py314hca03da5_1.conda#5d8f166e7d2d54f8ec182c9ecfc7c7e6
https://repo.anaconda.com/pkgs/main/osx-arm64/python-fastjsonschema-2.21.2-py314hca03da5_0.conda#963b9590b0e8e9bb922e952ffc574606
https://repo.anaconda.com/pkgs/main/noarch/python-gil-3.14.0-py314h13117d0_101.conda#b02cf42e8fe64612c64b9e6fae22855e
https://repo.anaconda.com/pkgs/main/osx-arm64/python-json-logger-3.2.1-py314hca03da5_0.conda#38de7d4dd234d4550dfd54a5887d22fe
https://repo.anaconda.com/pkgs/main/noarch/python-tzdata-2025.2-pyhd3eb1b0_0.conda#5ac858f05dbf9d3cdb04d53516901247
https://repo.anaconda.com/pkgs/main/osx-arm64/pytz-2025.2-py314hca03da5_0.conda#485a75c234bb2cf46c28be2f5d4beca5
https://repo.anaconda.com/pkgs/main/osx-arm64/pyyaml-6.0.2-py314hf107ba7_0.conda#343ab8f7fab0f20bd32db1a71626f416
https://repo.anaconda.com/pkgs/main/osx-arm64/rfc3986-validator-0.1.1-py314hca03da5_0.conda#561c48e3b5f29e69f405127ca2d0ffa2
https://conda.anaconda.org/conda-forge/osx-arm64/rpds-py-0.29.0-py314haad56a0_0.conda#6372aff190b91bae59471c658cd08c4a
https://repo.anaconda.com/pkgs/main/osx-arm64/send2trash-1.8.2-py314hca03da5_1.conda#e90e481cb5dcc1b029ed95bce46d9b52
https://repo.anaconda.com/pkgs/main/osx-arm64/setuptools-80.9.0-py314hca03da5_0.conda#b28875bce06d94652dfdb35515a9deba
https://repo.anaconda.com/pkgs/main/osx-arm64/six-1.17.0-py314hca03da5_0.conda#698fd3944f3c61b4b74a9d87750021db
https://repo.anaconda.com/pkgs/main/osx-arm64/sniffio-1.3.0-py314hca03da5_0.conda#1296044a7505adec87e54ae2e5aa44a1
https://repo.anaconda.com/pkgs/main/osx-arm64/soupsieve-2.5-py314hca03da5_0.conda#6547aaa994bb08b891626f34c6d771be
https://repo.anaconda.com/pkgs/main/osx-arm64/tomli-2.2.1-py314hca03da5_0.conda#8d1f8c475ee7d4df5bb75317f4012de1
https://repo.anaconda.com/pkgs/main/osx-arm64/tornado-6.5.1-py314h75312c3_0.conda#06c20e3924286e8ec85c6a1c0c2f4038
https://repo.anaconda.com/pkgs/main/osx-arm64/traitlets-5.14.3-py314hca03da5_0.conda#195c2ecdd39e49ffae9f8a8a5fbb5aef
https://repo.anaconda.com/pkgs/main/osx-arm64/typing_extensions-4.15.0-py314hca03da5_0.conda#4ed313cebef8e98a9a9fc1db917dce68
https://conda.anaconda.org/conda-forge/noarch/uri-template-1.3.0-pyhd8ed1ab_1.conda#e7cb0f5745e4c5035a460248334af7eb
https://conda.anaconda.org/conda-forge/osx-arm64/vl-convert-python-1.8.0-py314h0612a62_1.conda#e6d563ae39986f3d2b06c0dd0cd6aaee
https://repo.anaconda.com/pkgs/main/osx-arm64/wcwidth-0.2.13-py314hca03da5_0.conda#db253fce17342f578fc4c5e05e883931
https://conda.anaconda.org/conda-forge/noarch/webcolors-25.10.0-pyhd8ed1ab_0.conda#6639b6b0d8b5a284f027a2003669aa65
https://repo.anaconda.com/pkgs/main/osx-arm64/webencodings-0.5.1-py314hca03da5_2.conda#9137da0af6e1a88d3f7866fd1d49bcf6
https://repo.anaconda.com/pkgs/main/osx-arm64/websocket-client-1.8.0-py314hca03da5_0.conda#f3cf1b4b2b0b444a40926e15385d5c6d
https://repo.anaconda.com/pkgs/main/osx-arm64/wrapt-1.17.0-py314h75312c3_0.conda#bbe725bca6347b4c51e2a665b87c9ac6
https://repo.anaconda.com/pkgs/main/osx-arm64/xyzservices-2025.4.0-py314hca03da5_0.conda#78e4678d9e0cd79c558d7b39b9b9ad0e
https://repo.anaconda.com/pkgs/main/osx-arm64/zipp-3.23.0-py314hca03da5_0.conda#93a3a997b330b3f34618bcf7b8521daa
https://conda.anaconda.org/conda-forge/noarch/_python_abi3_support-1.0-hd8ed1ab_2.conda#aaa2a381ccc56eac91d63b6c1240312f
https://repo.anaconda.com/pkgs/main/osx-arm64/anyio-4.10.0-py314hca03da5_0.conda#9e7087db7f3203330f336fd1a67f0943
https://conda.anaconda.org/conda-forge/osx-arm64/aws-c-s3-0.10.1-hd860258_2.conda#aedf566be89662b89085bede11c0731a
https://conda.anaconda.org/conda-forge/osx-arm64/azure-identity-cpp-1.13.2-h853621b_1.conda#fac63edc393d7035ab23fbccdeda34f4
https://conda.anaconda.org/conda-forge/osx-arm64/azure-storage-common-cpp-12.11.0-h7e4aa5d_1.conda#ac9113ea0b7ed5ecf452503f82bf2956
https://conda.anaconda.org/conda-forge/noarch/bleach-6.3.0-pyhcf101f3_0.conda#b1a27250d70881943cca0dd6b4ba0956
https://conda.anaconda.org/conda-forge/osx-arm64/cffi-2.0.0-py314h44086f9_1.conda#10dd19e4c797b8f8bdb1ec1fbb6821d7
https://conda.anaconda.org/conda-forge/noarch/fqdn-1.5.1-pyhd8ed1ab_1.conda#d3549fd50d450b6d9e7dddff25dd2110
https://repo.anaconda.com/pkgs/main/osx-arm64/httpcore-1.0.9-py314hca03da5_0.conda#8300ac87c46a180dfdfd40cac563e63a
https://repo.anaconda.com/pkgs/main/osx-arm64/importlib-metadata-8.7.0-py314hca03da5_0.conda#0939b2792a6f7f2d27002b7854e5c592
https://repo.anaconda.com/pkgs/main/osx-arm64/ipython_pygments_lexers-1.1.1-py314hca03da5_0.conda#c4dfceca704a9f920e6d92014af5a6a9
https://repo.anaconda.com/pkgs/main/osx-arm64/jedi-0.19.2-py314hca03da5_0.conda#13ca3fd7dce596a7c51a5413e5848593
https://repo.anaconda.com/pkgs/main/osx-arm64/jinja2-3.1.6-py314hca03da5_0.conda#829162a1dd0ec73588ed0d73e7934066
https://repo.anaconda.com/pkgs/main/osx-arm64/jupyter_core-5.8.1-py314hca03da5_0.conda#816b2f1eec8f4238340292a637004dcd
https://repo.anaconda.com/pkgs/main/osx-arm64/jupyterlab_pygments-0.3.0-py314hca03da5_0.conda#026a4bbcd55bf855eff3a92ceb3f7d2f
https://conda.anaconda.org/conda-forge/osx-arm64/libgoogle-cloud-2.39.0-head0a95_0.conda#ad7272a081abe0966d0297691154eda5
https://conda.anaconda.org/conda-forge/osx-arm64/libopentelemetry-cpp-1.21.0-he15edb5_1.conda#cbcea547d6d831863ab0a4e164099062
https://repo.anaconda.com/pkgs/main/osx-arm64/matplotlib-inline-0.2.1-py314hca03da5_0.conda#a49c554f47942a75691263e125b4d60b
https://conda.anaconda.org/conda-forge/noarch/mercantile-1.2.1-pyhd8ed1ab_1.conda#9820756deea38bd213240fd0556d44b8
https://repo.anaconda.com/pkgs/main/osx-arm64/pexpect-4.9.0-py314hca03da5_1.conda#e6b56e536789b86d425a0ceaeb2ebf91
https://repo.anaconda.com/pkgs/main/osx-arm64/prompt-toolkit-3.0.52-py314hca03da5_1.conda#673f3c96ed4a223cb50ef608dcbc5547
https://repo.anaconda.com/pkgs/main/osx-arm64/psygnal-0.12.0-py314hca03da5_0.conda#14360ad7f3e856776c40807c450b35d7
https://repo.anaconda.com/pkgs/main/osx-arm64/python-dateutil-2.9.0post0-py314hca03da5_2.conda#06a622740a89ffb340a335df75d690d0
https://repo.anaconda.com/pkgs/main/osx-arm64/referencing-0.37.0-py314hca03da5_0.conda#d2ae5d71c2feeeb933a41632f9c027f7
https://conda.anaconda.org/conda-forge/noarch/rfc3339-validator-0.1.4-pyhd8ed1ab_1.conda#36de09a8d3e5d5e6f4ee63af49e59706
https://conda.anaconda.org/conda-forge/noarch/rfc3987-syntax-1.1.0-pyhe01879c_1.conda#7234f99325263a5af6d4cd195035e8f2
https://repo.anaconda.com/pkgs/main/osx-arm64/stack_data-0.6.3-py314hca03da5_0.conda#63a212705cd5223222815b48d3ccdded
https://repo.anaconda.com/pkgs/main/osx-arm64/terminado-0.18.1-py314hca03da5_0.conda#727d6c528708ca57b174bb1e72e23680
https://repo.anaconda.com/pkgs/main/osx-arm64/tinycss2-1.4.0-py314hca03da5_0.conda#542a7e60c421a31152131c271930a83f
https://repo.anaconda.com/pkgs/main/osx-arm64/typing-extensions-4.15.0-py314hca03da5_0.conda#1388ffc62b11a17eb5b4c46e6627eb18
https://conda.anaconda.org/conda-forge/osx-arm64/vegafusion-2.0.3-py314h23c139d_0.conda#661afce0901543f0f34b2aed1004962c
https://conda.anaconda.org/conda-forge/osx-arm64/argon2-cffi-bindings-25.1.0-py314h0612a62_2.conda#a240a79a49a95b388ef81ccda27a5e51
https://repo.anaconda.com/pkgs/main/osx-arm64/arrow-1.4.0-py314hca03da5_0.conda#f90b42842fa6c0b8f33d4bc03cee6ae8
https://conda.anaconda.org/conda-forge/osx-arm64/aws-crt-cpp-0.35.2-h5596a46_4.conda#cbecfd2ff3b568b8b206eec25e977aba
https://conda.anaconda.org/conda-forge/osx-arm64/azure-storage-blobs-cpp-12.15.0-h10d327b_1.conda#443b74cf38c6b0f4b675c0517879ce69
https://repo.anaconda.com/pkgs/main/osx-arm64/beautifulsoup4-4.14.2-py314hca03da5_0.conda#2991afc34c6693e24acde00cfbb188c6
https://conda.anaconda.org/conda-forge/noarch/bleach-with-css-6.3.0-h5f6438b_0.conda#08a03378bc5293c6f97637323802f480
https://conda.anaconda.org/conda-forge/osx-arm64/brotlicffi-1.2.0.0-py314h93ecee7_0.conda#7eef416c1231b4f32ecc4adf6af2b31d
https://repo.anaconda.com/pkgs/main/osx-arm64/httpx-0.28.1-py314hca03da5_1.conda#9e18d1dfbec7d4e8403b3e629e7d8016
https://repo.anaconda.com/pkgs/main/osx-arm64/jsonschema-specifications-2025.9.1-py314hca03da5_0.conda#de51a52071a89b15a3b861fdbd52e70b
https://conda.anaconda.org/conda-forge/noarch/jupyter_server_terminals-0.5.3-pyhd8ed1ab_1.conda#2d983ff1b82a1ccb6f2e9d8784bdd6bd
https://conda.anaconda.org/conda-forge/osx-arm64/libgoogle-cloud-storage-2.39.0-hfa3a374_0.conda#147a468b9b6c3ced1fccd69b864ae289
https://conda.anaconda.org/conda-forge/osx-arm64/pandas-2.3.3-py314ha3d490a_1.conda#9ddeb938ece18b5d9b534494cfe0facd
https://repo.anaconda.com/pkgs/main/noarch/prompt_toolkit-3.0.52-hd3eb1b0_1.conda#446203e5c534c79b7f50c217c76dd460
https://conda.anaconda.org/conda-forge/osx-arm64/pyzmq-27.1.0-py312hd65ceae_0.conda#bbd22b0f0454a5972f68a5f200643050
https://repo.anaconda.com/pkgs/main/noarch/argon2-cffi-21.3.0-pyhd3eb1b0_0.conda#f00b851bc61b4c313903d31c7daecb09
https://conda.anaconda.org/conda-forge/osx-arm64/aws-sdk-cpp-1.11.606-h95becb6_7.conda#d761024d957bd11454accf9a181f1890
https://conda.anaconda.org/conda-forge/osx-arm64/azure-storage-files-datalake-cpp-12.13.0-hb288d13_1.conda#595091ae43974e5059d6eabf0a6a7aa5
https://repo.anaconda.com/pkgs/main/osx-arm64/ipython-9.7.0-py314hca03da5_0.conda#eca4c530073692034388723eb10f228f
https://conda.anaconda.org/conda-forge/noarch/isoduration-20.11.0-pyhd8ed1ab_1.conda#0b0154421989637d424ccf0f104be51a
https://repo.anaconda.com/pkgs/main/osx-arm64/jsonschema-4.25.0-py314hca03da5_1.conda#fe89f8d47ca0f193fb94069caf44820b
https://repo.anaconda.com/pkgs/main/osx-arm64/jupyter_client-8.6.3-py314hca03da5_1.conda#14e748f46f997a47a85b00ca29ee027a
https://repo.anaconda.com/pkgs/main/osx-arm64/urllib3-2.5.0-py314hca03da5_0.conda#598070d4cad5c8b28f846e0d2b87a7cc
https://conda.anaconda.org/conda-forge/noarch/altair-6.0.0-pyhd8ed1ab_1.conda#36a31df7e76e845fb87f8d0a2c8c5ebf
https://repo.anaconda.com/pkgs/main/osx-arm64/ipykernel-6.31.0-py314h7136c26_0.conda#9f941422f7589419ce06daeed0684bbc
https://conda.anaconda.org/conda-forge/noarch/jsonschema-with-format-nongpl-4.25.0-he01879c_0.conda#f4c7afaf838ab5bb1c4e73eb3095fb26
https://conda.anaconda.org/conda-forge/osx-arm64/libarrow-22.0.0-h4a3aeba_4_cpu.conda#91aa4b66daf8ac61548cd27c5112655e
https://repo.anaconda.com/pkgs/main/osx-arm64/nbformat-5.10.4-py314hca03da5_0.conda#d475f94a3c353c06076bb958b84153a3
https://repo.anaconda.com/pkgs/main/osx-arm64/requests-2.32.5-py314hca03da5_1.conda#fcf5389ee2067e442832f969375c6046
https://conda.anaconda.org/conda-forge/noarch/altair_tiles-0.4.0-pyhd8ed1ab_0.conda#591c8aed9f840a2a17202f2b9f93329b
https://conda.anaconda.org/conda-forge/noarch/jupyter_events-0.12.0-pyh29332c3_0.conda#f56000b36f09ab7533877e695e4e8cb0
https://conda.anaconda.org/conda-forge/osx-arm64/libarrow-compute-22.0.0-h75845d1_4_cpu.conda#461c83e1825eb0584578e7d6445ab85f
https://conda.anaconda.org/conda-forge/osx-arm64/libparquet-22.0.0-h0ac143b_4_cpu.conda#028c54faa0fdd72dea6d4dd18b8c8210
https://repo.anaconda.com/pkgs/main/osx-arm64/nbclient-0.10.2-py314hca03da5_0.conda#973915f1ca0f8934a5a4c25347db10c4
https://conda.anaconda.org/conda-forge/osx-arm64/libarrow-acero-22.0.0-hc317990_4_cpu.conda#e8b3dc59675ac45f8d10d31f1fd59a87
https://conda.anaconda.org/conda-forge/noarch/nbconvert-core-7.16.6-pyhcf101f3_1.conda#cfc86ccc3b1de35d36ccaae4c50391f5
https://conda.anaconda.org/conda-forge/osx-arm64/pyarrow-core-22.0.0-py314hf20a12a_0_cpu.conda#e02b151500dcd291ab7cd8f2bd46fef3
https://conda.anaconda.org/conda-forge/noarch/jupyter_server-2.17.0-pyhcf101f3_0.conda#d79a87dcfa726bcea8e61275feed6f83
https://conda.anaconda.org/conda-forge/osx-arm64/libarrow-dataset-22.0.0-hc317990_4_cpu.conda#de0eff5023e9ef88889f3dd9c1834207
https://conda.anaconda.org/conda-forge/noarch/jupyter-lsp-2.3.0-pyhcf101f3_0.conda#62b7c96c6cd77f8173cc5cada6a9acaa
https://conda.anaconda.org/conda-forge/noarch/jupyterlab_server-2.28.0-pyhcf101f3_0.conda#a63877cb23de826b1620d3adfccc4014
https://conda.anaconda.org/conda-forge/osx-arm64/libarrow-substrait-22.0.0-h144af7f_4_cpu.conda#ec4ab23fb266c9921dfd7c724181ebc3
https://conda.anaconda.org/conda-forge/noarch/notebook-shim-0.2.4-pyhd8ed1ab_1.conda#e7f89ea5f7ea9401642758ff50a2d9c1
https://conda.anaconda.org/conda-forge/noarch/jupyterlab-4.5.0-pyhd8ed1ab_0.conda#e6dc3d6bf1591f0ebe8e77959e950660
https://conda.anaconda.org/conda-forge/osx-arm64/pyarrow-22.0.0-py314he55896b_0.conda#27b21816e9427b5bb9f5686c122b8730
https://conda.anaconda.org/conda-forge/noarch/notebook-7.5.0-pyhcf101f3_0.conda#3cf7402eb77b6434e830b6863a0e6118
https://conda.anaconda.org/conda-forge/noarch/widgetsnbextension-3.5.1-pyh9f0ad1d_3.tar.bz2#54a817def76d202564aefb53a4767328
https://repo.anaconda.com/pkgs/main/noarch/ipywidgets-7.6.5-pyhd3eb1b0_1.conda#caaa1ad3338bde18078f88b08d7b3e3b
https://conda.anaconda.org/conda-forge/noarch/anywidget-0.9.21-pyhd8ed1ab_0.conda#57f60e533706612b69fe7db6980aec67
https://conda.anaconda.org/conda-forge/noarch/altair-all-6.0.0-pyhd8ed1ab_1.conda#db4632b92abbe3a64580dc7887898356
