# Generated by conda-lock.
# platform: win-64
# input_hash: 53b6458fdad1c788e4da19b7782485e218c54edd797d646d5907ac4ef6c3931b
@EXPLICIT
https://repo.anaconda.com/pkgs/main/win-64/blas-1.0-mkl.conda#29c8be9152b7cbf29578794154d2408f
https://repo.anaconda.com/pkgs/main/win-64/ca-certificates-2025.11.4-haa95532_0.conda#4334b57f16e8db7cbb13362f35033757
https://repo.anaconda.com/pkgs/main/win-64/intel-openmp-2025.0.0-haa95532_1164.conda#0de719e142529193adea7a7757e403df
https://repo.anaconda.com/pkgs/main/win-64/python_abi-3.14-2_cp314.conda#b27a7e1c9d130831d154870fe242bf8e
https://repo.anaconda.com/pkgs/main/noarch/tzdata-2025b-h04d1e81_0.conda#1d027393db3427ab22a02aa44a56f143
https://repo.anaconda.com/pkgs/main/win-64/ucrt-10.0.22621.0-haa95532_0.conda#15e1b10231d7d236520501fcfb440f31
https://repo.anaconda.com/pkgs/main/win-64/winpty-0.4.3-4.conda#5827d9fb8df41153ddc2a2915934c966
https://repo.anaconda.com/pkgs/main/win-64/vc14_runtime-14.44.35208-h4927774_10.conda#13296ea2847729c01c316b089cb28337
https://repo.anaconda.com/pkgs/main/win-64/vc-14.3-h2df5915_10.conda#064c529f6f598fb2225446f76687a170
https://repo.anaconda.com/pkgs/main/win-64/vs2015_runtime-14.44.35208-ha6b5a95_10.conda#58665d8e606897afb52a202669673c40
https://conda.anaconda.org/conda-forge/win-64/aws-c-common-0.12.5-hfd05255_1.conda#47ade93c2f58573ad29519ab7be05321
https://repo.anaconda.com/pkgs/main/win-64/bzip2-1.0.8-h2bbff1b_6.conda#33e784123d565c38e68945f07b461282
https://repo.anaconda.com/pkgs/main/win-64/c-ares-1.34.5-h731ff69_0.conda#3c00024e1a72786537aafcc3704e15a7
https://repo.anaconda.com/pkgs/main/win-64/expat-2.7.3-h9214b88_0.conda#d5ea5838bd330f5b85ee7b4855ac864c
https://conda.anaconda.org/conda-forge/win-64/libabseil-20250512.1-cxx17_habfad5f_0.conda#d6a4cd236fc1c69a1cfc9698fb5e391f
https://repo.anaconda.com/pkgs/main/win-64/libbrotlicommon-1.2.0-h907acca_0.conda#d9c1dc58106b14e5173de685e8593dde
https://repo.anaconda.com/pkgs/main/win-64/libcrc32c-1.1.2-hd77b12b_0.conda#a99bc8113a208482e5085d81b4b79377
https://repo.anaconda.com/pkgs/main/win-64/libffi-3.4.4-hd77b12b_1.conda#9807b377e11739ae3e920e10e607e460
https://repo.anaconda.com/pkgs/main/win-64/libkrb5-1.21.3-h885b0b7_4.conda#ba0a6b4bd669638ac30b3b09e06a387e
https://repo.anaconda.com/pkgs/main/win-64/libmpdec-4.0.0-h827c3e9_0.conda#a294b317c2e3732cafdba824a893b80c
https://repo.anaconda.com/pkgs/main/win-64/libsodium-1.0.20-h83e8143_0.conda#a2d988487e21b03ba9e81ea62f7b176a
https://repo.anaconda.com/pkgs/main/win-64/libutf8proc-2.11.0-hd651ceb_0.conda#4a97013d3b6a4be9bd2c285359900d7e
https://repo.anaconda.com/pkgs/main/win-64/libzlib-1.3.1-h02ab6af_0.conda#1e313539489432d5edd44efbec8a4d53
https://conda.anaconda.org/conda-forge/win-64/lz4-c-1.10.0-h2466b09_1.conda#0b69331897a92fac3d8923549d48d092
https://conda.anaconda.org/conda-forge/win-64/openssl-3.6.0-h725018a_0.conda#84f8fb4afd1157f59098f618cd2437e4
https://conda.anaconda.org/conda-forge/win-64/snappy-1.2.2-h7fa0ca8_1.conda#3075846de68f942150069d4289aaad63
https://repo.anaconda.com/pkgs/main/win-64/sqlite-3.51.0-hda9a48d_0.conda#84ab41899e5cf15f983255366b6e2d8e
https://repo.anaconda.com/pkgs/main/win-64/tbb-2022.0.0-h214f63a_0.conda#2c07cbaecbb2d7149e70844e9a4490d5
https://repo.anaconda.com/pkgs/main/win-64/xz-5.6.4-h4754444_1.conda#6036999a3a2c7a3e3739d6b9351fcb0b
https://repo.anaconda.com/pkgs/main/win-64/yaml-0.2.5-he774522_0.conda#959a63017c520ef9d345bd82ab344e3e
https://conda.anaconda.org/conda-forge/win-64/aws-c-cal-0.9.10-ha82e055_1.conda#11394bff1f454f58ee000350ff3c23a6
https://conda.anaconda.org/conda-forge/win-64/aws-c-compression-0.3.1-h83e01e5_8.conda#c531103556862e44ba19003638b72fb0
https://conda.anaconda.org/conda-forge/win-64/aws-c-sdkutils-0.2.4-h83e01e5_3.conda#1860dd0926b5eb0fcb19b581b908975b
https://conda.anaconda.org/conda-forge/win-64/aws-checksums-0.2.7-h83e01e5_4.conda#789551227529bc1c3ef3cbd1a2a1f5e4
https://repo.anaconda.com/pkgs/main/win-64/krb5-1.21.3-h885b0b7_4.conda#d23a9ff97caf4c43143da0dc103bde91
https://repo.anaconda.com/pkgs/main/win-64/libbrotlidec-1.2.0-h02c67a5_0.conda#6571166b6a690d451fbf6500c4ffba2e
https://repo.anaconda.com/pkgs/main/win-64/libbrotlienc-1.2.0-h483e6b9_0.conda#f2b21ddeba6f3dc5b3206b6913128cc8
https://conda.anaconda.org/conda-forge/win-64/libprotobuf-6.31.1-hdcda5b4_2.conda#0e44c704760bbe4b696d981c3313f665
https://conda.anaconda.org/conda-forge/win-64/libre2-11-2025.11.05-h0eb2380_0.conda#960713477ad3d7f82e5199fa1b940495
https://repo.anaconda.com/pkgs/main/win-64/tbb-devel-2022.0.0-h214f63a_0.conda#2922c9f8b516a122423391ae86d3a2ff
https://repo.anaconda.com/pkgs/main/win-64/zeromq-4.3.5-h6c54ac7_1.conda#6c15d142a27a8370ecb05ca339383a39
https://repo.anaconda.com/pkgs/main/win-64/zlib-1.3.1-h02ab6af_0.conda#4db9b3fbefe915ffb9eef8c812a98c6a
https://conda.anaconda.org/conda-forge/win-64/zstd-1.5.7-hbeecb71_2.conda#21f56217d6125fb30c3c3f10c786d751
https://conda.anaconda.org/conda-forge/win-64/aws-c-io-0.23.3-h6f46d10_3.conda#dd719de51293043208c5b5da2db2e803
https://repo.anaconda.com/pkgs/main/win-64/libssh2-1.11.1-h2addb87_0.conda#d8ae56ee95db60cbd5f8f8ff63ed1f63
https://repo.anaconda.com/pkgs/main/win-64/libthrift-0.22.0-ha2884a9_0.conda#005191b646c8c50fa0ba9840141491fc
https://repo.anaconda.com/pkgs/main/win-64/mkl-2025.0.0-h5da7b33_930.conda#5db306ae419bcdc1f4c2d3ee71d364b4
https://conda.anaconda.org/conda-forge/win-64/orc-2.2.1-h7414dfc_0.conda#a9b6ebf475194b0e5ad43168e9b936a7
https://conda.anaconda.org/conda-forge/win-64/re2-2025.11.05-ha104f34_0.conda#50746f61f199c4c00d42e33f5d6cfd0b
https://repo.anaconda.com/pkgs/main/win-64/tk-8.6.15-hf199647_0.conda#ddff7b6a72958ef802f40a735e505474
https://conda.anaconda.org/conda-forge/win-64/aws-c-event-stream-0.5.6-h3116ff1_6.conda#3e3384e8f33ac0e7d22942d74c566c3e
https://conda.anaconda.org/conda-forge/win-64/aws-c-http-0.10.7-h52d8906_4.conda#0a8e38b5b7ef67f38d0159dc2578fcac
https://conda.anaconda.org/conda-forge/win-64/libcurl-8.17.0-h43ecb02_0.conda#cfade9be135edb796837e7d4c288c0fb
https://conda.anaconda.org/conda-forge/win-64/libgrpc-1.73.1-h317e13b_1.conda#855b10d858d6c078a28d670cf32baa67
https://repo.anaconda.com/pkgs/main/win-64/python-3.14.0-h3bc0a5a_101_cp314.conda#896affefae9b5de00e0d475af45498fd
https://conda.anaconda.org/conda-forge/win-64/arro3-core-0.6.5-py314h170c82c_0.conda#012abb11289103623fdaaa3a2cc9b689
https://repo.anaconda.com/pkgs/main/win-64/asttokens-3.0.0-py314haa95532_0.conda#3e92ee9276065a34452fe024c03aa983
https://repo.anaconda.com/pkgs/main/win-64/async-lru-2.0.5-py314haa95532_0.conda#138c1936daf27c18d20baad4b4c57c79
https://repo.anaconda.com/pkgs/main/win-64/attrs-25.4.0-py314haa95532_2.conda#573fecae11f624826d4c29981e316853
https://conda.anaconda.org/conda-forge/win-64/aws-c-auth-0.9.1-h06c2b12_7.conda#800fe3ae781677fc4b5225f51129e00e
https://conda.anaconda.org/conda-forge/win-64/aws-c-mqtt-0.13.3-h9821516_10.conda#c074aef20987db9d2968a5e1242b2515
https://repo.anaconda.com/pkgs/main/win-64/babel-2.17.0-py314haa95532_0.conda#5108e8ae7df5a2a0d8beeec5dde00d50
https://repo.anaconda.com/pkgs/main/win-64/cached-property-2.0.1-py314haa95532_0.conda#674898e95885d4d004a47c01c0f9813c
https://repo.anaconda.com/pkgs/main/win-64/certifi-2025.11.12-py314haa95532_0.conda#28b7d722f03419db6af43e06197560e8
https://repo.anaconda.com/pkgs/main/win-64/charset-normalizer-3.4.4-py314haa95532_0.conda#88538cd46ebb9d96718f2c3500c253d2
https://repo.anaconda.com/pkgs/main/noarch/click-8.0.3-pyhd3eb1b0_0.conda#af3d1a11abddaf3b40c2a0a04e1699ed
https://repo.anaconda.com/pkgs/main/win-64/colorama-0.4.6-py314haa95532_0.conda#a6794551d5d59f5ffa465906d3131cca
https://repo.anaconda.com/pkgs/main/win-64/comm-0.2.3-py314haa95532_0.conda#22c52de46aba42792df4a1cea0463356
https://repo.anaconda.com/pkgs/main/win-64/debugpy-1.8.16-py314h885b0b7_1.conda#3ccd18098cd9c2f11e4df58d926468bc
https://repo.anaconda.com/pkgs/main/win-64/decorator-5.2.1-py314haa95532_0.conda#6af7c80485839113ee862718316e7455
https://repo.anaconda.com/pkgs/main/noarch/defusedxml-0.7.1-pyhd3eb1b0_0.conda#d912068b0729930972adcaac338882c0
https://repo.anaconda.com/pkgs/main/win-64/executing-2.2.1-py314haa95532_0.conda#9668b0f6757ad6de3f98edac73d091d4
https://repo.anaconda.com/pkgs/main/win-64/h11-0.16.0-py314haa95532_1.conda#cbc4a3c1ac516d79d304eab811ad97f0
https://repo.anaconda.com/pkgs/main/win-64/idna-3.11-py314haa95532_0.conda#e8b35d6eafb1f8223a72b081f6167d93
https://repo.anaconda.com/pkgs/main/win-64/importlib_resources-6.5.2-py314haa95532_0.conda#f7194165c8c641fb1dafe14b2d5971fc
https://repo.anaconda.com/pkgs/main/win-64/json5-0.12.1-py314haa95532_0.conda#e874ace739f15e0f924f19f818f386fe
https://repo.anaconda.com/pkgs/main/win-64/jsonpointer-3.0.0-py314haa95532_0.conda#8b16e6db54f141342e021c587afafbf9
https://repo.anaconda.com/pkgs/main/noarch/jupyterlab_widgets-1.0.0-pyhd3eb1b0_1.conda#9b1fcf8e060e6f4b05dce4b172259168
https://conda.anaconda.org/conda-forge/noarch/lark-1.3.1-pyhd8ed1ab_0.conda#9b965c999135d43a3d0f7bd7d024e26a
https://conda.anaconda.org/conda-forge/win-64/libgoogle-cloud-2.39.0-h19ee442_0.conda#c2c512f98c5c666782779439356a1713
https://repo.anaconda.com/pkgs/main/win-64/markupsafe-3.0.2-py314h827c3e9_0.conda#56221010406372ff86ab1ea23540b977
https://repo.anaconda.com/pkgs/main/win-64/mistune-3.1.2-py314haa95532_0.conda#1c1678bf2a6e6eb1f3748d7d342a6762
https://repo.anaconda.com/pkgs/main/win-64/mkl-service-2.5.2-py314h0b37514_0.conda#12199235e9b8679c315f7ddceeda0c94
https://repo.anaconda.com/pkgs/main/win-64/narwhals-2.7.0-py314haa95532_0.conda#011d1744250d0a23923e04eeb5cd713b
https://repo.anaconda.com/pkgs/main/noarch/nest-asyncio-1.5.1-pyhd3eb1b0_0.conda#de1248e84dd58965e5199beff21adedd
https://repo.anaconda.com/pkgs/main/win-64/overrides-7.7.0-py314haa95532_0.conda#a4df890bd1219337078080049bc38391
https://repo.anaconda.com/pkgs/main/win-64/packaging-25.0-py314haa95532_1.conda#1e930f4e281df04afbc055ecdff3d4c4
https://repo.anaconda.com/pkgs/main/win-64/pandocfilters-1.5.1-py314haa95532_0.conda#3c49021c5e76fed197e3ff9f2bd83adf
https://repo.anaconda.com/pkgs/main/win-64/parso-0.8.5-py314haa95532_0.conda#9c9f1d0c849c8c1d91d8d310b31f2ecf
https://repo.anaconda.com/pkgs/main/noarch/pip-25.3-pyh0d26453_0.conda#bcd0668c475baeaf14927f9fd79e88d2
https://repo.anaconda.com/pkgs/main/win-64/platformdirs-4.5.0-py314haa95532_0.conda#b24d78f9b487ecc650a2654a3be4bc76
https://repo.anaconda.com/pkgs/main/win-64/prometheus_client-0.21.1-py314haa95532_0.conda#78cbae7e953d60687c73d46a87a81026
https://repo.anaconda.com/pkgs/main/win-64/psutil-7.0.0-py314h02ab6af_1.conda#f7cc9d5bda86ef0f620ca4d8f572f734
https://repo.anaconda.com/pkgs/main/win-64/pure_eval-0.2.3-py314haa95532_0.conda#534ca5e37f78f5e88b761f7171e5091c
https://repo.anaconda.com/pkgs/main/win-64/pycparser-2.23-py314haa95532_0.conda#8ac8654ce1dd3c636efc12c832f7e70d
https://repo.anaconda.com/pkgs/main/win-64/pygments-2.19.2-py314haa95532_0.conda#bc2afbadd548b9c6f0eb827043789fd4
https://repo.anaconda.com/pkgs/main/win-64/python-fastjsonschema-2.21.2-py314haa95532_0.conda#5394482616b8741f630c2a6bebc6bb72
https://repo.anaconda.com/pkgs/main/win-64/python-json-logger-3.2.1-py314haa95532_0.conda#5dc4286ea3e733633cd61b6fcba8d1ac
https://repo.anaconda.com/pkgs/main/noarch/python-tzdata-2025.2-pyhd3eb1b0_0.conda#5ac858f05dbf9d3cdb04d53516901247
https://repo.anaconda.com/pkgs/main/win-64/pytz-2025.2-py314haa95532_0.conda#28caa96778e27262cec536af3f45d72d
https://repo.anaconda.com/pkgs/main/win-64/pywin32-311-py314h885b0b7_0.conda#a02cdc6ddee23d2dd19a89f408a4ba9a
https://conda.anaconda.org/conda-forge/win-64/pywinpty-2.0.15-py314h51f0985_1.conda#dd84e8748bd3c85a5c751b0576488080
https://repo.anaconda.com/pkgs/main/win-64/pyyaml-6.0.3-py314hb9a58be_0.conda#d83974318cad32d3da4c9c7cb900ccf2
https://repo.anaconda.com/pkgs/main/win-64/pyzmq-27.1.0-py314h7149c55_1.conda#6f53e18d06eacacc0c2d648085e951b3
https://repo.anaconda.com/pkgs/main/win-64/rfc3986-validator-0.1.1-py314haa95532_0.conda#bb7fbf121587aaa50e70884bdb6613c7
https://repo.anaconda.com/pkgs/main/win-64/rpds-py-0.28.0-py314h114bc41_0.conda#67a486747f675747af6f66ca7b8bbba8
https://repo.anaconda.com/pkgs/main/win-64/send2trash-1.8.2-py314haa95532_1.conda#7c32f0fb54c7da3dcfea13e1d68bb4d3
https://repo.anaconda.com/pkgs/main/win-64/setuptools-80.9.0-py314haa95532_0.conda#08300cae0a0b77ef7e3f06738164957c
https://repo.anaconda.com/pkgs/main/win-64/six-1.17.0-py314haa95532_0.conda#865a52cb670cb1063021d13dcdf3ebce
https://repo.anaconda.com/pkgs/main/win-64/sniffio-1.3.0-py314haa95532_0.conda#8ab06d67e47fe6ff6be7e57ea2f863da
https://repo.anaconda.com/pkgs/main/win-64/soupsieve-2.5-py314haa95532_0.conda#0fe32d1f46ed3d996a2d016eac2577f4
https://repo.anaconda.com/pkgs/main/win-64/tomli-2.2.1-py314haa95532_0.conda#581537494c2bafb79ff631f885ed1d1c
https://repo.anaconda.com/pkgs/main/win-64/tornado-6.5.1-py314h827c3e9_0.conda#fdfea38410140ca8a8b6c77ad626fe9a
https://repo.anaconda.com/pkgs/main/win-64/traitlets-5.14.3-py314haa95532_0.conda#25c329cd1171f0f557c7996515e44fc4
https://repo.anaconda.com/pkgs/main/win-64/typing_extensions-4.15.0-py314haa95532_0.conda#a8038f53ab9858fb190d1eaa39cd79ff
https://conda.anaconda.org/conda-forge/noarch/uri-template-1.3.0-pyhd8ed1ab_1.conda#e7cb0f5745e4c5035a460248334af7eb
https://conda.anaconda.org/conda-forge/win-64/vl-convert-python-1.8.0-py314h0f5a598_1.conda#a487df7756f32353f113ad6ddd052710
https://repo.anaconda.com/pkgs/main/win-64/wcwidth-0.2.13-py314haa95532_0.conda#71900c502ee46574f03c206b2fd7322a
https://conda.anaconda.org/conda-forge/noarch/webcolors-25.10.0-pyhd8ed1ab_0.conda#6639b6b0d8b5a284f027a2003669aa65
https://repo.anaconda.com/pkgs/main/win-64/webencodings-0.5.1-py314haa95532_2.conda#71a72ebdebcab43a35ddb8c5d10c0ac1
https://repo.anaconda.com/pkgs/main/win-64/websocket-client-1.8.0-py314haa95532_0.conda#e6c5d6f9fa70c847477b6c8fd04f3ea3
https://repo.anaconda.com/pkgs/main/win-64/win_inet_pton-1.1.0-py314haa95532_1.conda#3d7618bb9ca1dbffbc1654fb159ef245
https://repo.anaconda.com/pkgs/main/win-64/wrapt-1.17.0-py314h827c3e9_0.conda#d2f14974c112dd9e9e1930f3adf10422
https://repo.anaconda.com/pkgs/main/win-64/xyzservices-2025.4.0-py314haa95532_0.conda#1833f496a01afe8592ef00f49fa9d53b
https://repo.anaconda.com/pkgs/main/win-64/zipp-3.23.0-py314haa95532_0.conda#b6cb6455480a4bd3a2929a2c24477125
https://repo.anaconda.com/pkgs/main/win-64/anyio-4.10.0-py314haa95532_0.conda#36883c502ec2ebb92ce0cd5696ca3060
https://conda.anaconda.org/conda-forge/win-64/aws-c-s3-0.10.1-he380ad5_2.conda#f50a31a10ee0c342ed17750a208285d8
https://conda.anaconda.org/conda-forge/noarch/bleach-6.3.0-pyhcf101f3_0.conda#b1a27250d70881943cca0dd6b4ba0956
https://repo.anaconda.com/pkgs/main/win-64/cffi-2.0.0-py314h02ab6af_1.conda#733e0dad9d45e3db3c3c8995b5420922
https://conda.anaconda.org/conda-forge/noarch/fqdn-1.5.1-pyhd8ed1ab_1.conda#d3549fd50d450b6d9e7dddff25dd2110
https://repo.anaconda.com/pkgs/main/win-64/httpcore-1.0.9-py314haa95532_0.conda#cc5eb4b78b3e3b038769973f44939451
https://repo.anaconda.com/pkgs/main/win-64/importlib-metadata-8.7.0-py314haa95532_0.conda#d09073786750e0d9761185bfae1ff683
https://repo.anaconda.com/pkgs/main/win-64/ipython_pygments_lexers-1.1.1-py314haa95532_0.conda#80b1486f80d92332238cde7da83e1a56
https://repo.anaconda.com/pkgs/main/win-64/jedi-0.19.2-py314haa95532_0.conda#e6dc496f20d4b4c7f2103da0c42a53e9
https://repo.anaconda.com/pkgs/main/win-64/jinja2-3.1.6-py314haa95532_0.conda#d6037fef744a5a832c31c10c4355765c
https://repo.anaconda.com/pkgs/main/win-64/jupyter_core-5.8.1-py314haa95532_0.conda#fad339eba3d66237e681149dae7475cd
https://repo.anaconda.com/pkgs/main/win-64/jupyterlab_pygments-0.3.0-py314haa95532_0.conda#8c5837368e1ebd98a29081dc2d16789c
https://conda.anaconda.org/conda-forge/win-64/libgoogle-cloud-storage-2.39.0-he04ea4c_0.conda#26198e3dc20bbcbea8dd6fa5ab7ea1e0
https://repo.anaconda.com/pkgs/main/win-64/matplotlib-inline-0.2.1-py314haa95532_0.conda#81e99aad50553974564e1c7a50aeb104
https://conda.anaconda.org/conda-forge/noarch/mercantile-1.2.1-pyhd8ed1ab_1.conda#9820756deea38bd213240fd0556d44b8
https://repo.anaconda.com/pkgs/main/win-64/numpy-base-2.3.5-py314h96ad93d_0.conda#a718a9bbf50a44b9b2c3d4d90bed6724
https://repo.anaconda.com/pkgs/main/win-64/prompt-toolkit-3.0.52-py314haa95532_1.conda#85ce9e15f8112bd50baca2a21ff8641f
https://repo.anaconda.com/pkgs/main/win-64/psygnal-0.12.0-py314haa95532_0.conda#bab6ad3a38be8ed7045dcee85a26c1b6
https://repo.anaconda.com/pkgs/main/win-64/pysocks-1.7.1-py314haa95532_1.conda#c2f42708e28454397f69323749dff6a1
https://repo.anaconda.com/pkgs/main/win-64/python-dateutil-2.9.0post0-py314haa95532_2.conda#86cdecfdacf5d98296e873c672e3fcda
https://repo.anaconda.com/pkgs/main/win-64/referencing-0.37.0-py314haa95532_0.conda#5ce98ba88dbfe627f45993bc844fc2c7
https://conda.anaconda.org/conda-forge/noarch/rfc3339-validator-0.1.4-pyhd8ed1ab_1.conda#36de09a8d3e5d5e6f4ee63af49e59706
https://conda.anaconda.org/conda-forge/noarch/rfc3987-syntax-1.1.0-pyhe01879c_1.conda#7234f99325263a5af6d4cd195035e8f2
https://repo.anaconda.com/pkgs/main/win-64/stack_data-0.6.3-py314haa95532_0.conda#815bdb3c65e4776a95b79411f8622e4e
https://conda.anaconda.org/conda-forge/noarch/terminado-0.18.1-pyh5737063_0.conda#4abd500577430a942a995fd0d09b76a2
https://conda.anaconda.org/conda-forge/noarch/tinycss2-1.5.0-pyhcf101f3_0.conda#2caf483992d5d92b232451f843bdc8af
https://repo.anaconda.com/pkgs/main/win-64/typing-extensions-4.15.0-py314haa95532_0.conda#299d742a023a6ee3ba01d64eb7570dd4
https://conda.anaconda.org/conda-forge/win-64/vegafusion-2.0.3-py314h441683c_0.conda#d05b3621fb77ed5e65129294d54cd8d0
https://repo.anaconda.com/pkgs/main/win-64/argon2-cffi-bindings-25.1.0-py314h02ab6af_0.conda#da323df5f739e83f85914606bc317371
https://repo.anaconda.com/pkgs/main/win-64/arrow-1.4.0-py314haa95532_0.conda#4888d8170fed3d5b324763aabc4932d8
https://conda.anaconda.org/conda-forge/win-64/aws-crt-cpp-0.35.2-h1a9a3a2_4.conda#832762e4fef8d8719b502a11e7cbb3d8
https://repo.anaconda.com/pkgs/main/win-64/beautifulsoup4-4.14.2-py314haa95532_0.conda#057dd3dee4f1a749e048a583d824b4ad
https://conda.anaconda.org/conda-forge/noarch/bleach-with-css-6.3.0-h5f6438b_0.conda#08a03378bc5293c6f97637323802f480
https://repo.anaconda.com/pkgs/main/win-64/brotlicffi-1.1.0.0-py314h885b0b7_0.conda#86e99fd06e07352d620a5d1f405edd1e
https://repo.anaconda.com/pkgs/main/win-64/httpx-0.28.1-py314haa95532_1.conda#05dcf703e62033ae0e4e9d688c5fd6bd
https://repo.anaconda.com/pkgs/main/win-64/jsonschema-specifications-2025.9.1-py314haa95532_0.conda#f9d6c6a593f966031dd19611d396148d
https://repo.anaconda.com/pkgs/main/win-64/jupyter_client-8.6.3-py314haa95532_1.conda#a93059707f9dead5e3fbc04370c6af0e
https://conda.anaconda.org/conda-forge/noarch/jupyter_server_terminals-0.5.3-pyhd8ed1ab_1.conda#2d983ff1b82a1ccb6f2e9d8784bdd6bd
https://repo.anaconda.com/pkgs/main/noarch/prompt_toolkit-3.0.52-hd3eb1b0_1.conda#446203e5c534c79b7f50c217c76dd460
https://repo.anaconda.com/pkgs/main/noarch/argon2-cffi-21.3.0-pyhd3eb1b0_0.conda#f00b851bc61b4c313903d31c7daecb09
https://conda.anaconda.org/conda-forge/win-64/aws-sdk-cpp-1.11.606-h6446450_7.conda#d86a310ea5d7f2f6030bd7e15527b670
https://repo.anaconda.com/pkgs/main/win-64/ipython-9.7.0-py314haa95532_0.conda#8e62a25d6486e860b1d8bc4ddb0359f7
https://conda.anaconda.org/conda-forge/noarch/isoduration-20.11.0-pyhd8ed1ab_1.conda#0b0154421989637d424ccf0f104be51a
https://repo.anaconda.com/pkgs/main/win-64/jsonschema-4.25.0-py314haa95532_1.conda#dd142217b787e19ad6f8f9ef140b8afe
https://repo.anaconda.com/pkgs/main/win-64/urllib3-2.5.0-py314haa95532_0.conda#75ae08cf88ddec961eace8989db2bad1
https://conda.anaconda.org/conda-forge/noarch/altair-6.0.0-pyhd8ed1ab_1.conda#36a31df7e76e845fb87f8d0a2c8c5ebf
https://repo.anaconda.com/pkgs/main/win-64/ipykernel-6.31.0-py314h56ec5ee_0.conda#b18642d2fc52d33f9080477fa85589d3
https://conda.anaconda.org/conda-forge/noarch/jsonschema-with-format-nongpl-4.25.0-he01879c_0.conda#f4c7afaf838ab5bb1c4e73eb3095fb26
https://conda.anaconda.org/conda-forge/win-64/libarrow-22.0.0-h117da51_4_cpu.conda#f84b0ac3486f3949104ac3f343634877
https://repo.anaconda.com/pkgs/main/win-64/nbformat-5.10.4-py314haa95532_0.conda#d49c19e7e82045fc5335bcc72fd79970
https://repo.anaconda.com/pkgs/main/win-64/requests-2.32.5-py314haa95532_1.conda#fb4e844315b5c449ae4950433b9b90b5
https://conda.anaconda.org/conda-forge/noarch/altair_tiles-0.4.0-pyhd8ed1ab_0.conda#591c8aed9f840a2a17202f2b9f93329b
https://conda.anaconda.org/conda-forge/noarch/jupyter_events-0.12.0-pyh29332c3_0.conda#f56000b36f09ab7533877e695e4e8cb0
https://conda.anaconda.org/conda-forge/win-64/libarrow-compute-22.0.0-h2db994a_4_cpu.conda#8b416d4245113c42f37f024d75598efe
https://conda.anaconda.org/conda-forge/win-64/libparquet-22.0.0-h7051d1f_4_cpu.conda#6fab9241407392bbbab0a2c6dc80e688
https://repo.anaconda.com/pkgs/main/win-64/nbclient-0.10.2-py314haa95532_0.conda#f78777929bdb2ba65855ed794e4a9c1b
https://conda.anaconda.org/conda-forge/win-64/libarrow-acero-22.0.0-h7d8d6a5_4_cpu.conda#c8ea0681d0dcf1e1a0722ea3c916bca1
https://conda.anaconda.org/conda-forge/noarch/nbconvert-core-7.16.6-pyhcf101f3_1.conda#cfc86ccc3b1de35d36ccaae4c50391f5
https://conda.anaconda.org/conda-forge/win-64/pyarrow-core-22.0.0-py314hb5be3fa_0_cpu.conda#5158c4f9ae4dc6924c4096f5745626f2
https://conda.anaconda.org/conda-forge/noarch/jupyter_server-2.17.0-pyhcf101f3_0.conda#d79a87dcfa726bcea8e61275feed6f83
https://conda.anaconda.org/conda-forge/win-64/libarrow-dataset-22.0.0-h7d8d6a5_4_cpu.conda#cfec90bf4005cdfa5a47170b15174c25
https://conda.anaconda.org/conda-forge/noarch/jupyter-lsp-2.3.0-pyhcf101f3_0.conda#62b7c96c6cd77f8173cc5cada6a9acaa
https://conda.anaconda.org/conda-forge/noarch/jupyterlab_server-2.28.0-pyhcf101f3_0.conda#a63877cb23de826b1620d3adfccc4014
https://conda.anaconda.org/conda-forge/win-64/libarrow-substrait-22.0.0-hf865cc0_4_cpu.conda#6c44b4c5d10c20d08059350e4be2a2c3
https://conda.anaconda.org/conda-forge/noarch/notebook-shim-0.2.4-pyhd8ed1ab_1.conda#e7f89ea5f7ea9401642758ff50a2d9c1
https://conda.anaconda.org/conda-forge/noarch/jupyterlab-4.5.0-pyhd8ed1ab_0.conda#e6dc3d6bf1591f0ebe8e77959e950660
https://conda.anaconda.org/conda-forge/win-64/pyarrow-22.0.0-py314h86ab7b2_0.conda#bf483b00a926179e1f4a8122c64f7a10
https://conda.anaconda.org/conda-forge/noarch/notebook-7.5.0-pyhcf101f3_0.conda#3cf7402eb77b6434e830b6863a0e6118
https://conda.anaconda.org/conda-forge/noarch/widgetsnbextension-3.5.1-pyh9f0ad1d_3.tar.bz2#54a817def76d202564aefb53a4767328
https://repo.anaconda.com/pkgs/main/noarch/ipywidgets-7.6.5-pyhd3eb1b0_1.conda#caaa1ad3338bde18078f88b08d7b3e3b
https://conda.anaconda.org/conda-forge/noarch/anywidget-0.9.21-pyhd8ed1ab_0.conda#57f60e533706612b69fe7db6980aec67
https://conda.anaconda.org/conda-forge/noarch/altair-all-6.0.0-pyhd8ed1ab_1.conda#db4632b92abbe3a64580dc7887898356
https://repo.anaconda.com/pkgs/main/win-64/bottleneck-1.4.2-py314h2b7f5b3_1.conda#f8f7769cd9f5154a44ab86cf6b2a2541
https://repo.anaconda.com/pkgs/main/win-64/mkl_fft-2.1.1-py314h281c9fe_0.conda#45faf317b01f20e06dc6fefd48e225da
https://repo.anaconda.com/pkgs/main/win-64/mkl_random-1.3.0-py314hdbada53_0.conda#868550a98efc1c57927db019048843f2
https://repo.anaconda.com/pkgs/main/win-64/numpy-2.3.5-py314h0be4137_0.conda#c34c6731d8fa748b1acb5a9ae362e69b
https://repo.anaconda.com/pkgs/main/win-64/numexpr-2.14.1-py314h2592778_0.conda#b4130760cec6dea2edf1ac4f164275e4
https://repo.anaconda.com/pkgs/main/win-64/pandas-2.3.3-py314hdbada53_1.conda#5499076e374c8e8f585563f919adfeb1
