# Generated by conda-lock.
# platform: osx-64
# input_hash: 8bf03e464cea931290aeb38c6b99067c60bf527de2dd5f0a3d394b14a2c11110
@EXPLICIT
https://repo.anaconda.com/pkgs/main/osx-64/aws-c-common-0.12.3-h46256e1_0.conda#91b17ec7c0bd38c2d1dd0bdd692acef8
https://repo.anaconda.com/pkgs/main/osx-64/blas-1.0-openblas.conda#4ff605b9a6c88bbfd4428e6f9703d9ff
https://repo.anaconda.com/pkgs/main/osx-64/bzip2-1.0.8-h6c40b1e_6.conda#96224786021d0765ce05818fa3c59bdb
https://repo.anaconda.com/pkgs/main/osx-64/c-ares-1.19.1-h6c40b1e_0.conda#9cc0b1c81e3e05d963185049e69e5297
https://repo.anaconda.com/pkgs/main/osx-64/ca-certificates-2025.7.15-hecd8cb5_0.conda#ea4972f40e8b15965ef0cea7f9bdfd06
https://repo.anaconda.com/pkgs/main/osx-64/libbrotlicommon-1.0.9-h46256e1_9.conda#29f2ba3085034ceba3d7b2db73ffbf3e
https://repo.anaconda.com/pkgs/main/osx-64/libev-4.33-h9ed2024_1.conda#ffb0ee08779a6ccb4706b72523712cb7
https://repo.anaconda.com/pkgs/main/osx-64/libffi-3.4.4-hecd8cb5_1.conda#eb7f09ada4d95f1a26f483f1009d9286
https://repo.anaconda.com/pkgs/main/osx-64/libiconv-1.16-h6c40b1e_3.conda#b0df346db8404eda86918a20241188e4
https://repo.anaconda.com/pkgs/main/osx-64/libsodium-1.0.18-h1de35cc_0.conda#dc65d21181274fa72d5eea2ba9cc1c35
https://repo.anaconda.com/pkgs/main/noarch/tzdata-2025b-h04d1e81_0.conda#1d027393db3427ab22a02aa44a56f143
https://repo.anaconda.com/pkgs/main/osx-64/utf8proc-2.6.1-h6c40b1e_1.conda#e27491bb2fcf6d8fafb139e5e4be967f
https://repo.anaconda.com/pkgs/main/osx-64/xz-5.6.4-h46256e1_1.conda#ce989a528575ad332a650bb7c7f7e5d5
https://repo.anaconda.com/pkgs/main/osx-64/yaml-0.2.5-haf1e3a3_0.conda#73628ed86f99adf6a0cb81dd20e426cd
https://repo.anaconda.com/pkgs/main/osx-64/zlib-1.2.13-h4b97444_1.conda#38e35f7c817fac0973034bfce6706ec2
https://repo.anaconda.com/pkgs/main/osx-64/aws-c-cal-0.9.2-h46256e1_0.conda#8f8c3c8528aab5e5d7b3344f6c12ee33
https://repo.anaconda.com/pkgs/main/osx-64/aws-c-compression-0.3.1-h46256e1_1.conda#047d42f8e92282fe2958a3df2aeb202c
https://repo.anaconda.com/pkgs/main/osx-64/aws-c-sdkutils-0.2.4-h46256e1_0.conda#8bcb64afcbd7769a39c1c5623d25c164
https://repo.anaconda.com/pkgs/main/osx-64/aws-checksums-0.2.7-h46256e1_0.conda#a54a3aa2973c032cb30bd25287797cd5
https://repo.anaconda.com/pkgs/main/osx-64/libbrotlidec-1.0.9-h46256e1_9.conda#6c3c1cc28eb052545bab681786d61b31
https://repo.anaconda.com/pkgs/main/osx-64/libbrotlienc-1.0.9-h46256e1_9.conda#df4665cdb4024593e5b2abfb2b31409c
https://repo.anaconda.com/pkgs/main/osx-64/libcxx-19.1.7-haebbb44_3.conda#8a120c6c6b14e22156e66d72da61f59e
https://repo.anaconda.com/pkgs/main/osx-64/llvm-openmp-19.1.7-h5048363_2.conda#361bf9fcb8ace439b73b3e6c2cc78688
https://repo.anaconda.com/pkgs/main/osx-64/ncurses-6.5-h923df54_0.conda#344eea75f2dc4bdbbe0ee4a263b4b103
https://repo.anaconda.com/pkgs/main/osx-64/openssl-3.0.17-hee2dfae_0.conda#12d105e2148a26048a75ebc2d0b6d2d4
https://repo.anaconda.com/pkgs/main/osx-64/tk-8.6.15-h3a5a201_0.conda#b622d9b8d9199d1414940143e0c8d244
https://repo.anaconda.com/pkgs/main/osx-64/aws-c-io-0.20.1-h46256e1_0.conda#87230397b4aeb64ea806d856fe6b97d8
https://repo.anaconda.com/pkgs/main/osx-64/expat-2.7.1-h6d0c2b6_0.conda#6cdc93776b7551083854e7f106a62720
https://repo.anaconda.com/pkgs/main/osx-64/gflags-2.2.2-hcec6c5f_1.conda#808789755c4f147aa08c1dc8d2ca593e
https://repo.anaconda.com/pkgs/main/osx-64/icu-73.1-hcec6c5f_0.conda#17cdf4196282c140af9b4e3f676756aa
https://repo.anaconda.com/pkgs/main/osx-64/libabseil-20250127.0-cxx17_h548131f_0.conda#b2c66ce9b4e789fbc95b647f8714ae9f
https://repo.anaconda.com/pkgs/main/osx-64/libevent-2.1.12-h04015c4_1.conda#aa178244433bbd0888fa04ff98b4e43b
https://repo.anaconda.com/pkgs/main/osx-64/libgfortran5-11.3.0-h9dfd629_28.conda#1fa1a27ee100b1918c3021dbfa3895a3
https://repo.anaconda.com/pkgs/main/osx-64/libnghttp2-1.57.0-h9beae6a_0.conda#a28cf1a5bd4bb0c0886ccf7baeb16a85
https://repo.anaconda.com/pkgs/main/osx-64/libssh2-1.11.1-h3a17b82_0.conda#7e4832f56e98ac93bbcf973fa1e63518
https://repo.anaconda.com/pkgs/main/osx-64/lz4-c-1.9.4-hcec6c5f_1.conda#aee0efbb45220e1985533dbff48551f8
https://repo.anaconda.com/pkgs/main/osx-64/readline-8.3-h49f2429_0.conda#9cfeec293fac7385d9f79a7706fec481
https://repo.anaconda.com/pkgs/main/osx-64/snappy-1.2.1-h6d0c2b6_0.conda#71b442e46766b1c2ce2dc3e42dd17895
https://repo.anaconda.com/pkgs/main/osx-64/zeromq-4.3.5-hcec6c5f_0.conda#038bded6857444ac8cfca24348a5a665
https://repo.anaconda.com/pkgs/main/osx-64/aws-c-event-stream-0.5.5-h46256e1_0.conda#fbf56071e4784111ec03bb8d8579a01d
https://repo.anaconda.com/pkgs/main/osx-64/aws-c-http-0.10.2-h46256e1_0.conda#aa4b68b2be581eaac12d9352aafe7fea
https://repo.anaconda.com/pkgs/main/osx-64/glog-0.5.0-hcec6c5f_1.conda#134ed1659b8f0c31052a32b1613c0faa
https://repo.anaconda.com/pkgs/main/osx-64/libgfortran-5.0.0-11_3_0_hecd8cb5_28.conda#2eb13b680803f1064e53873ae0aaafb3
https://repo.anaconda.com/pkgs/main/osx-64/libprotobuf-5.29.3-h66a43dd_1.conda#e43f6c5957c62300d03c7827da26ca2f
https://repo.anaconda.com/pkgs/main/osx-64/libre2-11-2024.07.02-hab2016f_0.conda#92516948de7a347d5c914132a33f602f
https://repo.anaconda.com/pkgs/main/osx-64/sqlite-3.50.2-hc8b0dd6_1.conda#c1036f04e8d13c68a27fe9da140e34f3
https://repo.anaconda.com/pkgs/main/osx-64/zstd-1.5.6-h138b38a_0.conda#f4d15d7d0054d39e6a24fe8d7d1e37c5
https://repo.anaconda.com/pkgs/main/osx-64/aws-c-auth-0.9.0-h46256e1_1.conda#1af7bf6f07c3179a7242a7084364ea27
https://repo.anaconda.com/pkgs/main/osx-64/aws-c-mqtt-0.13.2-he61ece7_0.conda#766ece843de9ea37c6ccede58daddc8f
https://repo.anaconda.com/pkgs/main/osx-64/libboost-1.82.0-hf53b9f2_2.conda#0d1404bcd84091ca3d5cc62770abcf4d
https://repo.anaconda.com/pkgs/main/osx-64/libcurl-8.14.1-h1448931_1.conda#c3b18520529ef7b73eea5fe7e0cd6e3b
https://repo.anaconda.com/pkgs/main/osx-64/libopenblas-0.3.29-h3f8574a_0.conda#dcd838b3a9add2e9978cdd3634aaef65
https://repo.anaconda.com/pkgs/main/osx-64/orc-2.1.1-h4dda5a6_0.conda#056ba5a74c291a0c622adc62b36895a6
https://repo.anaconda.com/pkgs/main/osx-64/python-3.11.13-hbff2529_0.conda#4320e8455d6246783768cb65c93a102c
https://repo.anaconda.com/pkgs/main/osx-64/re2-2024.07.02-h1962661_0.conda#bfb06c30773bd4f0db306063af1ad25c
https://repo.anaconda.com/pkgs/main/osx-64/annotated-types-0.6.0-py311hecd8cb5_0.conda#b23bfbceb3e2544d812b8994f7edbf35
https://repo.anaconda.com/pkgs/main/noarch/appdirs-1.4.4-pyhd3eb1b0_0.conda#5673d98d06171cb6eed03a6736845c4d
https://repo.anaconda.com/pkgs/main/osx-64/appnope-0.1.4-py311hecd8cb5_0.conda#882cb8d0072a65a0420194d375258735
https://repo.anaconda.com/pkgs/main/osx-64/asttokens-3.0.0-py311hecd8cb5_0.conda#68d06770866b67f0d7e5f34ded217e00
https://repo.anaconda.com/pkgs/main/osx-64/attrs-24.3.0-py311hecd8cb5_0.conda#8c1f3a5b1a2a3e5ea534d738a5c0aa61
https://repo.anaconda.com/pkgs/main/osx-64/aws-c-s3-0.8.3-h46256e1_0.conda#535872e63a77c2f910c62bbabf4f1cf3
https://repo.anaconda.com/pkgs/main/osx-64/backports.tarfile-1.2.0-py311hecd8cb5_0.conda#73639136b7ec384f66d47cc5f905cf56
https://repo.anaconda.com/pkgs/main/osx-64/boltons-25.0.0-py311hecd8cb5_0.conda#6f17278d4343ebf306dea93abd7a8506
https://repo.anaconda.com/pkgs/main/osx-64/boost-cpp-1.82.0-ha357a0b_2.conda#3e2d66900df7412e823c18175f7023a8
https://repo.anaconda.com/pkgs/main/osx-64/certifi-2025.8.3-py311hecd8cb5_0.conda#d5134da6dc4d1a0d50bee6e1910e0446
https://repo.anaconda.com/pkgs/main/noarch/charset-normalizer-3.3.2-pyhd3eb1b0_0.conda#c6fea3691e85cf7f568b0618ec29fc4f
https://repo.anaconda.com/pkgs/main/osx-64/click-8.2.1-py311hecd8cb5_0.conda#c07062531fafee2d2dec406534858a2d
https://repo.anaconda.com/pkgs/main/osx-64/crashtest-0.4.1-py311hecd8cb5_1.conda#de38d2d1bd5ebd076377ca5a51c0f24e
https://repo.anaconda.com/pkgs/main/osx-64/debugpy-1.8.11-py311h6d0c2b6_0.conda#36f81a546a8525161da551e0c7930527
https://repo.anaconda.com/pkgs/main/noarch/decorator-5.1.1-pyhd3eb1b0_0.conda#4d969aac32a0faf84af90c797bfc7fec
https://repo.anaconda.com/pkgs/main/osx-64/distlib-0.3.8-py311hecd8cb5_0.conda#95eb056e9bf880463e3b3e1f8e1043a5
https://repo.anaconda.com/pkgs/main/noarch/executing-0.8.3-pyhd3eb1b0_0.conda#7be61d1c3c555fb37682b28d7a53d622
https://repo.anaconda.com/pkgs/main/osx-64/filelock-3.17.0-py311hecd8cb5_0.conda#c0e1c3ec226cb6b783e39b489c855413
https://repo.anaconda.com/pkgs/main/osx-64/idna-3.7-py311hecd8cb5_0.conda#722a9d4636a7ea6f391d3d79a9ea3692
https://repo.anaconda.com/pkgs/main/osx-64/jupyterlab_widgets-3.0.15-py311hecd8cb5_0.conda#7fb7f088c262a6ad794f143dfe97ee47
https://repo.anaconda.com/pkgs/main/osx-64/libgrpc-1.71.0-hf2926fd_0.conda#6f041a94ef201ca93ce2cfa4c5e63356
https://repo.anaconda.com/pkgs/main/osx-64/markupsafe-3.0.2-py311h46256e1_0.conda#d431d7a02b858e781bdd0d70ed43a127
https://repo.anaconda.com/pkgs/main/osx-64/more-itertools-10.3.0-py311hecd8cb5_0.conda#e0e035984bb0041c52735a6630255c9b
https://repo.anaconda.com/pkgs/main/osx-64/msgpack-python-1.1.1-py311h6d0c2b6_0.conda#ddcb1c80ae2bf2904ca39cb57a5f6336
https://repo.anaconda.com/pkgs/main/osx-64/narwhals-1.31.0-py311hecd8cb5_1.conda#9e4725be081b0c882b346f75953433c9
https://repo.anaconda.com/pkgs/main/osx-64/nest-asyncio-1.6.0-py311hecd8cb5_0.conda#ddceaec9c39dfb339b59c7fc513877ce
https://repo.anaconda.com/pkgs/main/osx-64/numpy-base-2.3.1-py311heda3e1f_0.conda#0aa5ffbe74c811bb3e9163ec5c117423
https://repo.anaconda.com/pkgs/main/osx-64/packaging-25.0-py311hecd8cb5_0.conda#cdad487b1d291605fca92bf480d2a05a
https://repo.anaconda.com/pkgs/main/osx-64/parso-0.8.4-py311hecd8cb5_0.conda#d9d65b4f2055fdc96cda31f1261996f9
https://repo.anaconda.com/pkgs/main/osx-64/pkginfo-1.12.0-py311hecd8cb5_0.conda#01390a307a28ed5b2c58e4d755386f9e
https://repo.anaconda.com/pkgs/main/osx-64/platformdirs-4.3.7-py311hecd8cb5_0.conda#6c8cc3302643f9dea251f4b8a8442f99
https://repo.anaconda.com/pkgs/main/osx-64/psutil-5.9.0-py311h46256e1_1.conda#4b3ad982d69a49a2ef745ac83e49307f
https://repo.anaconda.com/pkgs/main/noarch/ptyprocess-0.7.0-pyhd3eb1b0_3.conda#f50f8c0bccb614213191c4aaa854e76f
https://repo.anaconda.com/pkgs/main/noarch/pure_eval-0.2.2-pyhd3eb1b0_0.conda#a87d6d9827e5dff68d34d69971f8a9b1
https://repo.anaconda.com/pkgs/main/noarch/pycparser-2.21-pyhd3eb1b0_0.conda#135a72ff2a31150a3a3ff0b1edd41ca9
https://repo.anaconda.com/pkgs/main/osx-64/pygments-2.19.1-py311hecd8cb5_0.conda#67c6fa14dee971d5196014d57b22116c
https://repo.anaconda.com/pkgs/main/osx-64/pyproject_hooks-1.0.0-py311hecd8cb5_0.conda#edbfde4e21f5b28d1096a2f1b182dc63
https://repo.anaconda.com/pkgs/main/osx-64/pysocks-1.7.1-py311hecd8cb5_0.conda#6a9c1a311e30a9776b3297fe1480fa38
https://repo.anaconda.com/pkgs/main/osx-64/python-fastjsonschema-2.20.0-py311hecd8cb5_0.conda#fac69b42948fbfe899cf67270e4554c7
https://repo.anaconda.com/pkgs/main/noarch/python-installer-0.7.0-pyhd3eb1b0_1.conda#e6e9eebc3f5a566edd993f3de7f21e01
https://repo.anaconda.com/pkgs/main/noarch/python-tzdata-2025.2-pyhd3eb1b0_0.conda#5ac858f05dbf9d3cdb04d53516901247
https://conda.anaconda.org/conda-forge/osx-64/python_abi-3.11-2_cp311.tar.bz2#8c3e5c31869977685b01ba0a491ac5d9
https://repo.anaconda.com/pkgs/main/osx-64/pytz-2025.2-py311hecd8cb5_0.conda#2ea8c0a29978aa7e2238c2e2e8dd0791
https://repo.anaconda.com/pkgs/main/osx-64/pyyaml-6.0.2-py311h46256e1_0.conda#761e4627c90479946a31d8ed365d8ae6
https://repo.anaconda.com/pkgs/main/osx-64/pyzmq-26.2.0-py311h6d0c2b6_0.conda#f44756afe4652b9d12be3f391fe6abef
https://repo.anaconda.com/pkgs/main/osx-64/rpds-py-0.22.3-py311h83de92b_0.conda#34095695b7f7554c50aef49cd4698a6c
https://repo.anaconda.com/pkgs/main/osx-64/ruamel.yaml.clib-0.2.12-py311h46256e1_0.conda#1388332ab5d78d27e4a0bbb7ceb4af3e
https://repo.anaconda.com/pkgs/main/osx-64/semver-3.0.2-py311hecd8cb5_1.conda#0b359a141bcfc4c7562f19353906510f
https://repo.anaconda.com/pkgs/main/osx-64/setuptools-72.1.0-py311hecd8cb5_0.conda#beb5babc60c0b04fed31ec4e77d17427
https://repo.anaconda.com/pkgs/main/osx-64/shellingham-1.5.0-py311hecd8cb5_0.conda#f22914ab93cc90c4f6d437660aa612be
https://repo.anaconda.com/pkgs/main/osx-64/six-1.17.0-py311hecd8cb5_0.conda#9b4b72a30c25d13adc5c668c27bb4a41
https://repo.anaconda.com/pkgs/main/osx-64/smmap-5.0.2-py311hecd8cb5_0.conda#468aa592e36d6996a6ec108c0497e4c2
https://repo.anaconda.com/pkgs/main/osx-64/tomlkit-0.13.2-py311hecd8cb5_0.conda#aa7b1171f5de5683cfa07e8ebaf282c9
https://repo.anaconda.com/pkgs/main/osx-64/tornado-6.5.1-py311h46256e1_0.conda#cb2d0b5e2fd8ea7bc7767975141c9190
https://repo.anaconda.com/pkgs/main/osx-64/traitlets-5.14.3-py311hecd8cb5_0.conda#75ffee6236cb66a08aea5efc3b452be9
https://repo.anaconda.com/pkgs/main/osx-64/trove-classifiers-2025.5.9.12-py311hecd8cb5_0.conda#361a6e47465cbeaaa49ed6bfd98000b4
https://repo.anaconda.com/pkgs/main/osx-64/typing_extensions-4.12.2-py311hecd8cb5_0.conda#cadeae83d7a78919c5bc17ead5c080ae
https://repo.anaconda.com/pkgs/main/osx-64/wcwidth-0.2.13-py311hecd8cb5_0.conda#a9050f62ace1781c678eaf216f34f990
https://repo.anaconda.com/pkgs/main/osx-64/wheel-0.45.1-py311hecd8cb5_0.conda#264c885cb5a05ddfa0ff677e3847bfd3
https://repo.anaconda.com/pkgs/main/osx-64/widgetsnbextension-4.0.13-py311hecd8cb5_0.conda#b756da3cf0aeed2dd5114a9dd3b6aa22
https://repo.anaconda.com/pkgs/main/osx-64/wrapt-1.17.0-py311h46256e1_0.conda#6c501121cb49afd90ca7f617ae839ba7
https://repo.anaconda.com/pkgs/main/osx-64/xyzservices-2022.9.0-py311hecd8cb5_1.conda#caf55a0fcb9ef68f021a3b9ea4365e2a
https://repo.anaconda.com/pkgs/main/osx-64/zipp-3.21.0-py311hecd8cb5_0.conda#69d24be5b967525e3db9264264e1a3dd
https://conda.anaconda.org/conda-forge/osx-64/arro3-core-0.6.5-py311hef35832_0.conda#99d5d3272b77387bd983a7224236d53d
https://repo.anaconda.com/pkgs/main/osx-64/aws-crt-cpp-0.32.10-h6d0c2b6_0.conda#0155f3eabc8f36fa7c348b22dbd6919d
https://repo.anaconda.com/pkgs/main/osx-64/cffi-1.17.1-py311h9205ec4_1.conda#c55a2023ab728fb46a869c1db97647e8
https://repo.anaconda.com/pkgs/main/osx-64/click-default-group-1.2.2-py311hecd8cb5_0.conda#94d0bd405ec4ed53c43cc0a607dcaad6
https://repo.anaconda.com/pkgs/main/osx-64/comm-0.2.1-py311hecd8cb5_0.conda#4ec1baa8ca1b6e1ec480315f93df3257
https://repo.anaconda.com/pkgs/main/osx-64/gitdb-4.0.12-py311hecd8cb5_0.conda#eb66da63f59661db5e92b572f84f5e10
https://repo.anaconda.com/pkgs/main/osx-64/importlib-metadata-8.5.0-py311hecd8cb5_0.conda#f7e7c0c28ae8fd0cef9494f5c55569c2
https://repo.anaconda.com/pkgs/main/osx-64/ipython_pygments_lexers-1.1.1-py311hecd8cb5_0.conda#cfcce7b3dcf567c058ab46e5b488a777
https://repo.anaconda.com/pkgs/main/noarch/jaraco.classes-3.2.1-pyhd3eb1b0_0.conda#7f47c66b55e92b2724174847703df72f
https://repo.anaconda.com/pkgs/main/osx-64/jaraco.context-6.0.0-py311hecd8cb5_0.conda#befd51e245b6faa13eae1da760f78df2
https://repo.anaconda.com/pkgs/main/osx-64/jaraco.functools-4.1.0-py311hecd8cb5_0.conda#baf5be5f8702d9180181e5461892a2a4
https://repo.anaconda.com/pkgs/main/osx-64/jedi-0.19.2-py311hecd8cb5_0.conda#10217f7b9c6482f186e151f4cb131f5e
https://repo.anaconda.com/pkgs/main/osx-64/jinja2-3.1.6-py311hecd8cb5_0.conda#9678fdc6e5416b91de11b0e3d536ef4d
https://repo.anaconda.com/pkgs/main/osx-64/jupyter_core-5.8.1-py311hecd8cb5_0.conda#70513587ea22923e682367175e91cfea
https://repo.anaconda.com/pkgs/main/osx-64/libthrift-0.15.0-h70b4b81_2.conda#452521fed28d5664842652bd060ba262
https://repo.anaconda.com/pkgs/main/osx-64/matplotlib-inline-0.1.6-py311hecd8cb5_0.conda#6818ff7e3dce1cff40b362f34947cb9e
https://conda.anaconda.org/conda-forge/noarch/mercantile-1.2.1-pyhd8ed1ab_1.conda#9820756deea38bd213240fd0556d44b8
https://repo.anaconda.com/pkgs/main/osx-64/numpy-2.3.1-py311hc3ad23b_0.conda#29ed96c2907bc814b1ff301f373e08f3
https://repo.anaconda.com/pkgs/main/osx-64/pexpect-4.9.0-py311hecd8cb5_0.conda#0f4ef9d89962e6975d21ab248e91dc18
https://repo.anaconda.com/pkgs/main/noarch/pip-25.3-pyhc872135_0.conda#f713912a259ec613b3832c3bc842e9d4
https://conda.anaconda.org/conda-forge/noarch/prompt-toolkit-3.0.52-pyha770c72_0.conda#edb16f14d920fb3faf17f5ce582942d6
https://repo.anaconda.com/pkgs/main/osx-64/psygnal-0.12.0-py311hecd8cb5_0.conda#f7468a853d30b473819d419f6f99763f
https://repo.anaconda.com/pkgs/main/osx-64/python-build-1.2.2.post1-py311hecd8cb5_0.conda#f035b9d4292633ffacda0c998a00133b
https://repo.anaconda.com/pkgs/main/osx-64/python-dateutil-2.9.0post0-py311hecd8cb5_2.conda#79faf750ec76757e8f0d748be14d2cfb
https://repo.anaconda.com/pkgs/main/osx-64/referencing-0.30.2-py311hecd8cb5_0.conda#e2dbcac33ecc8ada32b4d89f74020a36
https://repo.anaconda.com/pkgs/main/osx-64/ruamel.yaml-0.18.10-py311h46256e1_0.conda#166961528fdd7745bef6cdb3f4e60cdd
https://repo.anaconda.com/pkgs/main/noarch/stack_data-0.2.0-pyhd3eb1b0_0.conda#6212968e73726f6da42e5ffcd2bea92d
https://repo.anaconda.com/pkgs/main/osx-64/typing-extensions-4.12.2-py311hecd8cb5_0.conda#956a3c9ca7e64dd03cd890db29ba7872
https://repo.anaconda.com/pkgs/main/osx-64/typing-inspection-0.4.0-py311hecd8cb5_0.conda#2aa8d7dd6388921b9d92fcc684b91ad1
https://repo.anaconda.com/pkgs/main/osx-64/virtualenv-20.28.0-py311hecd8cb5_0.conda#1821960b14cfd656eb55588db12b34d2
https://conda.anaconda.org/conda-forge/osx-64/vl-convert-python-1.8.0-py311hf197a57_1.conda#e195a0d2c040b804e935df9c5b6c3d2d
https://repo.anaconda.com/pkgs/main/osx-64/aws-sdk-cpp-1.11.528-he026a02_1.conda#ffed9091295ef5ca547fc4bef23f39f9
https://repo.anaconda.com/pkgs/main/osx-64/bottleneck-1.4.2-py311h9b7fc35_0.conda#5993a915256ebcc62eaa81e47e89a253
https://repo.anaconda.com/pkgs/main/osx-64/brotlicffi-1.0.9.2-py311h6d0c2b6_1.conda#f9958b5ef8d4111004f076cef0860382
https://repo.anaconda.com/pkgs/main/osx-64/gitpython-3.1.43-py311hecd8cb5_0.conda#3cd1da13a28d1d3d9ceca02c7a133043
https://repo.anaconda.com/pkgs/main/osx-64/jsonschema-specifications-2023.7.1-py311hecd8cb5_0.conda#71312c0abb78faaa206e1c634d60ba2a
https://repo.anaconda.com/pkgs/main/osx-64/jupyter_client-8.6.3-py311hecd8cb5_0.conda#adf59f9d03cb437b2a5bdfdc65973957
https://repo.anaconda.com/pkgs/main/osx-64/keyring-25.6.0-py311hecd8cb5_0.conda#bb23546360f8b85f476b1853f558afc1
https://repo.anaconda.com/pkgs/main/osx-64/numexpr-2.11.0-py311h20bc273_0.conda#dddf672682e7169df29cc14b020e378c
https://repo.anaconda.com/pkgs/main/noarch/prompt_toolkit-3.0.52-hd3eb1b0_1.conda#446203e5c534c79b7f50c217c76dd460
https://repo.anaconda.com/pkgs/main/osx-64/pydantic-core-2.33.2-py311hb0c8e1d_0.conda#1af6845e64c4c989a9598f01bd11e417
https://conda.anaconda.org/conda-forge/osx-64/vegafusion-2.0.2-py311hbcfc4b0_1.conda#f05deeab0c659bb6c178acbffd5b5cb0
https://repo.anaconda.com/pkgs/main/osx-64/xattr-1.1.4-py311h46256e1_0.conda#20d937c06ceeb78e9c576bf3d8c6df14
https://repo.anaconda.com/pkgs/main/osx-64/zstandard-0.23.0-py311h5bcdf72_1.conda#f6ce6523eda5f290786abd3b6bba5e20
https://repo.anaconda.com/pkgs/main/osx-64/arrow-cpp-19.0.0-hb704434_4.conda#7650eaacffe3588176bd8cb832466720
https://repo.anaconda.com/pkgs/main/osx-64/ipython-9.1.0-py311hecd8cb5_0.conda#8a74718d5706b0ac7a63ccf61db25160
https://repo.anaconda.com/pkgs/main/osx-64/jsonschema-4.25.0-py311hecd8cb5_0.conda#216a097ad0381819619df4fc2703d66d
https://repo.anaconda.com/pkgs/main/osx-64/pandas-2.3.1-py311hebe84f7_0.conda#4f50e139bcce57a108e1f833b43d367d
https://repo.anaconda.com/pkgs/main/osx-64/pydantic-2.11.7-py311hecd8cb5_0.conda#fd971aff035e6efbdb9b7ab19bd007ad
https://repo.anaconda.com/pkgs/main/osx-64/urllib3-2.5.0-py311hecd8cb5_0.conda#162c795931cdf5fe72d4dfd3dc848bb9
https://conda.anaconda.org/conda-forge/noarch/altair-5.5.0-pyhd8ed1ab_1.conda#e54e67e5aea7288ba110cf685252f599
https://repo.anaconda.com/pkgs/main/osx-64/dulwich-0.22.7-py311h83de92b_0.conda#c182c0393077632e64e537874e7fabcf
https://repo.anaconda.com/pkgs/main/osx-64/ipykernel-6.29.5-py311hecd8cb5_1.conda#6419d1e4375bd1af95c20913fbbd5802
https://repo.anaconda.com/pkgs/main/osx-64/ipywidgets-8.1.5-py311hecd8cb5_0.conda#118f33f0874f46711bde2b3f61058a05
https://repo.anaconda.com/pkgs/main/osx-64/pyarrow-19.0.0-py311h6d0c2b6_1.conda#b5f864d156fee20930a288740a7570ff
https://repo.anaconda.com/pkgs/main/osx-64/requests-2.32.4-py311hecd8cb5_0.conda#41faa950cd962472fabb06f636f18cd2
https://conda.anaconda.org/conda-forge/noarch/altair_tiles-0.4.0-pyhd8ed1ab_0.conda#591c8aed9f840a2a17202f2b9f93329b
https://repo.anaconda.com/pkgs/main/osx-64/anywidget-0.9.18-py311hecd8cb5_0.conda#811fd77969c0212ae2a8577347b501e7
https://repo.anaconda.com/pkgs/main/osx-64/cachecontrol-0.14.0-py311hecd8cb5_1.conda#150b27325ba1df25f3dc3a8d540c4490
https://repo.anaconda.com/pkgs/main/osx-64/ensureconda-1.4.7-py311hecd8cb5_0.conda#7041322d351818e1f6c62c6dc4e8faa9
https://repo.anaconda.com/pkgs/main/osx-64/requests-toolbelt-1.0.0-py311hecd8cb5_0.conda#f9738fafc07782f00d76e07d65bc8eb5
https://conda.anaconda.org/conda-forge/noarch/altair-all-5.5.0-pyhd8ed1ab_1.conda#d73d86467c972d96696fe122aff9e418
https://repo.anaconda.com/pkgs/main/osx-64/cachecontrol-with-filecache-0.14.0-py311hecd8cb5_1.conda#c34e8bba1e39eba437119d27d4dc8e50
https://repo.anaconda.com/pkgs/main/osx-64/conda-lock-3.0.4-py311hecd8cb5_0.conda#2081b7e3bedd7d772e3b97778bc7fc1e
