# Generated by conda-lock.
# platform: win-64
# input_hash: 5b9027ffa20353253efd618d4bf026d42d8551d813cea5ba5fc706ea9d981edb
@EXPLICIT
https://repo.anaconda.com/pkgs/main/win-64/blas-1.0-mkl.conda#29c8be9152b7cbf29578794154d2408f
https://repo.anaconda.com/pkgs/main/win-64/ca-certificates-2025.11.4-haa95532_0.conda#4334b57f16e8db7cbb13362f35033757
https://repo.anaconda.com/pkgs/main/win-64/intel-openmp-2025.0.0-haa95532_1164.conda#0de719e142529193adea7a7757e403df
https://repo.anaconda.com/pkgs/main/noarch/tzdata-2025b-h04d1e81_0.conda#1d027393db3427ab22a02aa44a56f143
https://repo.anaconda.com/pkgs/main/win-64/ucrt-10.0.22621.0-haa95532_0.conda#15e1b10231d7d236520501fcfb440f31
https://repo.anaconda.com/pkgs/main/win-64/vc14_runtime-14.44.35208-h4927774_10.conda#13296ea2847729c01c316b089cb28337
https://repo.anaconda.com/pkgs/main/win-64/vc-14.3-h2df5915_10.conda#064c529f6f598fb2225446f76687a170
https://repo.anaconda.com/pkgs/main/win-64/vs2015_runtime-14.44.35208-ha6b5a95_10.conda#58665d8e606897afb52a202669673c40
https://repo.anaconda.com/pkgs/main/win-64/aws-c-common-0.12.4-h02ab6af_0.conda#0db4978babc1a7b1d358cb1bdccb0d68
https://repo.anaconda.com/pkgs/main/win-64/bzip2-1.0.8-h2bbff1b_6.conda#33e784123d565c38e68945f07b461282
https://repo.anaconda.com/pkgs/main/win-64/c-ares-1.34.5-h731ff69_0.conda#3c00024e1a72786537aafcc3704e15a7
https://repo.anaconda.com/pkgs/main/win-64/expat-2.7.3-h9214b88_0.conda#d5ea5838bd330f5b85ee7b4855ac864c
https://repo.anaconda.com/pkgs/main/win-64/gflags-2.2.2-hd77b12b_1.conda#32176ec42845b89f52d7ef6c55030316
https://repo.anaconda.com/pkgs/main/win-64/libabseil-20250127.0-cxx17_h52369b4_0.conda#e8f2ce275d89a95e7253b08bbc59f39b
https://repo.anaconda.com/pkgs/main/win-64/libbrotlicommon-1.0.9-h827c3e9_9.conda#49e656fbcd9d85dd16740519842cdd42
https://repo.anaconda.com/pkgs/main/win-64/libffi-3.4.4-hd77b12b_1.conda#9807b377e11739ae3e920e10e607e460
https://repo.anaconda.com/pkgs/main/win-64/libsodium-1.0.20-h83e8143_0.conda#a2d988487e21b03ba9e81ea62f7b176a
https://repo.anaconda.com/pkgs/main/win-64/libzlib-1.3.1-h02ab6af_0.conda#1e313539489432d5edd44efbec8a4d53
https://repo.anaconda.com/pkgs/main/win-64/lz4-c-1.9.4-h2bbff1b_1.conda#723e3ccd4ef7c58ddbfeebe69abff662
https://repo.anaconda.com/pkgs/main/win-64/openssl-3.0.18-h543e019_0.conda#d68f698bb2e9ea94b2db5b6d00b3eae5
https://repo.anaconda.com/pkgs/main/win-64/snappy-1.2.1-hcdb6601_0.conda#b7133f63b981e65f199cc15b0faec196
https://repo.anaconda.com/pkgs/main/win-64/sqlite-3.51.0-hda9a48d_0.conda#84ab41899e5cf15f983255366b6e2d8e
https://repo.anaconda.com/pkgs/main/win-64/tbb-2022.0.0-h214f63a_0.conda#2c07cbaecbb2d7149e70844e9a4490d5
https://repo.anaconda.com/pkgs/main/win-64/utf8proc-2.6.1-h2bbff1b_1.conda#40018abfee1b87a22eb5dd705ef45f8c
https://repo.anaconda.com/pkgs/main/win-64/xz-5.6.4-h4754444_1.conda#6036999a3a2c7a3e3739d6b9351fcb0b
https://repo.anaconda.com/pkgs/main/win-64/yaml-0.2.5-he774522_0.conda#959a63017c520ef9d345bd82ab344e3e
https://repo.anaconda.com/pkgs/main/win-64/aws-c-cal-0.9.2-h02ab6af_1.conda#dbd3d67c98edf4a80a7c08a8daedb1eb
https://repo.anaconda.com/pkgs/main/win-64/aws-c-compression-0.3.1-h02ab6af_2.conda#dc6792f025258b29f4ee7d3d59e33864
https://repo.anaconda.com/pkgs/main/win-64/aws-c-sdkutils-0.2.4-h02ab6af_1.conda#6037a2c959a44b43f7e255fdcf874988
https://repo.anaconda.com/pkgs/main/win-64/aws-checksums-0.2.7-h02ab6af_1.conda#d6cd3e971ba9c1a56270952b8b2be528
https://repo.anaconda.com/pkgs/main/win-64/glog-0.5.0-hd77b12b_1.conda#308b9011cc68360c32f7cc7bce90b86d
https://repo.anaconda.com/pkgs/main/win-64/libbrotlidec-1.0.9-h827c3e9_9.conda#f2d82d5f87f998fe99560dc0605a7b51
https://repo.anaconda.com/pkgs/main/win-64/libbrotlienc-1.0.9-h827c3e9_9.conda#9658fa5e5351c057732e6bc01a53bd61
https://repo.anaconda.com/pkgs/main/win-64/libre2-11-2024.07.02-h5da7b33_0.conda#80a7c284389432a678edba91ff3a8889
https://repo.anaconda.com/pkgs/main/win-64/tbb-devel-2022.0.0-h214f63a_0.conda#2922c9f8b516a122423391ae86d3a2ff
https://repo.anaconda.com/pkgs/main/win-64/zeromq-4.3.5-h6c54ac7_1.conda#6c15d142a27a8370ecb05ca339383a39
https://repo.anaconda.com/pkgs/main/win-64/zlib-1.3.1-h02ab6af_0.conda#4db9b3fbefe915ffb9eef8c812a98c6a
https://repo.anaconda.com/pkgs/main/win-64/zstd-1.5.7-h56299aa_0.conda#fd829528313216f62505dd7a281230ea
https://repo.anaconda.com/pkgs/main/win-64/aws-c-io-0.21.4-h02ab6af_0.conda#2510b3e274910709154ce6e15e700ec6
https://repo.anaconda.com/pkgs/main/win-64/libprotobuf-5.29.3-h65a231f_1.conda#0aef3632c70ecbab27309e75806cfd63
https://repo.anaconda.com/pkgs/main/win-64/libssh2-1.11.1-h2addb87_0.conda#d8ae56ee95db60cbd5f8f8ff63ed1f63
https://repo.anaconda.com/pkgs/main/win-64/libthrift-0.22.0-ha2884a9_0.conda#005191b646c8c50fa0ba9840141491fc
https://repo.anaconda.com/pkgs/main/win-64/mkl-2025.0.0-h5da7b33_930.conda#5db306ae419bcdc1f4c2d3ee71d364b4
https://repo.anaconda.com/pkgs/main/win-64/re2-2024.07.02-h214f63a_0.conda#8e3b50f48d1a244d4865ceed6073fc22
https://repo.anaconda.com/pkgs/main/win-64/tk-8.6.15-hf199647_0.conda#ddff7b6a72958ef802f40a735e505474
https://repo.anaconda.com/pkgs/main/win-64/aws-c-event-stream-0.5.6-h02ab6af_0.conda#1aee38f2981280321aea79a4d63af9da
https://repo.anaconda.com/pkgs/main/win-64/aws-c-http-0.10.4-h02ab6af_0.conda#d8f41e0b23097980e79e45c9a6ebe329
https://repo.anaconda.com/pkgs/main/win-64/libcurl-8.16.0-h97e0424_0.conda#0bef7b6ad788602c33ad0c46d1b6974e
https://repo.anaconda.com/pkgs/main/win-64/libgrpc-1.71.0-hf4237ab_0.conda#ac25192de58c845684027a6a4ec4f252
https://repo.anaconda.com/pkgs/main/win-64/orc-2.2.0-hf43e1a1_0.conda#751a242cf73676238b865647e8b01a85
https://repo.anaconda.com/pkgs/main/win-64/python-3.11.14-h981015d_0.conda#6422595de1c3a82063f7592f8680330c
https://repo.anaconda.com/pkgs/main/win-64/annotated-types-0.6.0-py311haa95532_1.conda#b9c2b6372e6a65fc2ab4800b514cd66f
https://repo.anaconda.com/pkgs/main/noarch/appdirs-1.4.4-pyhd3eb1b0_0.conda#5673d98d06171cb6eed03a6736845c4d
https://repo.anaconda.com/pkgs/main/win-64/asttokens-3.0.0-py311haa95532_0.conda#552a4df177ecd9b6904dee59b6dc92cd
https://repo.anaconda.com/pkgs/main/win-64/attrs-25.4.0-py311haa95532_2.conda#c17568fd4886d98121b4634aec4933a9
https://repo.anaconda.com/pkgs/main/win-64/aws-c-auth-0.9.0-h02ab6af_2.conda#42bc5165db6dbbbc8815b5140082bcfe
https://repo.anaconda.com/pkgs/main/win-64/aws-c-mqtt-0.13.3-h02ab6af_0.conda#23d8c1ce7cf14d01df9931c87c7e4e59
https://repo.anaconda.com/pkgs/main/win-64/backports.tarfile-1.2.0-py311haa95532_0.conda#5be09005cc70cbd1193578ddce965603
https://repo.anaconda.com/pkgs/main/win-64/boltons-25.0.0-py311haa95532_0.conda#857d3f47f54f645409a9b3810751ca0b
https://repo.anaconda.com/pkgs/main/win-64/certifi-2025.11.12-py311haa95532_0.conda#4ee96b6eb162ad064976d1d23dd7bc4c
https://repo.anaconda.com/pkgs/main/win-64/charset-normalizer-3.4.4-py311haa95532_0.conda#b15036a7522f6440d0743441fc3d0982
https://repo.anaconda.com/pkgs/main/win-64/colorama-0.4.6-py311haa95532_0.conda#55b2cd205f6364edfc2bb8e127bf1452
https://repo.anaconda.com/pkgs/main/win-64/comm-0.2.3-py311haa95532_0.conda#b9a9b6a3f78ad5509a67c19dea86240c
https://repo.anaconda.com/pkgs/main/win-64/crashtest-0.4.1-py311haa95532_1.conda#96e7dc9ea9f408285c940e58cc65fd34
https://repo.anaconda.com/pkgs/main/win-64/debugpy-1.8.16-py311h885b0b7_1.conda#ac61da160724d0784574cef05893b0e5
https://repo.anaconda.com/pkgs/main/win-64/decorator-5.2.1-py311haa95532_0.conda#d2b49ca7497eac965ed83e1ac720863b
https://repo.anaconda.com/pkgs/main/win-64/distlib-0.4.0-py311h02ab6af_0.conda#8244aaa6b2eee5630457ec56c27f4dfd
https://repo.anaconda.com/pkgs/main/win-64/executing-2.2.1-py311haa95532_0.conda#26e978dd4e35c73cc3e4ab8ae204addf
https://repo.anaconda.com/pkgs/main/win-64/filelock-3.20.0-py311haa95532_0.conda#90211b775df2bf0d0ea8566ea8b8d4f1
https://repo.anaconda.com/pkgs/main/win-64/idna-3.11-py311haa95532_0.conda#deb7ae7fd38998ac9dc97acefebbeb6e
https://repo.anaconda.com/pkgs/main/win-64/jupyterlab_widgets-3.0.15-py311haa95532_0.conda#41de260aa90e9cdf005784eb2546c3f0
https://repo.anaconda.com/pkgs/main/win-64/markupsafe-3.0.2-py311h827c3e9_0.conda#4a3c80f77c9516d9b7c1c4b3a114f5d3
https://repo.anaconda.com/pkgs/main/win-64/mkl-service-2.5.2-py311h0b37514_0.conda#7fb9a402ee9cb106846ccdf2604773df
https://repo.anaconda.com/pkgs/main/win-64/more-itertools-10.8.0-py311haa95532_0.conda#f770401dd71765d114b4ba9d53857baa
https://repo.anaconda.com/pkgs/main/win-64/msgpack-python-1.1.1-py311h5da7b33_0.conda#d28f3a0762d56286f455ee2343d4e389
https://repo.anaconda.com/pkgs/main/win-64/narwhals-2.7.0-py311haa95532_0.conda#3180e18728c4792c866ed9637ed3465f
https://repo.anaconda.com/pkgs/main/win-64/nest-asyncio-1.6.0-py311haa95532_0.conda#d18fa038e0fe42f280efb63fc1a148d7
https://repo.anaconda.com/pkgs/main/win-64/packaging-25.0-py311haa95532_1.conda#ba1d8290bae857318a27b3f42fb467f7
https://repo.anaconda.com/pkgs/main/win-64/parso-0.8.5-py311haa95532_0.conda#89443c38abdc3469fb0ca7481958df29
https://repo.anaconda.com/pkgs/main/win-64/pkginfo-1.12.0-py311haa95532_0.conda#42b9bc94ff22de36a090ce14419db925
https://repo.anaconda.com/pkgs/main/win-64/platformdirs-4.5.0-py311haa95532_0.conda#3d56e092f99552d4f0c79ee53eb60953
https://repo.anaconda.com/pkgs/main/win-64/psutil-7.0.0-py311h02ab6af_1.conda#ffd8df0da82e6f80cbbe1c20d14d792f
https://repo.anaconda.com/pkgs/main/win-64/pure_eval-0.2.3-py311haa95532_0.conda#b3fcdebc73326bbca621c42bc2390fbf
https://repo.anaconda.com/pkgs/main/win-64/pycparser-2.23-py311haa95532_0.conda#208512fff4dc790c4330cd70e4ab27b9
https://repo.anaconda.com/pkgs/main/win-64/pygments-2.19.2-py311haa95532_0.conda#23de9e1546b644bcb594fab60af46888
https://repo.anaconda.com/pkgs/main/win-64/pyproject_hooks-1.2.0-py311haa95532_1.conda#2ea10c20e43eb1e1468a20057d298f65
https://repo.anaconda.com/pkgs/main/win-64/python-fastjsonschema-2.21.2-py311haa95532_0.conda#bbc2b5df1b68bd461eac8a33f7b53e15
https://repo.anaconda.com/pkgs/main/noarch/python-installer-0.7.0-pyhd3eb1b0_1.conda#e6e9eebc3f5a566edd993f3de7f21e01
https://repo.anaconda.com/pkgs/main/noarch/python-tzdata-2025.2-pyhd3eb1b0_0.conda#5ac858f05dbf9d3cdb04d53516901247
https://conda.anaconda.org/conda-forge/win-64/python_abi-3.11-2_cp311.tar.bz2#cb157e2642607f3c79240dfe8d95a738
https://repo.anaconda.com/pkgs/main/win-64/pytz-2025.2-py311haa95532_0.conda#1748c65f4ed461d34188e29cb2ab3868
https://repo.anaconda.com/pkgs/main/win-64/pywin32-311-py311h885b0b7_0.conda#6f8c2bc53f9b9ebcdbfe6837e44c0a36
https://repo.anaconda.com/pkgs/main/win-64/pywin32-ctypes-0.2.2-py311haa95532_0.conda#711471e6ba482a0c815cf9554a60b4ee
https://repo.anaconda.com/pkgs/main/win-64/pyyaml-6.0.3-py311hb9a58be_0.conda#eb5b76d2a8c5afc3d442fe945ea6329a
https://repo.anaconda.com/pkgs/main/win-64/pyzmq-27.1.0-py311h7149c55_1.conda#5b85874a9d4cec07d3640bf82dfe1db3
https://repo.anaconda.com/pkgs/main/win-64/rpds-py-0.28.0-py311h114bc41_0.conda#fa551235240c58d0a1bef2dee67ea22b
https://repo.anaconda.com/pkgs/main/win-64/ruamel.yaml.clib-0.2.14-py311hb9a58be_0.conda#f2ce3f1e54e3a4caf9a83eee29a7ea61
https://repo.anaconda.com/pkgs/main/win-64/semver-3.0.4-py311haa95532_0.conda#7a4b31ebf330103816f8f156ebc3462c
https://repo.anaconda.com/pkgs/main/win-64/setuptools-80.9.0-py311haa95532_0.conda#acc891f021ac8e72290fa39d8c0b9a75
https://repo.anaconda.com/pkgs/main/win-64/shellingham-1.5.4-py311haa95532_0.conda#097f179a3b75e1a067e4da5d5904bc6f
https://repo.anaconda.com/pkgs/main/win-64/six-1.17.0-py311haa95532_0.conda#67a1b7d73a9a62e78d81e2968772525c
https://repo.anaconda.com/pkgs/main/win-64/smmap-5.0.2-py311haa95532_0.conda#bf2c472b5c18140f29399b5dcd2f7ccd
https://repo.anaconda.com/pkgs/main/win-64/tomlkit-0.13.3-py311haa95532_0.conda#719101228efc36883aab7c526d9be543
https://repo.anaconda.com/pkgs/main/win-64/tornado-6.5.1-py311h827c3e9_0.conda#b55aeae14b5d925b7132b7fc892e385b
https://repo.anaconda.com/pkgs/main/win-64/traitlets-5.14.3-py311haa95532_0.conda#ba93062871696b9972871301ddd84772
https://repo.anaconda.com/pkgs/main/win-64/trove-classifiers-2025.5.9.12-py311haa95532_0.conda#5cfa332a6cac9ee9b9447f204992cd4c
https://repo.anaconda.com/pkgs/main/win-64/typing_extensions-4.15.0-py311haa95532_0.conda#ce803a03dfc2ae520b167fe06e6af51b
https://repo.anaconda.com/pkgs/main/win-64/wcwidth-0.2.13-py311haa95532_0.conda#4f814a3da8abafbb05010409f42bd6a0
https://repo.anaconda.com/pkgs/main/win-64/wheel-0.45.1-py311haa95532_0.conda#cc27727e2d2e0b0ed1df7224fd9ebc7f
https://repo.anaconda.com/pkgs/main/win-64/widgetsnbextension-4.0.14-py311haa95532_0.conda#fe7bda211cb1cf2df300ce2aa8f270cc
https://repo.anaconda.com/pkgs/main/win-64/win_inet_pton-1.1.0-py311haa95532_1.conda#18b1e28843625c516c8d542afe0ea871
https://repo.anaconda.com/pkgs/main/win-64/wrapt-1.17.0-py311h827c3e9_0.conda#b9fd1f054b8a5e85551cb91df513a217
https://repo.anaconda.com/pkgs/main/win-64/xyzservices-2025.4.0-py311haa95532_0.conda#5eab0af26fb2ee1b2a1844277b921750
https://repo.anaconda.com/pkgs/main/win-64/zipp-3.23.0-py311haa95532_0.conda#db49f14e0055cb9b2bfa8d6dbcc15eda
https://conda.anaconda.org/conda-forge/win-64/arro3-core-0.6.5-py311h18438d6_0.conda#7cc013dd91dce0e67580277746d73641
https://repo.anaconda.com/pkgs/main/win-64/aws-c-s3-0.8.7-h02ab6af_0.conda#6f5bdd10efa6eb9b4ea844d54221ff2e
https://repo.anaconda.com/pkgs/main/win-64/cffi-2.0.0-py311h02ab6af_1.conda#3bf1c5ca3c0275d36a042399f147616b
https://repo.anaconda.com/pkgs/main/win-64/click-8.2.1-py311haa95532_0.conda#d5acb8bde7e8cd59483a99c8185686c4
https://repo.anaconda.com/pkgs/main/win-64/gitdb-4.0.12-py311haa95532_0.conda#da7f9a2fe083c6f8ab004532f7ea3965
https://repo.anaconda.com/pkgs/main/win-64/importlib-metadata-8.7.0-py311haa95532_0.conda#6a9237745a0df79f43785dfeb44e0c4c
https://repo.anaconda.com/pkgs/main/win-64/ipython_pygments_lexers-1.1.1-py311haa95532_0.conda#3a21a099ac9ad6df53fb55aea808af99
https://repo.anaconda.com/pkgs/main/win-64/jaraco.classes-3.4.0-py311haa95532_0.conda#9527a8a7d118cce55b797ed8a6f871b2
https://repo.anaconda.com/pkgs/main/win-64/jaraco.context-6.0.0-py311haa95532_0.conda#afefa1991d308953595e9918da139ca0
https://repo.anaconda.com/pkgs/main/win-64/jaraco.functools-4.1.0-py311haa95532_0.conda#c874f74f44560dcb8061ead86372371a
https://repo.anaconda.com/pkgs/main/win-64/jedi-0.19.2-py311haa95532_0.conda#c31ea8663f9e9b8584be98bde75b3ad1
https://repo.anaconda.com/pkgs/main/win-64/jinja2-3.1.6-py311haa95532_0.conda#4e145e1436e354efbf75a70a01415cdb
https://repo.anaconda.com/pkgs/main/win-64/jupyter_core-5.8.1-py311haa95532_0.conda#373215c77108df2174b2e2423d1ee7fa
https://repo.anaconda.com/pkgs/main/win-64/matplotlib-inline-0.2.1-py311haa95532_0.conda#0ed960588621038fe51deaaeaf6a8f58
https://repo.anaconda.com/pkgs/main/win-64/numpy-base-2.3.5-py311h1e017a8_0.conda#ac28b50fd3f300351c961c69500bec82
https://repo.anaconda.com/pkgs/main/noarch/pip-25.3-pyhc872135_0.conda#f713912a259ec613b3832c3bc842e9d4
https://repo.anaconda.com/pkgs/main/win-64/prompt-toolkit-3.0.52-py311haa95532_1.conda#973f401c19842ff876d117ef0c1772f1
https://repo.anaconda.com/pkgs/main/win-64/psygnal-0.12.0-py311haa95532_0.conda#0c18c6c33119cb86baec8969189a90ac
https://repo.anaconda.com/pkgs/main/win-64/pysocks-1.7.1-py311haa95532_1.conda#7438fe61eb41dcecce5e8fce8f92f4fb
https://repo.anaconda.com/pkgs/main/win-64/python-build-1.3.0-py311haa95532_1.conda#003a487fd4de67d2b9fe0268363c8444
https://repo.anaconda.com/pkgs/main/win-64/python-dateutil-2.9.0post0-py311haa95532_2.conda#e1bbb9d79c60bc85a90ae47babd8478b
https://repo.anaconda.com/pkgs/main/win-64/referencing-0.37.0-py311haa95532_0.conda#4a53b02e7dee5fdebca6f8efbefcd6be
https://repo.anaconda.com/pkgs/main/win-64/ruamel.yaml-0.18.16-py311hb9a58be_0.conda#00898b911488ac2926c25e50778a2e3e
https://repo.anaconda.com/pkgs/main/win-64/stack_data-0.6.3-py311haa95532_0.conda#1337650e7c22ba4c76c6ce70c2af4682
https://repo.anaconda.com/pkgs/main/win-64/typing-extensions-4.15.0-py311haa95532_0.conda#b04c2c6003185b885ecd218e42cc7713
https://repo.anaconda.com/pkgs/main/win-64/typing-inspection-0.4.2-py311haa95532_0.conda#61b4a6f36baba6f5fb616721d7afd6d7
https://repo.anaconda.com/pkgs/main/win-64/virtualenv-20.28.0-py311haa95532_0.conda#bc9cadf68fece593b73abf4ae694fb9a
https://conda.anaconda.org/conda-forge/win-64/vl-convert-python-1.8.0-py311h7b6d46a_1.conda#2a6a5f34d46ade18ecb1db73c603f20f
https://repo.anaconda.com/pkgs/main/win-64/aws-crt-cpp-0.34.0-h885b0b7_0.conda#f1290113790189b7b265d9c4fe329bdc
https://repo.anaconda.com/pkgs/main/win-64/brotlicffi-1.1.0.0-py311h885b0b7_0.conda#81381d223b862e8d73e9d860accfd7df
https://repo.anaconda.com/pkgs/main/win-64/click-default-group-1.2.2-py311haa95532_0.conda#87672caaf8b9b81644c6d85b4f17a472
https://repo.anaconda.com/pkgs/main/win-64/gitpython-3.1.45-py311haa95532_0.conda#09d618f2aa28d5ee7e667c206dd00258
https://repo.anaconda.com/pkgs/main/win-64/jsonschema-specifications-2025.9.1-py311haa95532_0.conda#bbf634e4218cbc2338cc417b354ff5bd
https://repo.anaconda.com/pkgs/main/win-64/jupyter_client-8.6.3-py311haa95532_1.conda#e2455f73bbd6c94521329fc3791678ae
https://repo.anaconda.com/pkgs/main/win-64/keyring-25.7.0-py311haa95532_0.conda#dc98de986ea4e6cf2da5513d1ad7b73d
https://conda.anaconda.org/conda-forge/noarch/mercantile-1.2.1-pyhd8ed1ab_1.conda#9820756deea38bd213240fd0556d44b8
https://repo.anaconda.com/pkgs/main/noarch/prompt_toolkit-3.0.52-hd3eb1b0_1.conda#446203e5c534c79b7f50c217c76dd460
https://repo.anaconda.com/pkgs/main/win-64/pydantic-core-2.41.5-py311h114bc41_1.conda#ae5c06baa5b15b074273e310da741767
https://conda.anaconda.org/conda-forge/win-64/vegafusion-2.0.3-py311h0c8fe16_0.conda#d082f00bc51792a74c2a72498dcd139f
https://repo.anaconda.com/pkgs/main/win-64/zstandard-0.24.0-py311he335c29_0.conda#c6ec54386b931353f08dce03c4d20435
https://repo.anaconda.com/pkgs/main/win-64/aws-sdk-cpp-1.11.638-hf0af688_0.conda#4e9fe5df170b826df485aa695593fee3
https://repo.anaconda.com/pkgs/main/win-64/ipython-9.7.0-py311haa95532_0.conda#fd74b7265895921675f9f39fd65ffaca
https://repo.anaconda.com/pkgs/main/win-64/jsonschema-4.25.0-py311haa95532_1.conda#4e80da8d7405c59c251547ad513c3082
https://repo.anaconda.com/pkgs/main/win-64/pydantic-2.12.4-py311haa95532_0.conda#7d94ade38866c29a4add770e8c130a36
https://repo.anaconda.com/pkgs/main/win-64/urllib3-2.5.0-py311haa95532_0.conda#b3be00ad5fa388b056c572fb9e76eebc
https://conda.anaconda.org/conda-forge/noarch/altair-6.0.0-pyhd8ed1ab_1.conda#36a31df7e76e845fb87f8d0a2c8c5ebf
https://repo.anaconda.com/pkgs/main/win-64/arrow-cpp-21.0.0-h6358905_1.conda#6a91ce2ccf0eca5b81d33359ecf03f41
https://repo.anaconda.com/pkgs/main/win-64/dulwich-0.22.7-py311h636fa0f_0.conda#dab93cc9af066e4c9e6d9cb7f58e93b9
https://repo.anaconda.com/pkgs/main/win-64/ipykernel-6.31.0-py311h4442805_0.conda#32fac4f905e1f8b8d2ea17c8ea484034
https://repo.anaconda.com/pkgs/main/win-64/ipywidgets-8.1.7-py311haa95532_0.conda#7d26f822e0f6b1d18c7b6f8b6b3bdbc6
https://repo.anaconda.com/pkgs/main/win-64/requests-2.32.5-py311haa95532_1.conda#8dec2029620f648b33b39d20a91dacc1
https://conda.anaconda.org/conda-forge/noarch/altair_tiles-0.4.0-pyhd8ed1ab_0.conda#591c8aed9f840a2a17202f2b9f93329b
https://repo.anaconda.com/pkgs/main/win-64/anywidget-0.9.18-py311haa95532_0.conda#5f96f69a82c4b207bec2462634e8ff6d
https://repo.anaconda.com/pkgs/main/win-64/cachecontrol-0.14.3-py311haa95532_0.conda#614881e73287b13a3855ade1b1a74309
https://repo.anaconda.com/pkgs/main/win-64/ensureconda-1.4.7-py311haa95532_0.conda#0f8f79f30bb7993e5ef6957bb769645e
https://repo.anaconda.com/pkgs/main/win-64/pyarrow-21.0.0-py311ha5e6156_0.conda#e7bf710acf8ba959ecbb11814a482d99
https://repo.anaconda.com/pkgs/main/win-64/requests-toolbelt-1.0.0-py311haa95532_0.conda#4f7bc9ba1affd4f1c9708d84ba657f31
https://repo.anaconda.com/pkgs/main/win-64/cachecontrol-with-filecache-0.14.3-py311haa95532_0.conda#93217e7f798145d27ddd873f8846bf16
https://repo.anaconda.com/pkgs/main/win-64/conda-lock-3.0.4-py311haa95532_0.conda#4d3319cc50bc379bfe914ef38b9030f2
https://conda.anaconda.org/conda-forge/noarch/altair-all-6.0.0-pyhd8ed1ab_1.conda#db4632b92abbe3a64580dc7887898356
https://repo.anaconda.com/pkgs/main/win-64/bottleneck-1.4.2-py311h540bb41_1.conda#781ce71f4918be566a4212ac1d0788f1
https://repo.anaconda.com/pkgs/main/win-64/mkl_fft-2.1.1-py311h300f80d_0.conda#5b26c5f6d43bbec20090adbb56fef7ff
https://repo.anaconda.com/pkgs/main/win-64/mkl_random-1.3.0-py311ha5e6156_0.conda#106c2043b22f0829afec39e3298d4c2c
https://repo.anaconda.com/pkgs/main/win-64/numpy-2.3.5-py311h050da96_0.conda#04fa7e450858a7f0afe01f3a8ce3f350
https://repo.anaconda.com/pkgs/main/win-64/numexpr-2.14.1-py311h7660c64_0.conda#39bfa25e0a7c3a202080be0d2ccfdc43
https://repo.anaconda.com/pkgs/main/win-64/pandas-2.3.3-py311h42c1672_1.conda#13a217e094fffb4b9972bbfa9b4c39ed
